// !$*UTF8*$!
{
	archiveVersion = 1;
	classes = {
	};
	objectVersion = 46;
	objects = {

/* Begin PBXBuildFile section */
		F619BDA91C4CE78100F87F50 /* XMPPTestCase.m in Sources */ = {isa = PBXBuildFile; fileRef = F619BDA81C4CE78100F87F50 /* XMPPTestCase.m */; };
		F619BDAA1C4CE78100F87F50 /* XMPPTestCase.m in Sources */ = {isa = PBXBuildFile; fileRef = F619BDA81C4CE78100F87F50 /* XMPPTestCase.m */; };
		F619BDAC1C4CF28000F87F50 /* XMPPJIDTests.m in Sources */ = {isa = PBXBuildFile; fileRef = F619BDAB1C4CF28000F87F50 /* XMPPJIDTests.m */; };
		F619BDAD1C4CF28000F87F50 /* XMPPJIDTests.m in Sources */ = {isa = PBXBuildFile; fileRef = F619BDAB1C4CF28000F87F50 /* XMPPJIDTests.m */; };
		F619BDB01C4CF2B900F87F50 /* XMPPJID.h in Headers */ = {isa = PBXBuildFile; fileRef = F619BDAE1C4CF2B900F87F50 /* XMPPJID.h */; settings = {ATTRIBUTES = (Public, ); }; };
		F619BDB11C4CF2B900F87F50 /* XMPPJID.h in Headers */ = {isa = PBXBuildFile; fileRef = F619BDAE1C4CF2B900F87F50 /* XMPPJID.h */; settings = {ATTRIBUTES = (Public, ); }; };
		F619BDB21C4CF2B900F87F50 /* XMPPJID.m in Sources */ = {isa = PBXBuildFile; fileRef = F619BDAF1C4CF2B900F87F50 /* XMPPJID.m */; };
		F619BDB31C4CF2B900F87F50 /* XMPPJID.m in Sources */ = {isa = PBXBuildFile; fileRef = F619BDAF1C4CF2B900F87F50 /* XMPPJID.m */; };
		F619BE0F1C4D323600F87F50 /* CocoaLumberjack.framework in Frameworks */ = {isa = PBXBuildFile; fileRef = F619BE031C4D322600F87F50 /* CocoaLumberjack.framework */; settings = {ATTRIBUTES = (Required, ); }; };
		F619BE101C4D323A00F87F50 /* PureXML.framework in Frameworks */ = {isa = PBXBuildFile; fileRef = F619BE071C4D322600F87F50 /* PureXML.framework */; settings = {ATTRIBUTES = (Required, ); }; };
		F619BE121C4D34C800F87F50 /* OCHamcrest.framework in Frameworks */ = {isa = PBXBuildFile; fileRef = F619BE041C4D322600F87F50 /* OCHamcrest.framework */; };
		F619BE131C4D34C800F87F50 /* OCMockito.framework in Frameworks */ = {isa = PBXBuildFile; fileRef = F619BE051C4D322600F87F50 /* OCMockito.framework */; };
		F619BE141C4D34C800F87F50 /* OHHTTPStubs.framework in Frameworks */ = {isa = PBXBuildFile; fileRef = F619BE061C4D322600F87F50 /* OHHTTPStubs.framework */; };
		F6476A881BE40E3100B0DF82 /* CoreXMPP.h in Headers */ = {isa = PBXBuildFile; fileRef = F6476A871BE40E3100B0DF82 /* CoreXMPP.h */; settings = {ATTRIBUTES = (Public, ); }; };
		F6476A8F1BE40E3100B0DF82 /* CoreXMPP.framework in Frameworks */ = {isa = PBXBuildFile; fileRef = F6476A841BE40E3100B0DF82 /* CoreXMPP.framework */; };
		F6476AAD1BE40E8B00B0DF82 /* CoreXMPP.framework in Frameworks */ = {isa = PBXBuildFile; fileRef = F6476AA31BE40E8B00B0DF82 /* CoreXMPP.framework */; };
		F6476ABA1BE40EAF00B0DF82 /* CoreXMPP.h in Headers */ = {isa = PBXBuildFile; fileRef = F6476A871BE40E3100B0DF82 /* CoreXMPP.h */; settings = {ATTRIBUTES = (Public, ); }; };
		F6476AC11BEA586000B0DF82 /* XMPPStream.h in Headers */ = {isa = PBXBuildFile; fileRef = F6476ABF1BEA586000B0DF82 /* XMPPStream.h */; settings = {ATTRIBUTES = (Public, ); }; };
		F6476AC21BEA586000B0DF82 /* XMPPStream.h in Headers */ = {isa = PBXBuildFile; fileRef = F6476ABF1BEA586000B0DF82 /* XMPPStream.h */; settings = {ATTRIBUTES = (Public, ); }; };
		F6476AC31BEA586000B0DF82 /* XMPPStream.m in Sources */ = {isa = PBXBuildFile; fileRef = F6476AC01BEA586000B0DF82 /* XMPPStream.m */; };
		F6476AC41BEA586000B0DF82 /* XMPPStream.m in Sources */ = {isa = PBXBuildFile; fileRef = F6476AC01BEA586000B0DF82 /* XMPPStream.m */; };
		F6476AC71BEA61C700B0DF82 /* XMPPWebsocketStream.h in Headers */ = {isa = PBXBuildFile; fileRef = F6476AC51BEA61C700B0DF82 /* XMPPWebsocketStream.h */; settings = {ATTRIBUTES = (Public, ); }; };
		F6476AC81BEA61C700B0DF82 /* XMPPWebsocketStream.h in Headers */ = {isa = PBXBuildFile; fileRef = F6476AC51BEA61C700B0DF82 /* XMPPWebsocketStream.h */; settings = {ATTRIBUTES = (Public, ); }; };
		F6476AC91BEA61C700B0DF82 /* XMPPWebsocketStream.m in Sources */ = {isa = PBXBuildFile; fileRef = F6476AC61BEA61C700B0DF82 /* XMPPWebsocketStream.m */; };
		F6476ACA1BEA61C700B0DF82 /* XMPPWebsocketStream.m in Sources */ = {isa = PBXBuildFile; fileRef = F6476AC61BEA61C700B0DF82 /* XMPPWebsocketStream.m */; };
		F6476ACC1BECB31A00B0DF82 /* XMPPWebsocketStreamTests.m in Sources */ = {isa = PBXBuildFile; fileRef = F6476ACB1BECB31A00B0DF82 /* XMPPWebsocketStreamTests.m */; };
		F6476ACD1BECB31A00B0DF82 /* XMPPWebsocketStreamTests.m in Sources */ = {isa = PBXBuildFile; fileRef = F6476ACB1BECB31A00B0DF82 /* XMPPWebsocketStreamTests.m */; };
		F68413D31C4D4A63009B37BE /* CocoaLumberjack.framework in CopyFiles */ = {isa = PBXBuildFile; fileRef = F619BE031C4D322600F87F50 /* CocoaLumberjack.framework */; settings = {ATTRIBUTES = (CodeSignOnCopy, RemoveHeadersOnCopy, ); }; };
		F68413D41C4D4A63009B37BE /* OCHamcrest.framework in CopyFiles */ = {isa = PBXBuildFile; fileRef = F619BE041C4D322600F87F50 /* OCHamcrest.framework */; settings = {ATTRIBUTES = (CodeSignOnCopy, RemoveHeadersOnCopy, ); }; };
		F68413D51C4D4A63009B37BE /* OCMockito.framework in CopyFiles */ = {isa = PBXBuildFile; fileRef = F619BE051C4D322600F87F50 /* OCMockito.framework */; settings = {ATTRIBUTES = (CodeSignOnCopy, RemoveHeadersOnCopy, ); }; };
		F68413D61C4D4A63009B37BE /* OHHTTPStubs.framework in CopyFiles */ = {isa = PBXBuildFile; fileRef = F619BE061C4D322600F87F50 /* OHHTTPStubs.framework */; settings = {ATTRIBUTES = (CodeSignOnCopy, RemoveHeadersOnCopy, ); }; };
		F68413DA1C4D5115009B37BE /* SocketRocket.framework in Frameworks */ = {isa = PBXBuildFile; fileRef = F68413D91C4D510F009B37BE /* SocketRocket.framework */; settings = {ATTRIBUTES = (Required, ); }; };
		F68413DB1C4D5123009B37BE /* SocketRocket.framework in CopyFiles */ = {isa = PBXBuildFile; fileRef = F68413D91C4D510F009B37BE /* SocketRocket.framework */; settings = {ATTRIBUTES = (CodeSignOnCopy, RemoveHeadersOnCopy, ); }; };
		F68413EE1C4D7FDA009B37BE /* OCHamcrest.framework in Frameworks */ = {isa = PBXBuildFile; fileRef = F68413EB1C4D7FDA009B37BE /* OCHamcrest.framework */; };
		F68413EF1C4D7FDA009B37BE /* OCMockito.framework in Frameworks */ = {isa = PBXBuildFile; fileRef = F68413EC1C4D7FDA009B37BE /* OCMockito.framework */; };
		F68413F01C4D7FDA009B37BE /* OHHTTPStubs.framework in Frameworks */ = {isa = PBXBuildFile; fileRef = F68413ED1C4D7FDA009B37BE /* OHHTTPStubs.framework */; };
		F68413F31C4D80E6009B37BE /* PureXML.framework in CopyFiles */ = {isa = PBXBuildFile; fileRef = F619BE071C4D322600F87F50 /* PureXML.framework */; settings = {ATTRIBUTES = (CodeSignOnCopy, RemoveHeadersOnCopy, ); }; };
		F68413F41C4D826D009B37BE /* PureXML.framework in Frameworks */ = {isa = PBXBuildFile; fileRef = F68413E51C4D7FB8009B37BE /* PureXML.framework */; };
		F68413F51C4D826D009B37BE /* SocketRocket.framework in Frameworks */ = {isa = PBXBuildFile; fileRef = F68413E61C4D7FB8009B37BE /* SocketRocket.framework */; };
		F68413F61C4D826D009B37BE /* CocoaLumberjack.framework in Frameworks */ = {isa = PBXBuildFile; fileRef = F68413E41C4D7FB8009B37BE /* CocoaLumberjack.framework */; };
		F68414171C4EA558009B37BE /* XMPPModule.h in Headers */ = {isa = PBXBuildFile; fileRef = F68414151C4EA558009B37BE /* XMPPModule.h */; settings = {ATTRIBUTES = (Public, ); }; };
		F68414181C4EA558009B37BE /* XMPPModule.h in Headers */ = {isa = PBXBuildFile; fileRef = F68414151C4EA558009B37BE /* XMPPModule.h */; settings = {ATTRIBUTES = (Public, ); }; };
		F68414191C4EA558009B37BE /* XMPPModule.m in Sources */ = {isa = PBXBuildFile; fileRef = F68414161C4EA558009B37BE /* XMPPModule.m */; };
		F684141A1C4EA558009B37BE /* XMPPModule.m in Sources */ = {isa = PBXBuildFile; fileRef = F68414161C4EA558009B37BE /* XMPPModule.m */; };
		F68414201C4ED835009B37BE /* XMPPDispatcher.h in Headers */ = {isa = PBXBuildFile; fileRef = F684141E1C4ED835009B37BE /* XMPPDispatcher.h */; settings = {ATTRIBUTES = (Public, ); }; };
		F68414211C4ED835009B37BE /* XMPPDispatcher.h in Headers */ = {isa = PBXBuildFile; fileRef = F684141E1C4ED835009B37BE /* XMPPDispatcher.h */; settings = {ATTRIBUTES = (Public, ); }; };
		F68414221C4ED835009B37BE /* XMPPDispatcher.m in Sources */ = {isa = PBXBuildFile; fileRef = F684141F1C4ED835009B37BE /* XMPPDispatcher.m */; };
		F68414231C4ED835009B37BE /* XMPPDispatcher.m in Sources */ = {isa = PBXBuildFile; fileRef = F684141F1C4ED835009B37BE /* XMPPDispatcher.m */; };
		F68414261C4F837C009B37BE /* XMPPDispatcherTests.m in Sources */ = {isa = PBXBuildFile; fileRef = F68414251C4F837C009B37BE /* XMPPDispatcherTests.m */; };
		F68414271C4F837C009B37BE /* XMPPDispatcherTests.m in Sources */ = {isa = PBXBuildFile; fileRef = F68414251C4F837C009B37BE /* XMPPDispatcherTests.m */; };
		F684142A1C4F842D009B37BE /* XMPPModuleStub.m in Sources */ = {isa = PBXBuildFile; fileRef = F68414291C4F842D009B37BE /* XMPPModuleStub.m */; };
		F684142B1C4F842D009B37BE /* XMPPModuleStub.m in Sources */ = {isa = PBXBuildFile; fileRef = F68414291C4F842D009B37BE /* XMPPModuleStub.m */; };
		F684142E1C4F9F9D009B37BE /* XMPPConnectionStub.m in Sources */ = {isa = PBXBuildFile; fileRef = F684142D1C4F9F9D009B37BE /* XMPPConnectionStub.m */; };
		F684142F1C4F9F9D009B37BE /* XMPPConnectionStub.m in Sources */ = {isa = PBXBuildFile; fileRef = F684142D1C4F9F9D009B37BE /* XMPPConnectionStub.m */; };
		F6867C5F1C3C092C009617B5 /* SASLMechanism.h in Headers */ = {isa = PBXBuildFile; fileRef = F6867C5D1C3C092C009617B5 /* SASLMechanism.h */; settings = {ATTRIBUTES = (Public, ); }; };
		F6867C601C3C092C009617B5 /* SASLMechanism.h in Headers */ = {isa = PBXBuildFile; fileRef = F6867C5D1C3C092C009617B5 /* SASLMechanism.h */; settings = {ATTRIBUTES = (Public, ); }; };
		F6867C611C3C092C009617B5 /* SASLMechanism.m in Sources */ = {isa = PBXBuildFile; fileRef = F6867C5E1C3C092C009617B5 /* SASLMechanism.m */; };
		F6867C621C3C092C009617B5 /* SASLMechanism.m in Sources */ = {isa = PBXBuildFile; fileRef = F6867C5E1C3C092C009617B5 /* SASLMechanism.m */; };
		F6867C651C3C1113009617B5 /* SASLMechanismPLAIN.h in Headers */ = {isa = PBXBuildFile; fileRef = F6867C631C3C1113009617B5 /* SASLMechanismPLAIN.h */; settings = {ATTRIBUTES = (Public, ); }; };
		F6867C661C3C1114009617B5 /* SASLMechanismPLAIN.h in Headers */ = {isa = PBXBuildFile; fileRef = F6867C631C3C1113009617B5 /* SASLMechanismPLAIN.h */; settings = {ATTRIBUTES = (Public, ); }; };
		F6867C671C3C1114009617B5 /* SASLMechanismPLAIN.m in Sources */ = {isa = PBXBuildFile; fileRef = F6867C641C3C1113009617B5 /* SASLMechanismPLAIN.m */; };
		F6867C681C3C1114009617B5 /* SASLMechanismPLAIN.m in Sources */ = {isa = PBXBuildFile; fileRef = F6867C641C3C1113009617B5 /* SASLMechanismPLAIN.m */; };
		F6867C6A1C3C17F5009617B5 /* SASLMechanismPLAINTests.m in Sources */ = {isa = PBXBuildFile; fileRef = F6867C691C3C17F5009617B5 /* SASLMechanismPLAINTests.m */; };
		F6867C6B1C3C17F5009617B5 /* SASLMechanismPLAINTests.m in Sources */ = {isa = PBXBuildFile; fileRef = F6867C691C3C17F5009617B5 /* SASLMechanismPLAINTests.m */; };
		F6867C6F1C3C2DDD009617B5 /* XMPPStreamFeature.h in Headers */ = {isa = PBXBuildFile; fileRef = F6867C6D1C3C2DDD009617B5 /* XMPPStreamFeature.h */; settings = {ATTRIBUTES = (Public, ); }; };
		F6867C701C3C2DDD009617B5 /* XMPPStreamFeature.h in Headers */ = {isa = PBXBuildFile; fileRef = F6867C6D1C3C2DDD009617B5 /* XMPPStreamFeature.h */; settings = {ATTRIBUTES = (Public, ); }; };
		F6867C711C3C2DDD009617B5 /* XMPPStreamFeature.m in Sources */ = {isa = PBXBuildFile; fileRef = F6867C6E1C3C2DDD009617B5 /* XMPPStreamFeature.m */; };
		F6867C721C3C2DDD009617B5 /* XMPPStreamFeature.m in Sources */ = {isa = PBXBuildFile; fileRef = F6867C6E1C3C2DDD009617B5 /* XMPPStreamFeature.m */; };
		F6867C751C3D0C27009617B5 /* XMPPStreamFeatureSASL.h in Headers */ = {isa = PBXBuildFile; fileRef = F6867C731C3D0C27009617B5 /* XMPPStreamFeatureSASL.h */; settings = {ATTRIBUTES = (Public, ); }; };
		F6867C761C3D0C27009617B5 /* XMPPStreamFeatureSASL.h in Headers */ = {isa = PBXBuildFile; fileRef = F6867C731C3D0C27009617B5 /* XMPPStreamFeatureSASL.h */; settings = {ATTRIBUTES = (Public, ); }; };
		F6867C771C3D0C27009617B5 /* XMPPStreamFeatureSASL.m in Sources */ = {isa = PBXBuildFile; fileRef = F6867C741C3D0C27009617B5 /* XMPPStreamFeatureSASL.m */; };
		F6867C781C3D0C27009617B5 /* XMPPStreamFeatureSASL.m in Sources */ = {isa = PBXBuildFile; fileRef = F6867C741C3D0C27009617B5 /* XMPPStreamFeatureSASL.m */; };
		F6867C7A1C3D0E45009617B5 /* XMPPStreamFeatureSASLTests.m in Sources */ = {isa = PBXBuildFile; fileRef = F6867C791C3D0E45009617B5 /* XMPPStreamFeatureSASLTests.m */; };
		F6867C7B1C3D0E45009617B5 /* XMPPStreamFeatureSASLTests.m in Sources */ = {isa = PBXBuildFile; fileRef = F6867C791C3D0E45009617B5 /* XMPPStreamFeatureSASLTests.m */; };
		F6867C7F1C3D7E8E009617B5 /* XMPPClient.h in Headers */ = {isa = PBXBuildFile; fileRef = F6867C7D1C3D7E8E009617B5 /* XMPPClient.h */; settings = {ATTRIBUTES = (Public, ); }; };
		F6867C801C3D7E8E009617B5 /* XMPPClient.h in Headers */ = {isa = PBXBuildFile; fileRef = F6867C7D1C3D7E8E009617B5 /* XMPPClient.h */; settings = {ATTRIBUTES = (Public, ); }; };
		F6867C811C3D7E8E009617B5 /* XMPPClient.m in Sources */ = {isa = PBXBuildFile; fileRef = F6867C7E1C3D7E8E009617B5 /* XMPPClient.m */; };
		F6867C821C3D7E8E009617B5 /* XMPPClient.m in Sources */ = {isa = PBXBuildFile; fileRef = F6867C7E1C3D7E8E009617B5 /* XMPPClient.m */; };
		F6867C841C3E76B3009617B5 /* XMPPClientTests.m in Sources */ = {isa = PBXBuildFile; fileRef = F6867C831C3E76B3009617B5 /* XMPPClientTests.m */; };
		F6867C851C3E76B3009617B5 /* XMPPClientTests.m in Sources */ = {isa = PBXBuildFile; fileRef = F6867C831C3E76B3009617B5 /* XMPPClientTests.m */; };
		F6867C881C3E7CF1009617B5 /* XMPPStreamStub.m in Sources */ = {isa = PBXBuildFile; fileRef = F6867C871C3E7CF1009617B5 /* XMPPStreamStub.m */; };
		F6867C891C3E7CF1009617B5 /* XMPPStreamStub.m in Sources */ = {isa = PBXBuildFile; fileRef = F6867C871C3E7CF1009617B5 /* XMPPStreamStub.m */; };
		F696A2B81C4CD53F00D90A08 /* XMPPAccount+Private.h in Headers */ = {isa = PBXBuildFile; fileRef = F696A2B61C4CD53F00D90A08 /* XMPPAccount+Private.h */; };
		F696A2B91C4CD53F00D90A08 /* XMPPAccount+Private.h in Headers */ = {isa = PBXBuildFile; fileRef = F696A2B61C4CD53F00D90A08 /* XMPPAccount+Private.h */; };
		F6CD445B1C5653F70084757A /* XMPPStanzaHandler.h in Headers */ = {isa = PBXBuildFile; fileRef = F6CD445A1C5653F70084757A /* XMPPStanzaHandler.h */; settings = {ATTRIBUTES = (Public, ); }; };
		F6CD445C1C5653F70084757A /* XMPPStanzaHandler.h in Headers */ = {isa = PBXBuildFile; fileRef = F6CD445A1C5653F70084757A /* XMPPStanzaHandler.h */; settings = {ATTRIBUTES = (Public, ); }; };
		F6CD445F1C565BF30084757A /* XMPPStreamStanzaHandlerProxy.h in Headers */ = {isa = PBXBuildFile; fileRef = F6CD445D1C565BF30084757A /* XMPPStreamStanzaHandlerProxy.h */; };
		F6CD44601C565BF30084757A /* XMPPStreamStanzaHandlerProxy.h in Headers */ = {isa = PBXBuildFile; fileRef = F6CD445D1C565BF30084757A /* XMPPStreamStanzaHandlerProxy.h */; };
		F6CD44611C565BF30084757A /* XMPPStreamStanzaHandlerProxy.m in Sources */ = {isa = PBXBuildFile; fileRef = F6CD445E1C565BF30084757A /* XMPPStreamStanzaHandlerProxy.m */; };
		F6CD44621C565BF30084757A /* XMPPStreamStanzaHandlerProxy.m in Sources */ = {isa = PBXBuildFile; fileRef = F6CD445E1C565BF30084757A /* XMPPStreamStanzaHandlerProxy.m */; };
		F6CD44641C565FE80084757A /* XMPPStreamFeatureStreamManagementTests.m in Sources */ = {isa = PBXBuildFile; fileRef = F6CD44631C565FE80084757A /* XMPPStreamFeatureStreamManagementTests.m */; };
		F6CD44651C565FE80084757A /* XMPPStreamFeatureStreamManagementTests.m in Sources */ = {isa = PBXBuildFile; fileRef = F6CD44631C565FE80084757A /* XMPPStreamFeatureStreamManagementTests.m */; };
		F6CD44681C5661FE0084757A /* XMPPStreamFeatureStreamManagement.h in Headers */ = {isa = PBXBuildFile; fileRef = F6CD44661C5661FE0084757A /* XMPPStreamFeatureStreamManagement.h */; settings = {ATTRIBUTES = (Public, ); }; };
		F6CD44691C5661FE0084757A /* XMPPStreamFeatureStreamManagement.h in Headers */ = {isa = PBXBuildFile; fileRef = F6CD44661C5661FE0084757A /* XMPPStreamFeatureStreamManagement.h */; settings = {ATTRIBUTES = (Public, ); }; };
		F6CD446A1C5661FE0084757A /* XMPPStreamFeatureStreamManagement.m in Sources */ = {isa = PBXBuildFile; fileRef = F6CD44671C5661FE0084757A /* XMPPStreamFeatureStreamManagement.m */; };
		F6CD446B1C5661FE0084757A /* XMPPStreamFeatureStreamManagement.m in Sources */ = {isa = PBXBuildFile; fileRef = F6CD44671C5661FE0084757A /* XMPPStreamFeatureStreamManagement.m */; };
		F6DC3C261C43C44D007C0F48 /* XMPPStreamFeatureStub.m in Sources */ = {isa = PBXBuildFile; fileRef = F6DC3C251C43C44D007C0F48 /* XMPPStreamFeatureStub.m */; };
		F6DC3C271C43C44E007C0F48 /* XMPPStreamFeatureStub.m in Sources */ = {isa = PBXBuildFile; fileRef = F6DC3C251C43C44D007C0F48 /* XMPPStreamFeatureStub.m */; };
		F6DC3C2A1C43FC97007C0F48 /* XMPPStreamFeatureBind.h in Headers */ = {isa = PBXBuildFile; fileRef = F6DC3C281C43FC97007C0F48 /* XMPPStreamFeatureBind.h */; settings = {ATTRIBUTES = (Public, ); }; };
		F6DC3C2B1C43FC97007C0F48 /* XMPPStreamFeatureBind.h in Headers */ = {isa = PBXBuildFile; fileRef = F6DC3C281C43FC97007C0F48 /* XMPPStreamFeatureBind.h */; settings = {ATTRIBUTES = (Public, ); }; };
		F6DC3C2C1C43FC97007C0F48 /* XMPPStreamFeatureBind.m in Sources */ = {isa = PBXBuildFile; fileRef = F6DC3C291C43FC97007C0F48 /* XMPPStreamFeatureBind.m */; };
		F6DC3C2D1C43FC97007C0F48 /* XMPPStreamFeatureBind.m in Sources */ = {isa = PBXBuildFile; fileRef = F6DC3C291C43FC97007C0F48 /* XMPPStreamFeatureBind.m */; };
		F6DC3C2F1C440035007C0F48 /* XMPPStreamFeatureBindTests.m in Sources */ = {isa = PBXBuildFile; fileRef = F6DC3C2E1C440035007C0F48 /* XMPPStreamFeatureBindTests.m */; };
		F6DC3C301C440035007C0F48 /* XMPPStreamFeatureBindTests.m in Sources */ = {isa = PBXBuildFile; fileRef = F6DC3C2E1C440035007C0F48 /* XMPPStreamFeatureBindTests.m */; };
		F6DC3C3C1C45322C007C0F48 /* XMPPStreamFeatureSession.h in Headers */ = {isa = PBXBuildFile; fileRef = F6DC3C3A1C45322C007C0F48 /* XMPPStreamFeatureSession.h */; settings = {ATTRIBUTES = (Public, ); }; };
		F6DC3C3D1C45322C007C0F48 /* XMPPStreamFeatureSession.h in Headers */ = {isa = PBXBuildFile; fileRef = F6DC3C3A1C45322C007C0F48 /* XMPPStreamFeatureSession.h */; settings = {ATTRIBUTES = (Public, ); }; };
		F6DC3C3E1C45322C007C0F48 /* XMPPStreamFeatureSession.m in Sources */ = {isa = PBXBuildFile; fileRef = F6DC3C3B1C45322C007C0F48 /* XMPPStreamFeatureSession.m */; };
		F6DC3C3F1C45322C007C0F48 /* XMPPStreamFeatureSession.m in Sources */ = {isa = PBXBuildFile; fileRef = F6DC3C3B1C45322C007C0F48 /* XMPPStreamFeatureSession.m */; };
		F6DC3C411C45326F007C0F48 /* XMPPStreamFeatureSessionTests.m in Sources */ = {isa = PBXBuildFile; fileRef = F6DC3C401C45326F007C0F48 /* XMPPStreamFeatureSessionTests.m */; };
		F6DC3C421C45326F007C0F48 /* XMPPStreamFeatureSessionTests.m in Sources */ = {isa = PBXBuildFile; fileRef = F6DC3C401C45326F007C0F48 /* XMPPStreamFeatureSessionTests.m */; };
		F6DC3C4C1C457677007C0F48 /* XMPPServiceManager.h in Headers */ = {isa = PBXBuildFile; fileRef = F6DC3C4A1C457677007C0F48 /* XMPPServiceManager.h */; settings = {ATTRIBUTES = (Public, ); }; };
		F6DC3C4D1C457677007C0F48 /* XMPPServiceManager.h in Headers */ = {isa = PBXBuildFile; fileRef = F6DC3C4A1C457677007C0F48 /* XMPPServiceManager.h */; settings = {ATTRIBUTES = (Public, ); }; };
		F6DC3C4E1C457677007C0F48 /* XMPPServiceManager.m in Sources */ = {isa = PBXBuildFile; fileRef = F6DC3C4B1C457677007C0F48 /* XMPPServiceManager.m */; };
		F6DC3C4F1C457677007C0F48 /* XMPPServiceManager.m in Sources */ = {isa = PBXBuildFile; fileRef = F6DC3C4B1C457677007C0F48 /* XMPPServiceManager.m */; };
		F6DC3C531C457815007C0F48 /* XMPPAccount.h in Headers */ = {isa = PBXBuildFile; fileRef = F6DC3C511C457815007C0F48 /* XMPPAccount.h */; settings = {ATTRIBUTES = (Public, ); }; };
		F6DC3C541C457815007C0F48 /* XMPPAccount.h in Headers */ = {isa = PBXBuildFile; fileRef = F6DC3C511C457815007C0F48 /* XMPPAccount.h */; settings = {ATTRIBUTES = (Public, ); }; };
		F6DC3C551C457815007C0F48 /* XMPPAccount.m in Sources */ = {isa = PBXBuildFile; fileRef = F6DC3C521C457815007C0F48 /* XMPPAccount.m */; };
		F6DC3C561C457815007C0F48 /* XMPPAccount.m in Sources */ = {isa = PBXBuildFile; fileRef = F6DC3C521C457815007C0F48 /* XMPPAccount.m */; };
		F6DC3C581C45825A007C0F48 /* XMPPServiceManagerTests.m in Sources */ = {isa = PBXBuildFile; fileRef = F6DC3C571C45825A007C0F48 /* XMPPServiceManagerTests.m */; };
		F6DC3C591C45825A007C0F48 /* XMPPServiceManagerTests.m in Sources */ = {isa = PBXBuildFile; fileRef = F6DC3C571C45825A007C0F48 /* XMPPServiceManagerTests.m */; };
		F6E72BE51C500A4E006F27FE /* XMPPPingModule.h in Headers */ = {isa = PBXBuildFile; fileRef = F6E72BE31C500A4E006F27FE /* XMPPPingModule.h */; settings = {ATTRIBUTES = (Public, ); }; };
		F6E72BE61C500A4E006F27FE /* XMPPPingModule.h in Headers */ = {isa = PBXBuildFile; fileRef = F6E72BE31C500A4E006F27FE /* XMPPPingModule.h */; settings = {ATTRIBUTES = (Public, ); }; };
		F6E72BE71C500A4E006F27FE /* XMPPPingModule.m in Sources */ = {isa = PBXBuildFile; fileRef = F6E72BE41C500A4E006F27FE /* XMPPPingModule.m */; };
		F6E72BE81C500A4E006F27FE /* XMPPPingModule.m in Sources */ = {isa = PBXBuildFile; fileRef = F6E72BE41C500A4E006F27FE /* XMPPPingModule.m */; };
		F6E72BEB1C501215006F27FE /* XMPPPingModuleTests.m in Sources */ = {isa = PBXBuildFile; fileRef = F6E72BEA1C501215006F27FE /* XMPPPingModuleTests.m */; };
		F6E72BEC1C501215006F27FE /* XMPPPingModuleTests.m in Sources */ = {isa = PBXBuildFile; fileRef = F6E72BEA1C501215006F27FE /* XMPPPingModuleTests.m */; };
		F6EA5A7C1C54484D00807550 /* XMPPError.h in Headers */ = {isa = PBXBuildFile; fileRef = F6EA5A7A1C54484D00807550 /* XMPPError.h */; settings = {ATTRIBUTES = (Public, ); }; };
		F6EA5A7D1C54484D00807550 /* XMPPError.h in Headers */ = {isa = PBXBuildFile; fileRef = F6EA5A7A1C54484D00807550 /* XMPPError.h */; settings = {ATTRIBUTES = (Public, ); }; };
		F6EA5A7E1C54484D00807550 /* XMPPError.m in Sources */ = {isa = PBXBuildFile; fileRef = F6EA5A7B1C54484D00807550 /* XMPPError.m */; };
		F6EA5A7F1C54484D00807550 /* XMPPError.m in Sources */ = {isa = PBXBuildFile; fileRef = F6EA5A7B1C54484D00807550 /* XMPPError.m */; };
		F6F56AF91C537DF600C34CC8 /* XMPPNetworkReachability.h in Headers */ = {isa = PBXBuildFile; fileRef = F6F56AF71C537DF600C34CC8 /* XMPPNetworkReachability.h */; settings = {ATTRIBUTES = (Public, ); }; };
		F6F56AFA1C537DF600C34CC8 /* XMPPNetworkReachability.h in Headers */ = {isa = PBXBuildFile; fileRef = F6F56AF71C537DF600C34CC8 /* XMPPNetworkReachability.h */; settings = {ATTRIBUTES = (Public, ); }; };
		F6F56AFB1C537DF600C34CC8 /* XMPPNetworkReachability.m in Sources */ = {isa = PBXBuildFile; fileRef = F6F56AF81C537DF600C34CC8 /* XMPPNetworkReachability.m */; };
		F6F56AFC1C537DF600C34CC8 /* XMPPNetworkReachability.m in Sources */ = {isa = PBXBuildFile; fileRef = F6F56AF81C537DF600C34CC8 /* XMPPNetworkReachability.m */; };
		F6F56B0F1C539CE900C34CC8 /* SystemConfiguration.framework in Frameworks */ = {isa = PBXBuildFile; fileRef = F6F56B0E1C539CE900C34CC8 /* SystemConfiguration.framework */; };
		F6F56B111C539CFB00C34CC8 /* SystemConfiguration.framework in Frameworks */ = {isa = PBXBuildFile; fileRef = F6F56B101C539CFB00C34CC8 /* SystemConfiguration.framework */; };
/* End PBXBuildFile section */

/* Begin PBXContainerItemProxy section */
		F6476A901BE40E3100B0DF82 /* PBXContainerItemProxy */ = {
			isa = PBXContainerItemProxy;
			containerPortal = F6476A7B1BE40E3100B0DF82 /* Project object */;
			proxyType = 1;
			remoteGlobalIDString = F6476A831BE40E3100B0DF82;
			remoteInfo = CoreXMPP;
		};
		F6476AAE1BE40E8B00B0DF82 /* PBXContainerItemProxy */ = {
			isa = PBXContainerItemProxy;
			containerPortal = F6476A7B1BE40E3100B0DF82 /* Project object */;
			proxyType = 1;
			remoteGlobalIDString = F6476AA21BE40E8B00B0DF82;
			remoteInfo = CoreXMPP;
		};
/* End PBXContainerItemProxy section */

/* Begin PBXCopyFilesBuildPhase section */
		F65946991C4D403D00951151 /* CopyFiles */ = {
			isa = PBXCopyFilesBuildPhase;
			buildActionMask = 2147483647;
			dstPath = "";
			dstSubfolderSpec = 10;
			files = (
				F68413F31C4D80E6009B37BE /* PureXML.framework in CopyFiles */,
				F68413D31C4D4A63009B37BE /* CocoaLumberjack.framework in CopyFiles */,
				F68413D41C4D4A63009B37BE /* OCHamcrest.framework in CopyFiles */,
				F68413D51C4D4A63009B37BE /* OCMockito.framework in CopyFiles */,
				F68413D61C4D4A63009B37BE /* OHHTTPStubs.framework in CopyFiles */,
				F68413DB1C4D5123009B37BE /* SocketRocket.framework in CopyFiles */,
			);
			runOnlyForDeploymentPostprocessing = 0;
		};
/* End PBXCopyFilesBuildPhase section */

/* Begin PBXFileReference section */
		F619BDA71C4CE78100F87F50 /* XMPPTestCase.h */ = {isa = PBXFileReference; fileEncoding = 4; lastKnownFileType = sourcecode.c.h; path = XMPPTestCase.h; sourceTree = "<group>"; };
		F619BDA81C4CE78100F87F50 /* XMPPTestCase.m */ = {isa = PBXFileReference; fileEncoding = 4; lastKnownFileType = sourcecode.c.objc; path = XMPPTestCase.m; sourceTree = "<group>"; };
		F619BDAB1C4CF28000F87F50 /* XMPPJIDTests.m */ = {isa = PBXFileReference; fileEncoding = 4; lastKnownFileType = sourcecode.c.objc; path = XMPPJIDTests.m; sourceTree = "<group>"; };
		F619BDAE1C4CF2B900F87F50 /* XMPPJID.h */ = {isa = PBXFileReference; fileEncoding = 4; lastKnownFileType = sourcecode.c.h; path = XMPPJID.h; sourceTree = "<group>"; };
		F619BDAF1C4CF2B900F87F50 /* XMPPJID.m */ = {isa = PBXFileReference; fileEncoding = 4; lastKnownFileType = sourcecode.c.objc; path = XMPPJID.m; sourceTree = "<group>"; };
		F619BE031C4D322600F87F50 /* CocoaLumberjack.framework */ = {isa = PBXFileReference; lastKnownFileType = wrapper.framework; path = CocoaLumberjack.framework; sourceTree = "<group>"; };
		F619BE041C4D322600F87F50 /* OCHamcrest.framework */ = {isa = PBXFileReference; lastKnownFileType = wrapper.framework; path = OCHamcrest.framework; sourceTree = "<group>"; };
		F619BE051C4D322600F87F50 /* OCMockito.framework */ = {isa = PBXFileReference; lastKnownFileType = wrapper.framework; path = OCMockito.framework; sourceTree = "<group>"; };
		F619BE061C4D322600F87F50 /* OHHTTPStubs.framework */ = {isa = PBXFileReference; lastKnownFileType = wrapper.framework; path = OHHTTPStubs.framework; sourceTree = "<group>"; };
		F619BE071C4D322600F87F50 /* PureXML.framework */ = {isa = PBXFileReference; lastKnownFileType = wrapper.framework; path = PureXML.framework; sourceTree = "<group>"; };
		F6476A841BE40E3100B0DF82 /* CoreXMPP.framework */ = {isa = PBXFileReference; explicitFileType = wrapper.framework; includeInIndex = 0; path = CoreXMPP.framework; sourceTree = BUILT_PRODUCTS_DIR; };
		F6476A871BE40E3100B0DF82 /* CoreXMPP.h */ = {isa = PBXFileReference; lastKnownFileType = sourcecode.c.h; path = CoreXMPP.h; sourceTree = "<group>"; };
		F6476A891BE40E3100B0DF82 /* Info.plist */ = {isa = PBXFileReference; lastKnownFileType = text.plist.xml; path = Info.plist; sourceTree = "<group>"; };
		F6476A8E1BE40E3100B0DF82 /* CoreXMPPiOSTests.xctest */ = {isa = PBXFileReference; explicitFileType = wrapper.cfbundle; includeInIndex = 0; path = CoreXMPPiOSTests.xctest; sourceTree = BUILT_PRODUCTS_DIR; };
		F6476A951BE40E3100B0DF82 /* Info.plist */ = {isa = PBXFileReference; lastKnownFileType = text.plist.xml; path = Info.plist; sourceTree = "<group>"; };
		F6476AA31BE40E8B00B0DF82 /* CoreXMPP.framework */ = {isa = PBXFileReference; explicitFileType = wrapper.framework; includeInIndex = 0; path = CoreXMPP.framework; sourceTree = BUILT_PRODUCTS_DIR; };
		F6476AAC1BE40E8B00B0DF82 /* CoreXMPPOSXTests.xctest */ = {isa = PBXFileReference; explicitFileType = wrapper.cfbundle; includeInIndex = 0; path = CoreXMPPOSXTests.xctest; sourceTree = BUILT_PRODUCTS_DIR; };
		F6476ABF1BEA586000B0DF82 /* XMPPStream.h */ = {isa = PBXFileReference; fileEncoding = 4; lastKnownFileType = sourcecode.c.h; path = XMPPStream.h; sourceTree = "<group>"; };
		F6476AC01BEA586000B0DF82 /* XMPPStream.m */ = {isa = PBXFileReference; fileEncoding = 4; lastKnownFileType = sourcecode.c.objc; path = XMPPStream.m; sourceTree = "<group>"; };
		F6476AC51BEA61C700B0DF82 /* XMPPWebsocketStream.h */ = {isa = PBXFileReference; fileEncoding = 4; lastKnownFileType = sourcecode.c.h; path = XMPPWebsocketStream.h; sourceTree = "<group>"; };
		F6476AC61BEA61C700B0DF82 /* XMPPWebsocketStream.m */ = {isa = PBXFileReference; fileEncoding = 4; lastKnownFileType = sourcecode.c.objc; lineEnding = 0; path = XMPPWebsocketStream.m; sourceTree = "<group>"; xcLanguageSpecificationIdentifier = xcode.lang.objc; };
		F6476ACB1BECB31A00B0DF82 /* XMPPWebsocketStreamTests.m */ = {isa = PBXFileReference; fileEncoding = 4; lastKnownFileType = sourcecode.c.objc; path = XMPPWebsocketStreamTests.m; sourceTree = "<group>"; };
		F68413D91C4D510F009B37BE /* SocketRocket.framework */ = {isa = PBXFileReference; lastKnownFileType = wrapper.framework; path = SocketRocket.framework; sourceTree = "<group>"; };
		F68413E41C4D7FB8009B37BE /* CocoaLumberjack.framework */ = {isa = PBXFileReference; lastKnownFileType = wrapper.framework; path = CocoaLumberjack.framework; sourceTree = "<group>"; };
		F68413E51C4D7FB8009B37BE /* PureXML.framework */ = {isa = PBXFileReference; lastKnownFileType = wrapper.framework; path = PureXML.framework; sourceTree = "<group>"; };
		F68413E61C4D7FB8009B37BE /* SocketRocket.framework */ = {isa = PBXFileReference; lastKnownFileType = wrapper.framework; path = SocketRocket.framework; sourceTree = "<group>"; };
		F68413EB1C4D7FDA009B37BE /* OCHamcrest.framework */ = {isa = PBXFileReference; lastKnownFileType = wrapper.framework; path = OCHamcrest.framework; sourceTree = "<group>"; };
		F68413EC1C4D7FDA009B37BE /* OCMockito.framework */ = {isa = PBXFileReference; lastKnownFileType = wrapper.framework; path = OCMockito.framework; sourceTree = "<group>"; };
		F68413ED1C4D7FDA009B37BE /* OHHTTPStubs.framework */ = {isa = PBXFileReference; lastKnownFileType = wrapper.framework; path = OHHTTPStubs.framework; sourceTree = "<group>"; };
		F68414151C4EA558009B37BE /* XMPPModule.h */ = {isa = PBXFileReference; fileEncoding = 4; lastKnownFileType = sourcecode.c.h; path = XMPPModule.h; sourceTree = "<group>"; };
		F68414161C4EA558009B37BE /* XMPPModule.m */ = {isa = PBXFileReference; fileEncoding = 4; lastKnownFileType = sourcecode.c.objc; path = XMPPModule.m; sourceTree = "<group>"; };
		F684141E1C4ED835009B37BE /* XMPPDispatcher.h */ = {isa = PBXFileReference; fileEncoding = 4; lastKnownFileType = sourcecode.c.h; path = XMPPDispatcher.h; sourceTree = "<group>"; };
		F684141F1C4ED835009B37BE /* XMPPDispatcher.m */ = {isa = PBXFileReference; fileEncoding = 4; lastKnownFileType = sourcecode.c.objc; path = XMPPDispatcher.m; sourceTree = "<group>"; };
		F68414251C4F837C009B37BE /* XMPPDispatcherTests.m */ = {isa = PBXFileReference; fileEncoding = 4; lastKnownFileType = sourcecode.c.objc; path = XMPPDispatcherTests.m; sourceTree = "<group>"; };
		F68414281C4F842D009B37BE /* XMPPModuleStub.h */ = {isa = PBXFileReference; fileEncoding = 4; lastKnownFileType = sourcecode.c.h; path = XMPPModuleStub.h; sourceTree = "<group>"; };
		F68414291C4F842D009B37BE /* XMPPModuleStub.m */ = {isa = PBXFileReference; fileEncoding = 4; lastKnownFileType = sourcecode.c.objc; path = XMPPModuleStub.m; sourceTree = "<group>"; };
		F684142C1C4F9F9D009B37BE /* XMPPConnectionStub.h */ = {isa = PBXFileReference; fileEncoding = 4; lastKnownFileType = sourcecode.c.h; path = XMPPConnectionStub.h; sourceTree = "<group>"; };
		F684142D1C4F9F9D009B37BE /* XMPPConnectionStub.m */ = {isa = PBXFileReference; fileEncoding = 4; lastKnownFileType = sourcecode.c.objc; path = XMPPConnectionStub.m; sourceTree = "<group>"; };
		F6867C5D1C3C092C009617B5 /* SASLMechanism.h */ = {isa = PBXFileReference; fileEncoding = 4; lastKnownFileType = sourcecode.c.h; path = SASLMechanism.h; sourceTree = "<group>"; };
		F6867C5E1C3C092C009617B5 /* SASLMechanism.m */ = {isa = PBXFileReference; fileEncoding = 4; lastKnownFileType = sourcecode.c.objc; path = SASLMechanism.m; sourceTree = "<group>"; };
		F6867C631C3C1113009617B5 /* SASLMechanismPLAIN.h */ = {isa = PBXFileReference; fileEncoding = 4; lastKnownFileType = sourcecode.c.h; path = SASLMechanismPLAIN.h; sourceTree = "<group>"; };
		F6867C641C3C1113009617B5 /* SASLMechanismPLAIN.m */ = {isa = PBXFileReference; fileEncoding = 4; lastKnownFileType = sourcecode.c.objc; path = SASLMechanismPLAIN.m; sourceTree = "<group>"; };
		F6867C691C3C17F5009617B5 /* SASLMechanismPLAINTests.m */ = {isa = PBXFileReference; fileEncoding = 4; lastKnownFileType = sourcecode.c.objc; path = SASLMechanismPLAINTests.m; sourceTree = "<group>"; };
		F6867C6D1C3C2DDD009617B5 /* XMPPStreamFeature.h */ = {isa = PBXFileReference; fileEncoding = 4; lastKnownFileType = sourcecode.c.h; path = XMPPStreamFeature.h; sourceTree = "<group>"; };
		F6867C6E1C3C2DDD009617B5 /* XMPPStreamFeature.m */ = {isa = PBXFileReference; fileEncoding = 4; lastKnownFileType = sourcecode.c.objc; path = XMPPStreamFeature.m; sourceTree = "<group>"; };
		F6867C731C3D0C27009617B5 /* XMPPStreamFeatureSASL.h */ = {isa = PBXFileReference; fileEncoding = 4; lastKnownFileType = sourcecode.c.h; path = XMPPStreamFeatureSASL.h; sourceTree = "<group>"; };
		F6867C741C3D0C27009617B5 /* XMPPStreamFeatureSASL.m */ = {isa = PBXFileReference; fileEncoding = 4; lastKnownFileType = sourcecode.c.objc; lineEnding = 0; path = XMPPStreamFeatureSASL.m; sourceTree = "<group>"; xcLanguageSpecificationIdentifier = xcode.lang.objc; };
		F6867C791C3D0E45009617B5 /* XMPPStreamFeatureSASLTests.m */ = {isa = PBXFileReference; fileEncoding = 4; lastKnownFileType = sourcecode.c.objc; lineEnding = 0; path = XMPPStreamFeatureSASLTests.m; sourceTree = "<group>"; xcLanguageSpecificationIdentifier = xcode.lang.objc; };
		F6867C7D1C3D7E8E009617B5 /* XMPPClient.h */ = {isa = PBXFileReference; fileEncoding = 4; lastKnownFileType = sourcecode.c.h; path = XMPPClient.h; sourceTree = "<group>"; };
		F6867C7E1C3D7E8E009617B5 /* XMPPClient.m */ = {isa = PBXFileReference; fileEncoding = 4; lastKnownFileType = sourcecode.c.objc; path = XMPPClient.m; sourceTree = "<group>"; };
		F6867C831C3E76B3009617B5 /* XMPPClientTests.m */ = {isa = PBXFileReference; fileEncoding = 4; lastKnownFileType = sourcecode.c.objc; path = XMPPClientTests.m; sourceTree = "<group>"; };
		F6867C861C3E7CF1009617B5 /* XMPPStreamStub.h */ = {isa = PBXFileReference; fileEncoding = 4; lastKnownFileType = sourcecode.c.h; path = XMPPStreamStub.h; sourceTree = "<group>"; };
		F6867C871C3E7CF1009617B5 /* XMPPStreamStub.m */ = {isa = PBXFileReference; fileEncoding = 4; lastKnownFileType = sourcecode.c.objc; path = XMPPStreamStub.m; sourceTree = "<group>"; };
		F696A2B61C4CD53F00D90A08 /* XMPPAccount+Private.h */ = {isa = PBXFileReference; fileEncoding = 4; lastKnownFileType = sourcecode.c.h; path = "XMPPAccount+Private.h"; sourceTree = "<group>"; };
		F6CD445A1C5653F70084757A /* XMPPStanzaHandler.h */ = {isa = PBXFileReference; fileEncoding = 4; lastKnownFileType = sourcecode.c.h; path = XMPPStanzaHandler.h; sourceTree = "<group>"; };
		F6CD445D1C565BF30084757A /* XMPPStreamStanzaHandlerProxy.h */ = {isa = PBXFileReference; fileEncoding = 4; lastKnownFileType = sourcecode.c.h; path = XMPPStreamStanzaHandlerProxy.h; sourceTree = "<group>"; };
		F6CD445E1C565BF30084757A /* XMPPStreamStanzaHandlerProxy.m */ = {isa = PBXFileReference; fileEncoding = 4; lastKnownFileType = sourcecode.c.objc; path = XMPPStreamStanzaHandlerProxy.m; sourceTree = "<group>"; };
		F6CD44631C565FE80084757A /* XMPPStreamFeatureStreamManagementTests.m */ = {isa = PBXFileReference; fileEncoding = 4; lastKnownFileType = sourcecode.c.objc; path = XMPPStreamFeatureStreamManagementTests.m; sourceTree = "<group>"; };
		F6CD44661C5661FE0084757A /* XMPPStreamFeatureStreamManagement.h */ = {isa = PBXFileReference; fileEncoding = 4; lastKnownFileType = sourcecode.c.h; path = XMPPStreamFeatureStreamManagement.h; sourceTree = "<group>"; };
		F6CD44671C5661FE0084757A /* XMPPStreamFeatureStreamManagement.m */ = {isa = PBXFileReference; fileEncoding = 4; lastKnownFileType = sourcecode.c.objc; path = XMPPStreamFeatureStreamManagement.m; sourceTree = "<group>"; };
		F6DC3C241C43C44D007C0F48 /* XMPPStreamFeatureStub.h */ = {isa = PBXFileReference; fileEncoding = 4; lastKnownFileType = sourcecode.c.h; path = XMPPStreamFeatureStub.h; sourceTree = "<group>"; };
		F6DC3C251C43C44D007C0F48 /* XMPPStreamFeatureStub.m */ = {isa = PBXFileReference; fileEncoding = 4; lastKnownFileType = sourcecode.c.objc; path = XMPPStreamFeatureStub.m; sourceTree = "<group>"; };
		F6DC3C281C43FC97007C0F48 /* XMPPStreamFeatureBind.h */ = {isa = PBXFileReference; fileEncoding = 4; lastKnownFileType = sourcecode.c.h; path = XMPPStreamFeatureBind.h; sourceTree = "<group>"; };
		F6DC3C291C43FC97007C0F48 /* XMPPStreamFeatureBind.m */ = {isa = PBXFileReference; fileEncoding = 4; lastKnownFileType = sourcecode.c.objc; path = XMPPStreamFeatureBind.m; sourceTree = "<group>"; };
		F6DC3C2E1C440035007C0F48 /* XMPPStreamFeatureBindTests.m */ = {isa = PBXFileReference; fileEncoding = 4; lastKnownFileType = sourcecode.c.objc; path = XMPPStreamFeatureBindTests.m; sourceTree = "<group>"; };
		F6DC3C3A1C45322C007C0F48 /* XMPPStreamFeatureSession.h */ = {isa = PBXFileReference; fileEncoding = 4; lastKnownFileType = sourcecode.c.h; path = XMPPStreamFeatureSession.h; sourceTree = "<group>"; };
		F6DC3C3B1C45322C007C0F48 /* XMPPStreamFeatureSession.m */ = {isa = PBXFileReference; fileEncoding = 4; lastKnownFileType = sourcecode.c.objc; path = XMPPStreamFeatureSession.m; sourceTree = "<group>"; };
		F6DC3C401C45326F007C0F48 /* XMPPStreamFeatureSessionTests.m */ = {isa = PBXFileReference; fileEncoding = 4; lastKnownFileType = sourcecode.c.objc; path = XMPPStreamFeatureSessionTests.m; sourceTree = "<group>"; };
		F6DC3C4A1C457677007C0F48 /* XMPPServiceManager.h */ = {isa = PBXFileReference; fileEncoding = 4; lastKnownFileType = sourcecode.c.h; path = XMPPServiceManager.h; sourceTree = "<group>"; };
		F6DC3C4B1C457677007C0F48 /* XMPPServiceManager.m */ = {isa = PBXFileReference; fileEncoding = 4; lastKnownFileType = sourcecode.c.objc; path = XMPPServiceManager.m; sourceTree = "<group>"; };
		F6DC3C511C457815007C0F48 /* XMPPAccount.h */ = {isa = PBXFileReference; fileEncoding = 4; lastKnownFileType = sourcecode.c.h; path = XMPPAccount.h; sourceTree = "<group>"; };
		F6DC3C521C457815007C0F48 /* XMPPAccount.m */ = {isa = PBXFileReference; fileEncoding = 4; lastKnownFileType = sourcecode.c.objc; path = XMPPAccount.m; sourceTree = "<group>"; };
		F6DC3C571C45825A007C0F48 /* XMPPServiceManagerTests.m */ = {isa = PBXFileReference; fileEncoding = 4; lastKnownFileType = sourcecode.c.objc; path = XMPPServiceManagerTests.m; sourceTree = "<group>"; };
		F6E72BE31C500A4E006F27FE /* XMPPPingModule.h */ = {isa = PBXFileReference; fileEncoding = 4; lastKnownFileType = sourcecode.c.h; path = XMPPPingModule.h; sourceTree = "<group>"; };
		F6E72BE41C500A4E006F27FE /* XMPPPingModule.m */ = {isa = PBXFileReference; fileEncoding = 4; lastKnownFileType = sourcecode.c.objc; path = XMPPPingModule.m; sourceTree = "<group>"; };
		F6E72BEA1C501215006F27FE /* XMPPPingModuleTests.m */ = {isa = PBXFileReference; fileEncoding = 4; lastKnownFileType = sourcecode.c.objc; lineEnding = 0; path = XMPPPingModuleTests.m; sourceTree = "<group>"; xcLanguageSpecificationIdentifier = xcode.lang.objc; };
		F6EA5A7A1C54484D00807550 /* XMPPError.h */ = {isa = PBXFileReference; fileEncoding = 4; lastKnownFileType = sourcecode.c.h; lineEnding = 0; path = XMPPError.h; sourceTree = "<group>"; xcLanguageSpecificationIdentifier = xcode.lang.objcpp; };
		F6EA5A7B1C54484D00807550 /* XMPPError.m */ = {isa = PBXFileReference; fileEncoding = 4; lastKnownFileType = sourcecode.c.objc; path = XMPPError.m; sourceTree = "<group>"; };
		F6F56AF71C537DF600C34CC8 /* XMPPNetworkReachability.h */ = {isa = PBXFileReference; fileEncoding = 4; lastKnownFileType = sourcecode.c.h; path = XMPPNetworkReachability.h; sourceTree = "<group>"; };
		F6F56AF81C537DF600C34CC8 /* XMPPNetworkReachability.m */ = {isa = PBXFileReference; fileEncoding = 4; lastKnownFileType = sourcecode.c.objc; path = XMPPNetworkReachability.m; sourceTree = "<group>"; };
		F6F56B0E1C539CE900C34CC8 /* SystemConfiguration.framework */ = {isa = PBXFileReference; lastKnownFileType = wrapper.framework; name = SystemConfiguration.framework; path = System/Library/Frameworks/SystemConfiguration.framework; sourceTree = SDKROOT; };
		F6F56B101C539CFB00C34CC8 /* SystemConfiguration.framework */ = {isa = PBXFileReference; lastKnownFileType = wrapper.framework; name = SystemConfiguration.framework; path = Platforms/MacOSX.platform/Developer/SDKs/MacOSX10.11.sdk/System/Library/Frameworks/SystemConfiguration.framework; sourceTree = DEVELOPER_DIR; };
/* End PBXFileReference section */

/* Begin PBXFrameworksBuildPhase section */
		F6476A801BE40E3100B0DF82 /* Frameworks */ = {
			isa = PBXFrameworksBuildPhase;
			buildActionMask = 2147483647;
			files = (
				F68413F41C4D826D009B37BE /* PureXML.framework in Frameworks */,
				F68413F51C4D826D009B37BE /* SocketRocket.framework in Frameworks */,
				F68413F61C4D826D009B37BE /* CocoaLumberjack.framework in Frameworks */,
				F6F56B0F1C539CE900C34CC8 /* SystemConfiguration.framework in Frameworks */,
			);
			runOnlyForDeploymentPostprocessing = 0;
		};
		F6476A8B1BE40E3100B0DF82 /* Frameworks */ = {
			isa = PBXFrameworksBuildPhase;
			buildActionMask = 2147483647;
			files = (
				F6476A8F1BE40E3100B0DF82 /* CoreXMPP.framework in Frameworks */,
				F68413EE1C4D7FDA009B37BE /* OCHamcrest.framework in Frameworks */,
				F68413EF1C4D7FDA009B37BE /* OCMockito.framework in Frameworks */,
				F68413F01C4D7FDA009B37BE /* OHHTTPStubs.framework in Frameworks */,
			);
			runOnlyForDeploymentPostprocessing = 0;
		};
		F6476A9F1BE40E8B00B0DF82 /* Frameworks */ = {
			isa = PBXFrameworksBuildPhase;
			buildActionMask = 2147483647;
			files = (
				F619BE101C4D323A00F87F50 /* PureXML.framework in Frameworks */,
				F68413DA1C4D5115009B37BE /* SocketRocket.framework in Frameworks */,
				F619BE0F1C4D323600F87F50 /* CocoaLumberjack.framework in Frameworks */,
				F6F56B111C539CFB00C34CC8 /* SystemConfiguration.framework in Frameworks */,
			);
			runOnlyForDeploymentPostprocessing = 0;
		};
		F6476AA91BE40E8B00B0DF82 /* Frameworks */ = {
			isa = PBXFrameworksBuildPhase;
			buildActionMask = 2147483647;
			files = (
				F6476AAD1BE40E8B00B0DF82 /* CoreXMPP.framework in Frameworks */,
				F619BE121C4D34C800F87F50 /* OCHamcrest.framework in Frameworks */,
				F619BE131C4D34C800F87F50 /* OCMockito.framework in Frameworks */,
				F619BE141C4D34C800F87F50 /* OHHTTPStubs.framework in Frameworks */,
			);
			runOnlyForDeploymentPostprocessing = 0;
		};
/* End PBXFrameworksBuildPhase section */

/* Begin PBXGroup section */
		C79B557DD41BAAB5736E0111 /* Frameworks */ = {
			isa = PBXGroup;
			children = (
				F6F56B101C539CFB00C34CC8 /* SystemConfiguration.framework */,
				F6F56B0E1C539CE900C34CC8 /* SystemConfiguration.framework */,
				F68413EA1C4D7FBE009B37BE /* iOS */,
				F619BDFF1C4D2FC500F87F50 /* OS X */,
			);
			name = Frameworks;
			sourceTree = "<group>";
		};
		F619BDFF1C4D2FC500F87F50 /* OS X */ = {
			isa = PBXGroup;
			children = (
				F619BE071C4D322600F87F50 /* PureXML.framework */,
				F68413D91C4D510F009B37BE /* SocketRocket.framework */,
				F619BE031C4D322600F87F50 /* CocoaLumberjack.framework */,
				F619BE041C4D322600F87F50 /* OCHamcrest.framework */,
				F619BE051C4D322600F87F50 /* OCMockito.framework */,
				F619BE061C4D322600F87F50 /* OHHTTPStubs.framework */,
			);
			name = "OS X";
			path = ../Carthage/Build/Mac;
			sourceTree = "<group>";
		};
		F6476A7A1BE40E3100B0DF82 = {
			isa = PBXGroup;
			children = (
				F6476A861BE40E3100B0DF82 /* CoreXMPP */,
				F6476A921BE40E3100B0DF82 /* CoreXMPPTests */,
				F6476A851BE40E3100B0DF82 /* Products */,
				C79B557DD41BAAB5736E0111 /* Frameworks */,
			);
			sourceTree = "<group>";
		};
		F6476A851BE40E3100B0DF82 /* Products */ = {
			isa = PBXGroup;
			children = (
				F6476A841BE40E3100B0DF82 /* CoreXMPP.framework */,
				F6476A8E1BE40E3100B0DF82 /* CoreXMPPiOSTests.xctest */,
				F6476AA31BE40E8B00B0DF82 /* CoreXMPP.framework */,
				F6476AAC1BE40E8B00B0DF82 /* CoreXMPPOSXTests.xctest */,
			);
			name = Products;
			sourceTree = "<group>";
		};
		F6476A861BE40E3100B0DF82 /* CoreXMPP */ = {
			isa = PBXGroup;
			children = (
				F6476A871BE40E3100B0DF82 /* CoreXMPP.h */,
				F619BDAE1C4CF2B900F87F50 /* XMPPJID.h */,
				F619BDAF1C4CF2B900F87F50 /* XMPPJID.m */,
				F6EA5A7A1C54484D00807550 /* XMPPError.h */,
				F6EA5A7B1C54484D00807550 /* XMPPError.m */,
				F6CD44591C5653DD0084757A /* Protocols */,
				F6DC3C501C45767C007C0F48 /* XMPP Service Manager */,
				F68414141C4EA528009B37BE /* XMPP Dispatcher */,
				F6E72BE91C5011FB006F27FE /* XMPP Module */,
				F6867C7C1C3D7E78009617B5 /* XMPP Client */,
				F6476ABE1BEA584700B0DF82 /* XMPP Stream */,
				F6867C6C1C3C2DB4009617B5 /* XMPP Stream Feature */,
				F6867C5C1C3C08FF009617B5 /* SASL */,
				F6476ABC1BE411B900B0DF82 /* Supporting Files */,
			);
			path = CoreXMPP;
			sourceTree = "<group>";
		};
		F6476A921BE40E3100B0DF82 /* CoreXMPPTests */ = {
			isa = PBXGroup;
			children = (
				F619BDA71C4CE78100F87F50 /* XMPPTestCase.h */,
				F619BDA81C4CE78100F87F50 /* XMPPTestCase.m */,
				F619BDAB1C4CF28000F87F50 /* XMPPJIDTests.m */,
				F6E72BED1C50121B006F27FE /* XMPP Module */,
				F68414131C4EA507009B37BE /* XMPP Service Manager */,
				F68414241C4F8357009B37BE /* XMPP Dispatcher */,
				F68414121C4EA4FB009B37BE /* XMPP Client */,
				F68414111C4EA4F4009B37BE /* XMPP Stream */,
				F68414101C4EA4E6009B37BE /* SASL Mechanisms */,
				F684140F1C4EA4DB009B37BE /* XMPP Stream Features */,
				F684140E1C4EA4D4009B37BE /* Stubs */,
				F6476ABD1BE411C100B0DF82 /* Supporting Files */,
			);
			path = CoreXMPPTests;
			sourceTree = "<group>";
		};
		F6476ABC1BE411B900B0DF82 /* Supporting Files */ = {
			isa = PBXGroup;
			children = (
				F6476A891BE40E3100B0DF82 /* Info.plist */,
			);
			name = "Supporting Files";
			sourceTree = "<group>";
		};
		F6476ABD1BE411C100B0DF82 /* Supporting Files */ = {
			isa = PBXGroup;
			children = (
				F6476A951BE40E3100B0DF82 /* Info.plist */,
			);
			name = "Supporting Files";
			sourceTree = "<group>";
		};
		F6476ABE1BEA584700B0DF82 /* XMPP Stream */ = {
			isa = PBXGroup;
			children = (
				F6476ABF1BEA586000B0DF82 /* XMPPStream.h */,
				F6476AC01BEA586000B0DF82 /* XMPPStream.m */,
				F6476AC51BEA61C700B0DF82 /* XMPPWebsocketStream.h */,
				F6476AC61BEA61C700B0DF82 /* XMPPWebsocketStream.m */,
			);
			name = "XMPP Stream";
			sourceTree = "<group>";
		};
		F68413EA1C4D7FBE009B37BE /* iOS */ = {
			isa = PBXGroup;
			children = (
				F68413E51C4D7FB8009B37BE /* PureXML.framework */,
				F68413E61C4D7FB8009B37BE /* SocketRocket.framework */,
				F68413E41C4D7FB8009B37BE /* CocoaLumberjack.framework */,
				F68413EB1C4D7FDA009B37BE /* OCHamcrest.framework */,
				F68413EC1C4D7FDA009B37BE /* OCMockito.framework */,
				F68413ED1C4D7FDA009B37BE /* OHHTTPStubs.framework */,
			);
			name = iOS;
			path = ../Carthage/Build/iOS;
			sourceTree = "<group>";
		};
		F684140E1C4EA4D4009B37BE /* Stubs */ = {
			isa = PBXGroup;
			children = (
				F684142C1C4F9F9D009B37BE /* XMPPConnectionStub.h */,
				F684142D1C4F9F9D009B37BE /* XMPPConnectionStub.m */,
				F68414281C4F842D009B37BE /* XMPPModuleStub.h */,
				F68414291C4F842D009B37BE /* XMPPModuleStub.m */,
				F6867C861C3E7CF1009617B5 /* XMPPStreamStub.h */,
				F6867C871C3E7CF1009617B5 /* XMPPStreamStub.m */,
				F6DC3C241C43C44D007C0F48 /* XMPPStreamFeatureStub.h */,
				F6DC3C251C43C44D007C0F48 /* XMPPStreamFeatureStub.m */,
			);
			name = Stubs;
			sourceTree = "<group>";
		};
		F684140F1C4EA4DB009B37BE /* XMPP Stream Features */ = {
			isa = PBXGroup;
			children = (
				F6867C791C3D0E45009617B5 /* XMPPStreamFeatureSASLTests.m */,
				F6DC3C2E1C440035007C0F48 /* XMPPStreamFeatureBindTests.m */,
				F6DC3C401C45326F007C0F48 /* XMPPStreamFeatureSessionTests.m */,
				F6CD44631C565FE80084757A /* XMPPStreamFeatureStreamManagementTests.m */,
			);
			name = "XMPP Stream Features";
			sourceTree = "<group>";
		};
		F68414101C4EA4E6009B37BE /* SASL Mechanisms */ = {
			isa = PBXGroup;
			children = (
				F6867C691C3C17F5009617B5 /* SASLMechanismPLAINTests.m */,
			);
			name = "SASL Mechanisms";
			sourceTree = "<group>";
		};
		F68414111C4EA4F4009B37BE /* XMPP Stream */ = {
			isa = PBXGroup;
			children = (
				F6476ACB1BECB31A00B0DF82 /* XMPPWebsocketStreamTests.m */,
			);
			name = "XMPP Stream";
			sourceTree = "<group>";
		};
		F68414121C4EA4FB009B37BE /* XMPP Client */ = {
			isa = PBXGroup;
			children = (
				F6867C831C3E76B3009617B5 /* XMPPClientTests.m */,
			);
			name = "XMPP Client";
			sourceTree = "<group>";
		};
		F68414131C4EA507009B37BE /* XMPP Service Manager */ = {
			isa = PBXGroup;
			children = (
				F6DC3C571C45825A007C0F48 /* XMPPServiceManagerTests.m */,
			);
			name = "XMPP Service Manager";
			sourceTree = "<group>";
		};
		F68414141C4EA528009B37BE /* XMPP Dispatcher */ = {
			isa = PBXGroup;
			children = (
				F684141E1C4ED835009B37BE /* XMPPDispatcher.h */,
				F684141F1C4ED835009B37BE /* XMPPDispatcher.m */,
			);
			name = "XMPP Dispatcher";
			sourceTree = "<group>";
		};
		F68414241C4F8357009B37BE /* XMPP Dispatcher */ = {
			isa = PBXGroup;
			children = (
				F68414251C4F837C009B37BE /* XMPPDispatcherTests.m */,
			);
			name = "XMPP Dispatcher";
			sourceTree = "<group>";
		};
		F6867C5C1C3C08FF009617B5 /* SASL */ = {
			isa = PBXGroup;
			children = (
				F6867C5D1C3C092C009617B5 /* SASLMechanism.h */,
				F6867C5E1C3C092C009617B5 /* SASLMechanism.m */,
				F6867C631C3C1113009617B5 /* SASLMechanismPLAIN.h */,
				F6867C641C3C1113009617B5 /* SASLMechanismPLAIN.m */,
			);
			name = SASL;
			sourceTree = "<group>";
		};
		F6867C6C1C3C2DB4009617B5 /* XMPP Stream Feature */ = {
			isa = PBXGroup;
			children = (
				F6867C6D1C3C2DDD009617B5 /* XMPPStreamFeature.h */,
				F6867C6E1C3C2DDD009617B5 /* XMPPStreamFeature.m */,
				F6867C731C3D0C27009617B5 /* XMPPStreamFeatureSASL.h */,
				F6867C741C3D0C27009617B5 /* XMPPStreamFeatureSASL.m */,
				F6DC3C281C43FC97007C0F48 /* XMPPStreamFeatureBind.h */,
				F6DC3C291C43FC97007C0F48 /* XMPPStreamFeatureBind.m */,
				F6DC3C3A1C45322C007C0F48 /* XMPPStreamFeatureSession.h */,
				F6DC3C3B1C45322C007C0F48 /* XMPPStreamFeatureSession.m */,
				F6CD44661C5661FE0084757A /* XMPPStreamFeatureStreamManagement.h */,
				F6CD44671C5661FE0084757A /* XMPPStreamFeatureStreamManagement.m */,
			);
			name = "XMPP Stream Feature";
			sourceTree = "<group>";
		};
		F6867C7C1C3D7E78009617B5 /* XMPP Client */ = {
			isa = PBXGroup;
			children = (
				F6867C7D1C3D7E8E009617B5 /* XMPPClient.h */,
				F6867C7E1C3D7E8E009617B5 /* XMPPClient.m */,
				F6CD445D1C565BF30084757A /* XMPPStreamStanzaHandlerProxy.h */,
				F6CD445E1C565BF30084757A /* XMPPStreamStanzaHandlerProxy.m */,
			);
			name = "XMPP Client";
			sourceTree = "<group>";
		};
		F6CD44591C5653DD0084757A /* Protocols */ = {
			isa = PBXGroup;
			children = (
				F6CD445A1C5653F70084757A /* XMPPStanzaHandler.h */,
			);
			name = Protocols;
			sourceTree = "<group>";
		};
		F6DC3C501C45767C007C0F48 /* XMPP Service Manager */ = {
			isa = PBXGroup;
			children = (
				F6DC3C4A1C457677007C0F48 /* XMPPServiceManager.h */,
				F6DC3C4B1C457677007C0F48 /* XMPPServiceManager.m */,
				F6DC3C511C457815007C0F48 /* XMPPAccount.h */,
				F6DC3C521C457815007C0F48 /* XMPPAccount.m */,
				F696A2B61C4CD53F00D90A08 /* XMPPAccount+Private.h */,
				F6F56AF71C537DF600C34CC8 /* XMPPNetworkReachability.h */,
				F6F56AF81C537DF600C34CC8 /* XMPPNetworkReachability.m */,
			);
			name = "XMPP Service Manager";
			sourceTree = "<group>";
		};
		F6E72BE91C5011FB006F27FE /* XMPP Module */ = {
			isa = PBXGroup;
			children = (
				F68414151C4EA558009B37BE /* XMPPModule.h */,
				F68414161C4EA558009B37BE /* XMPPModule.m */,
				F6E72BE31C500A4E006F27FE /* XMPPPingModule.h */,
				F6E72BE41C500A4E006F27FE /* XMPPPingModule.m */,
			);
			name = "XMPP Module";
			sourceTree = "<group>";
		};
		F6E72BED1C50121B006F27FE /* XMPP Module */ = {
			isa = PBXGroup;
			children = (
				F6E72BEA1C501215006F27FE /* XMPPPingModuleTests.m */,
			);
			name = "XMPP Module";
			sourceTree = "<group>";
		};
/* End PBXGroup section */

/* Begin PBXHeadersBuildPhase section */
		F6476A811BE40E3100B0DF82 /* Headers */ = {
			isa = PBXHeadersBuildPhase;
			buildActionMask = 2147483647;
			files = (
				F6476A881BE40E3100B0DF82 /* CoreXMPP.h in Headers */,
				F6CD445B1C5653F70084757A /* XMPPStanzaHandler.h in Headers */,
				F6867C751C3D0C27009617B5 /* XMPPStreamFeatureSASL.h in Headers */,
				F6DC3C2A1C43FC97007C0F48 /* XMPPStreamFeatureBind.h in Headers */,
				F6DC3C4C1C457677007C0F48 /* XMPPServiceManager.h in Headers */,
				F6F56AF91C537DF600C34CC8 /* XMPPNetworkReachability.h in Headers */,
				F6867C5F1C3C092C009617B5 /* SASLMechanism.h in Headers */,
				F6867C651C3C1113009617B5 /* SASLMechanismPLAIN.h in Headers */,
				F6DC3C3C1C45322C007C0F48 /* XMPPStreamFeatureSession.h in Headers */,
				F68414201C4ED835009B37BE /* XMPPDispatcher.h in Headers */,
				F619BDB01C4CF2B900F87F50 /* XMPPJID.h in Headers */,
				F6E72BE51C500A4E006F27FE /* XMPPPingModule.h in Headers */,
				F696A2B81C4CD53F00D90A08 /* XMPPAccount+Private.h in Headers */,
				F6CD445F1C565BF30084757A /* XMPPStreamStanzaHandlerProxy.h in Headers */,
				F6EA5A7C1C54484D00807550 /* XMPPError.h in Headers */,
				F6CD44681C5661FE0084757A /* XMPPStreamFeatureStreamManagement.h in Headers */,
				F6476AC11BEA586000B0DF82 /* XMPPStream.h in Headers */,
				F6867C6F1C3C2DDD009617B5 /* XMPPStreamFeature.h in Headers */,
				F6DC3C531C457815007C0F48 /* XMPPAccount.h in Headers */,
				F6867C7F1C3D7E8E009617B5 /* XMPPClient.h in Headers */,
				F68414171C4EA558009B37BE /* XMPPModule.h in Headers */,
				F6476AC71BEA61C700B0DF82 /* XMPPWebsocketStream.h in Headers */,
			);
			runOnlyForDeploymentPostprocessing = 0;
		};
		F6476AA01BE40E8B00B0DF82 /* Headers */ = {
			isa = PBXHeadersBuildPhase;
			buildActionMask = 2147483647;
			files = (
				F6476ABA1BE40EAF00B0DF82 /* CoreXMPP.h in Headers */,
				F6CD445C1C5653F70084757A /* XMPPStanzaHandler.h in Headers */,
				F6867C761C3D0C27009617B5 /* XMPPStreamFeatureSASL.h in Headers */,
				F6DC3C2B1C43FC97007C0F48 /* XMPPStreamFeatureBind.h in Headers */,
				F6DC3C4D1C457677007C0F48 /* XMPPServiceManager.h in Headers */,
				F6F56AFA1C537DF600C34CC8 /* XMPPNetworkReachability.h in Headers */,
				F6867C601C3C092C009617B5 /* SASLMechanism.h in Headers */,
				F6867C661C3C1114009617B5 /* SASLMechanismPLAIN.h in Headers */,
				F6DC3C3D1C45322C007C0F48 /* XMPPStreamFeatureSession.h in Headers */,
				F68414211C4ED835009B37BE /* XMPPDispatcher.h in Headers */,
				F619BDB11C4CF2B900F87F50 /* XMPPJID.h in Headers */,
				F6E72BE61C500A4E006F27FE /* XMPPPingModule.h in Headers */,
				F696A2B91C4CD53F00D90A08 /* XMPPAccount+Private.h in Headers */,
				F6CD44601C565BF30084757A /* XMPPStreamStanzaHandlerProxy.h in Headers */,
				F6EA5A7D1C54484D00807550 /* XMPPError.h in Headers */,
				F6CD44691C5661FE0084757A /* XMPPStreamFeatureStreamManagement.h in Headers */,
				F6476AC21BEA586000B0DF82 /* XMPPStream.h in Headers */,
				F6867C701C3C2DDD009617B5 /* XMPPStreamFeature.h in Headers */,
				F6DC3C541C457815007C0F48 /* XMPPAccount.h in Headers */,
				F6867C801C3D7E8E009617B5 /* XMPPClient.h in Headers */,
				F68414181C4EA558009B37BE /* XMPPModule.h in Headers */,
				F6476AC81BEA61C700B0DF82 /* XMPPWebsocketStream.h in Headers */,
			);
			runOnlyForDeploymentPostprocessing = 0;
		};
/* End PBXHeadersBuildPhase section */

/* Begin PBXNativeTarget section */
		F6476A831BE40E3100B0DF82 /* CoreXMPPiOS */ = {
			isa = PBXNativeTarget;
			buildConfigurationList = F6476A981BE40E3100B0DF82 /* Build configuration list for PBXNativeTarget "CoreXMPPiOS" */;
			buildPhases = (
				F6476A7F1BE40E3100B0DF82 /* Sources */,
				F6476A801BE40E3100B0DF82 /* Frameworks */,
				F6476A811BE40E3100B0DF82 /* Headers */,
				F6476A821BE40E3100B0DF82 /* Resources */,
			);
			buildRules = (
			);
			dependencies = (
			);
			name = CoreXMPPiOS;
			productName = CoreXMPP;
			productReference = F6476A841BE40E3100B0DF82 /* CoreXMPP.framework */;
			productType = "com.apple.product-type.framework";
		};
		F6476A8D1BE40E3100B0DF82 /* CoreXMPPiOSTests */ = {
			isa = PBXNativeTarget;
			buildConfigurationList = F6476A9B1BE40E3100B0DF82 /* Build configuration list for PBXNativeTarget "CoreXMPPiOSTests" */;
			buildPhases = (
				F6476A8A1BE40E3100B0DF82 /* Sources */,
				F6476A8B1BE40E3100B0DF82 /* Frameworks */,
				F6476A8C1BE40E3100B0DF82 /* Resources */,
				F68413FE1C4D83E6009B37BE /* ShellScript */,
			);
			buildRules = (
			);
			dependencies = (
				F6476A911BE40E3100B0DF82 /* PBXTargetDependency */,
			);
			name = CoreXMPPiOSTests;
			productName = CoreXMPPTests;
			productReference = F6476A8E1BE40E3100B0DF82 /* CoreXMPPiOSTests.xctest */;
			productType = "com.apple.product-type.bundle.unit-test";
		};
		F6476AA21BE40E8B00B0DF82 /* CoreXMPPOSX */ = {
			isa = PBXNativeTarget;
			buildConfigurationList = F6476AB41BE40E8B00B0DF82 /* Build configuration list for PBXNativeTarget "CoreXMPPOSX" */;
			buildPhases = (
				F6476A9E1BE40E8B00B0DF82 /* Sources */,
				F6476A9F1BE40E8B00B0DF82 /* Frameworks */,
				F6476AA01BE40E8B00B0DF82 /* Headers */,
				F6476AA11BE40E8B00B0DF82 /* Resources */,
			);
			buildRules = (
			);
			dependencies = (
			);
			name = CoreXMPPOSX;
			productName = CoreXMPP;
			productReference = F6476AA31BE40E8B00B0DF82 /* CoreXMPP.framework */;
			productType = "com.apple.product-type.framework";
		};
		F6476AAB1BE40E8B00B0DF82 /* CoreXMPPOSXTests */ = {
			isa = PBXNativeTarget;
			buildConfigurationList = F6476AB71BE40E8B00B0DF82 /* Build configuration list for PBXNativeTarget "CoreXMPPOSXTests" */;
			buildPhases = (
				F6476AA81BE40E8B00B0DF82 /* Sources */,
				F6476AA91BE40E8B00B0DF82 /* Frameworks */,
				F6476AAA1BE40E8B00B0DF82 /* Resources */,
				F65946991C4D403D00951151 /* CopyFiles */,
			);
			buildRules = (
			);
			dependencies = (
				F6476AAF1BE40E8B00B0DF82 /* PBXTargetDependency */,
			);
			name = CoreXMPPOSXTests;
			productName = CoreXMPPTests;
			productReference = F6476AAC1BE40E8B00B0DF82 /* CoreXMPPOSXTests.xctest */;
			productType = "com.apple.product-type.bundle.unit-test";
		};
/* End PBXNativeTarget section */

/* Begin PBXProject section */
		F6476A7B1BE40E3100B0DF82 /* Project object */ = {
			isa = PBXProject;
			attributes = {
				LastUpgradeCheck = 0710;
				ORGANIZATIONNAME = "Tobias Kräntzer";
				TargetAttributes = {
					F6476A831BE40E3100B0DF82 = {
						CreatedOnToolsVersion = 7.1;
					};
					F6476A8D1BE40E3100B0DF82 = {
						CreatedOnToolsVersion = 7.1;
					};
					F6476AA21BE40E8B00B0DF82 = {
						CreatedOnToolsVersion = 7.1;
					};
					F6476AAB1BE40E8B00B0DF82 = {
						CreatedOnToolsVersion = 7.1;
					};
				};
			};
			buildConfigurationList = F6476A7E1BE40E3100B0DF82 /* Build configuration list for PBXProject "CoreXMPP" */;
			compatibilityVersion = "Xcode 3.2";
			developmentRegion = English;
			hasScannedForEncodings = 0;
			knownRegions = (
				en,
			);
			mainGroup = F6476A7A1BE40E3100B0DF82;
			productRefGroup = F6476A851BE40E3100B0DF82 /* Products */;
			projectDirPath = "";
			projectRoot = "";
			targets = (
				F6476A831BE40E3100B0DF82 /* CoreXMPPiOS */,
				F6476A8D1BE40E3100B0DF82 /* CoreXMPPiOSTests */,
				F6476AA21BE40E8B00B0DF82 /* CoreXMPPOSX */,
				F6476AAB1BE40E8B00B0DF82 /* CoreXMPPOSXTests */,
			);
		};
/* End PBXProject section */

/* Begin PBXResourcesBuildPhase section */
		F6476A821BE40E3100B0DF82 /* Resources */ = {
			isa = PBXResourcesBuildPhase;
			buildActionMask = 2147483647;
			files = (
			);
			runOnlyForDeploymentPostprocessing = 0;
		};
		F6476A8C1BE40E3100B0DF82 /* Resources */ = {
			isa = PBXResourcesBuildPhase;
			buildActionMask = 2147483647;
			files = (
			);
			runOnlyForDeploymentPostprocessing = 0;
		};
		F6476AA11BE40E8B00B0DF82 /* Resources */ = {
			isa = PBXResourcesBuildPhase;
			buildActionMask = 2147483647;
			files = (
			);
			runOnlyForDeploymentPostprocessing = 0;
		};
		F6476AAA1BE40E8B00B0DF82 /* Resources */ = {
			isa = PBXResourcesBuildPhase;
			buildActionMask = 2147483647;
			files = (
			);
			runOnlyForDeploymentPostprocessing = 0;
		};
/* End PBXResourcesBuildPhase section */

/* Begin PBXShellScriptBuildPhase section */
		F68413FE1C4D83E6009B37BE /* ShellScript */ = {
			isa = PBXShellScriptBuildPhase;
			buildActionMask = 2147483647;
			files = (
			);
			inputPaths = (
				"$(SRCROOT)/../Carthage/Build/iOS/PureXML.framework",
				"$(SRCROOT)/../Carthage/Build/iOS/SocketRocket.framework",
				"$(SRCROOT)/../Carthage/Build/iOS/CocoaLumberjack.framework",
				"$(SRCROOT)/../Carthage/Build/iOS/OCHamcrest.framework",
				"$(SRCROOT)/../Carthage/Build/iOS/OCMockito.framework",
				"$(SRCROOT)/../Carthage/Build/iOS/OHHTTPStubs.framework",
			);
			outputPaths = (
			);
			runOnlyForDeploymentPostprocessing = 0;
			shellPath = /bin/sh;
			shellScript = "/usr/local/bin/carthage copy-frameworks";
		};
/* End PBXShellScriptBuildPhase section */

/* Begin PBXSourcesBuildPhase section */
		F6476A7F1BE40E3100B0DF82 /* Sources */ = {
			isa = PBXSourcesBuildPhase;
			buildActionMask = 2147483647;
			files = (
				F6867C771C3D0C27009617B5 /* XMPPStreamFeatureSASL.m in Sources */,
				F6F56AFB1C537DF600C34CC8 /* XMPPNetworkReachability.m in Sources */,
				F6CD44611C565BF30084757A /* XMPPStreamStanzaHandlerProxy.m in Sources */,
				F6DC3C2C1C43FC97007C0F48 /* XMPPStreamFeatureBind.m in Sources */,
				F6867C811C3D7E8E009617B5 /* XMPPClient.m in Sources */,
				F68414221C4ED835009B37BE /* XMPPDispatcher.m in Sources */,
				F6E72BE71C500A4E006F27FE /* XMPPPingModule.m in Sources */,
				F6476AC91BEA61C700B0DF82 /* XMPPWebsocketStream.m in Sources */,
				F6476AC31BEA586000B0DF82 /* XMPPStream.m in Sources */,
				F6DC3C4E1C457677007C0F48 /* XMPPServiceManager.m in Sources */,
				F6867C711C3C2DDD009617B5 /* XMPPStreamFeature.m in Sources */,
				F6867C611C3C092C009617B5 /* SASLMechanism.m in Sources */,
				F6CD446A1C5661FE0084757A /* XMPPStreamFeatureStreamManagement.m in Sources */,
				F6867C671C3C1114009617B5 /* SASLMechanismPLAIN.m in Sources */,
				F619BDB21C4CF2B900F87F50 /* XMPPJID.m in Sources */,
				F6DC3C3E1C45322C007C0F48 /* XMPPStreamFeatureSession.m in Sources */,
				F6DC3C551C457815007C0F48 /* XMPPAccount.m in Sources */,
				F6EA5A7E1C54484D00807550 /* XMPPError.m in Sources */,
				F68414191C4EA558009B37BE /* XMPPModule.m in Sources */,
			);
			runOnlyForDeploymentPostprocessing = 0;
		};
		F6476A8A1BE40E3100B0DF82 /* Sources */ = {
			isa = PBXSourcesBuildPhase;
			buildActionMask = 2147483647;
			files = (
				F684142A1C4F842D009B37BE /* XMPPModuleStub.m in Sources */,
				F6867C881C3E7CF1009617B5 /* XMPPStreamStub.m in Sources */,
				F684142E1C4F9F9D009B37BE /* XMPPConnectionStub.m in Sources */,
				F68414261C4F837C009B37BE /* XMPPDispatcherTests.m in Sources */,
				F6867C7A1C3D0E45009617B5 /* XMPPStreamFeatureSASLTests.m in Sources */,
				F6DC3C2F1C440035007C0F48 /* XMPPStreamFeatureBindTests.m in Sources */,
				F6DC3C581C45825A007C0F48 /* XMPPServiceManagerTests.m in Sources */,
				F6E72BEB1C501215006F27FE /* XMPPPingModuleTests.m in Sources */,
				F619BDA91C4CE78100F87F50 /* XMPPTestCase.m in Sources */,
				F6476ACC1BECB31A00B0DF82 /* XMPPWebsocketStreamTests.m in Sources */,
				F6DC3C261C43C44D007C0F48 /* XMPPStreamFeatureStub.m in Sources */,
				F6867C6A1C3C17F5009617B5 /* SASLMechanismPLAINTests.m in Sources */,
				F6CD44641C565FE80084757A /* XMPPStreamFeatureStreamManagementTests.m in Sources */,
				F619BDAC1C4CF28000F87F50 /* XMPPJIDTests.m in Sources */,
				F6DC3C411C45326F007C0F48 /* XMPPStreamFeatureSessionTests.m in Sources */,
				F6867C841C3E76B3009617B5 /* XMPPClientTests.m in Sources */,
			);
			runOnlyForDeploymentPostprocessing = 0;
		};
		F6476A9E1BE40E8B00B0DF82 /* Sources */ = {
			isa = PBXSourcesBuildPhase;
			buildActionMask = 2147483647;
			files = (
				F6867C781C3D0C27009617B5 /* XMPPStreamFeatureSASL.m in Sources */,
				F6F56AFC1C537DF600C34CC8 /* XMPPNetworkReachability.m in Sources */,
				F6CD44621C565BF30084757A /* XMPPStreamStanzaHandlerProxy.m in Sources */,
				F6DC3C2D1C43FC97007C0F48 /* XMPPStreamFeatureBind.m in Sources */,
				F6867C821C3D7E8E009617B5 /* XMPPClient.m in Sources */,
				F68414231C4ED835009B37BE /* XMPPDispatcher.m in Sources */,
				F6E72BE81C500A4E006F27FE /* XMPPPingModule.m in Sources */,
				F6476ACA1BEA61C700B0DF82 /* XMPPWebsocketStream.m in Sources */,
				F6476AC41BEA586000B0DF82 /* XMPPStream.m in Sources */,
				F6DC3C4F1C457677007C0F48 /* XMPPServiceManager.m in Sources */,
				F6867C721C3C2DDD009617B5 /* XMPPStreamFeature.m in Sources */,
				F6867C621C3C092C009617B5 /* SASLMechanism.m in Sources */,
				F6CD446B1C5661FE0084757A /* XMPPStreamFeatureStreamManagement.m in Sources */,
				F6867C681C3C1114009617B5 /* SASLMechanismPLAIN.m in Sources */,
				F619BDB31C4CF2B900F87F50 /* XMPPJID.m in Sources */,
				F6DC3C3F1C45322C007C0F48 /* XMPPStreamFeatureSession.m in Sources */,
				F6DC3C561C457815007C0F48 /* XMPPAccount.m in Sources */,
				F6EA5A7F1C54484D00807550 /* XMPPError.m in Sources */,
				F684141A1C4EA558009B37BE /* XMPPModule.m in Sources */,
			);
			runOnlyForDeploymentPostprocessing = 0;
		};
		F6476AA81BE40E8B00B0DF82 /* Sources */ = {
			isa = PBXSourcesBuildPhase;
			buildActionMask = 2147483647;
			files = (
				F684142B1C4F842D009B37BE /* XMPPModuleStub.m in Sources */,
				F6867C891C3E7CF1009617B5 /* XMPPStreamStub.m in Sources */,
				F684142F1C4F9F9D009B37BE /* XMPPConnectionStub.m in Sources */,
				F68414271C4F837C009B37BE /* XMPPDispatcherTests.m in Sources */,
				F6867C7B1C3D0E45009617B5 /* XMPPStreamFeatureSASLTests.m in Sources */,
				F6DC3C301C440035007C0F48 /* XMPPStreamFeatureBindTests.m in Sources */,
				F6DC3C591C45825A007C0F48 /* XMPPServiceManagerTests.m in Sources */,
				F6E72BEC1C501215006F27FE /* XMPPPingModuleTests.m in Sources */,
				F619BDAA1C4CE78100F87F50 /* XMPPTestCase.m in Sources */,
				F6476ACD1BECB31A00B0DF82 /* XMPPWebsocketStreamTests.m in Sources */,
				F6DC3C271C43C44E007C0F48 /* XMPPStreamFeatureStub.m in Sources */,
				F6867C6B1C3C17F5009617B5 /* SASLMechanismPLAINTests.m in Sources */,
				F6CD44651C565FE80084757A /* XMPPStreamFeatureStreamManagementTests.m in Sources */,
				F619BDAD1C4CF28000F87F50 /* XMPPJIDTests.m in Sources */,
				F6DC3C421C45326F007C0F48 /* XMPPStreamFeatureSessionTests.m in Sources */,
				F6867C851C3E76B3009617B5 /* XMPPClientTests.m in Sources */,
			);
			runOnlyForDeploymentPostprocessing = 0;
		};
/* End PBXSourcesBuildPhase section */

/* Begin PBXTargetDependency section */
		F6476A911BE40E3100B0DF82 /* PBXTargetDependency */ = {
			isa = PBXTargetDependency;
			target = F6476A831BE40E3100B0DF82 /* CoreXMPPiOS */;
			targetProxy = F6476A901BE40E3100B0DF82 /* PBXContainerItemProxy */;
		};
		F6476AAF1BE40E8B00B0DF82 /* PBXTargetDependency */ = {
			isa = PBXTargetDependency;
			target = F6476AA21BE40E8B00B0DF82 /* CoreXMPPOSX */;
			targetProxy = F6476AAE1BE40E8B00B0DF82 /* PBXContainerItemProxy */;
		};
/* End PBXTargetDependency section */

/* Begin XCBuildConfiguration section */
		F6476A961BE40E3100B0DF82 /* Debug */ = {
			isa = XCBuildConfiguration;
			buildSettings = {
				ALWAYS_SEARCH_USER_PATHS = NO;
				CLANG_CXX_LANGUAGE_STANDARD = "gnu++0x";
				CLANG_CXX_LIBRARY = "libc++";
				CLANG_ENABLE_MODULES = YES;
				CLANG_ENABLE_OBJC_ARC = YES;
				CLANG_WARN_BOOL_CONVERSION = YES;
				CLANG_WARN_CONSTANT_CONVERSION = YES;
				CLANG_WARN_DIRECT_OBJC_ISA_USAGE = YES_ERROR;
				CLANG_WARN_EMPTY_BODY = YES;
				CLANG_WARN_ENUM_CONVERSION = YES;
				CLANG_WARN_INT_CONVERSION = YES;
				CLANG_WARN_OBJC_ROOT_CLASS = YES_ERROR;
				CLANG_WARN_UNREACHABLE_CODE = YES;
				CLANG_WARN__DUPLICATE_METHOD_MATCH = YES;
				"CODE_SIGN_IDENTITY[sdk=iphoneos*]" = "";
				COPY_PHASE_STRIP = NO;
				CURRENT_PROJECT_VERSION = 1;
				DEBUG_INFORMATION_FORMAT = dwarf;
				ENABLE_STRICT_OBJC_MSGSEND = YES;
				ENABLE_TESTABILITY = YES;
				FRAMEWORK_SEARCH_PATHS = "";
				GCC_C_LANGUAGE_STANDARD = gnu99;
				GCC_DYNAMIC_NO_PIC = NO;
				GCC_NO_COMMON_BLOCKS = YES;
				GCC_OPTIMIZATION_LEVEL = 0;
				GCC_PREPROCESSOR_DEFINITIONS = (
					"DEBUG=1",
					"$(inherited)",
				);
				GCC_WARN_64_TO_32_BIT_CONVERSION = YES;
				GCC_WARN_ABOUT_RETURN_TYPE = YES_ERROR;
				GCC_WARN_UNDECLARED_SELECTOR = YES;
				GCC_WARN_UNINITIALIZED_AUTOS = YES_AGGRESSIVE;
				GCC_WARN_UNUSED_FUNCTION = YES;
				GCC_WARN_UNUSED_VARIABLE = YES;
				HEADER_SEARCH_PATHS = "";
				IPHONEOS_DEPLOYMENT_TARGET = 8.0;
				MACOSX_DEPLOYMENT_TARGET = 10.10;
				MTL_ENABLE_DEBUG_INFO = YES;
				ONLY_ACTIVE_ARCH = YES;
				SDKROOT = iphoneos;
				TARGETED_DEVICE_FAMILY = "1,2";
				VERSIONING_SYSTEM = "apple-generic";
				VERSION_INFO_PREFIX = "";
			};
			name = Debug;
		};
		F6476A971BE40E3100B0DF82 /* Release */ = {
			isa = XCBuildConfiguration;
			buildSettings = {
				ALWAYS_SEARCH_USER_PATHS = NO;
				CLANG_CXX_LANGUAGE_STANDARD = "gnu++0x";
				CLANG_CXX_LIBRARY = "libc++";
				CLANG_ENABLE_MODULES = YES;
				CLANG_ENABLE_OBJC_ARC = YES;
				CLANG_WARN_BOOL_CONVERSION = YES;
				CLANG_WARN_CONSTANT_CONVERSION = YES;
				CLANG_WARN_DIRECT_OBJC_ISA_USAGE = YES_ERROR;
				CLANG_WARN_EMPTY_BODY = YES;
				CLANG_WARN_ENUM_CONVERSION = YES;
				CLANG_WARN_INT_CONVERSION = YES;
				CLANG_WARN_OBJC_ROOT_CLASS = YES_ERROR;
				CLANG_WARN_UNREACHABLE_CODE = YES;
				CLANG_WARN__DUPLICATE_METHOD_MATCH = YES;
				"CODE_SIGN_IDENTITY[sdk=iphoneos*]" = "";
				COPY_PHASE_STRIP = NO;
				CURRENT_PROJECT_VERSION = 1;
				DEBUG_INFORMATION_FORMAT = "dwarf-with-dsym";
				ENABLE_NS_ASSERTIONS = NO;
				ENABLE_STRICT_OBJC_MSGSEND = YES;
				FRAMEWORK_SEARCH_PATHS = "";
				GCC_C_LANGUAGE_STANDARD = gnu99;
				GCC_NO_COMMON_BLOCKS = YES;
				GCC_WARN_64_TO_32_BIT_CONVERSION = YES;
				GCC_WARN_ABOUT_RETURN_TYPE = YES_ERROR;
				GCC_WARN_UNDECLARED_SELECTOR = YES;
				GCC_WARN_UNINITIALIZED_AUTOS = YES_AGGRESSIVE;
				GCC_WARN_UNUSED_FUNCTION = YES;
				GCC_WARN_UNUSED_VARIABLE = YES;
				HEADER_SEARCH_PATHS = "";
				IPHONEOS_DEPLOYMENT_TARGET = 8.0;
				MACOSX_DEPLOYMENT_TARGET = 10.10;
				MTL_ENABLE_DEBUG_INFO = NO;
				SDKROOT = iphoneos;
				TARGETED_DEVICE_FAMILY = "1,2";
				VALIDATE_PRODUCT = YES;
				VERSIONING_SYSTEM = "apple-generic";
				VERSION_INFO_PREFIX = "";
			};
			name = Release;
		};
		F6476A991BE40E3100B0DF82 /* Debug */ = {
			isa = XCBuildConfiguration;
			buildSettings = {
				CODE_SIGN_IDENTITY = "iPhone Developer";
				DYLIB_COMPATIBILITY_VERSION = 1;
				DYLIB_CURRENT_VERSION = 1;
				DYLIB_INSTALL_NAME_BASE = "@rpath";
				FRAMEWORK_SEARCH_PATHS = "$(PROJECT_DIR)/../Carthage/Build/iOS/";
				HEADER_SEARCH_PATHS = "";
				INFOPLIST_FILE = CoreXMPP/Info.plist;
				INSTALL_PATH = "$(LOCAL_LIBRARY_DIR)/Frameworks";
				IPHONEOS_DEPLOYMENT_TARGET = 8.0;
				LD_RUNPATH_SEARCH_PATHS = "$(inherited) @executable_path/Frameworks @loader_path/Frameworks";
				PRODUCT_BUNDLE_IDENTIFIER = "de.tobias-kraentzer.CoreXMPP";
				PRODUCT_NAME = CoreXMPP;
				SKIP_INSTALL = YES;
			};
			name = Debug;
		};
		F6476A9A1BE40E3100B0DF82 /* Release */ = {
			isa = XCBuildConfiguration;
			buildSettings = {
				CODE_SIGN_IDENTITY = "iPhone Developer";
				DYLIB_COMPATIBILITY_VERSION = 1;
				DYLIB_CURRENT_VERSION = 1;
				DYLIB_INSTALL_NAME_BASE = "@rpath";
				FRAMEWORK_SEARCH_PATHS = "$(PROJECT_DIR)/../Carthage/Build/iOS/";
				HEADER_SEARCH_PATHS = "";
				INFOPLIST_FILE = CoreXMPP/Info.plist;
				INSTALL_PATH = "$(LOCAL_LIBRARY_DIR)/Frameworks";
				IPHONEOS_DEPLOYMENT_TARGET = 8.0;
				LD_RUNPATH_SEARCH_PATHS = "$(inherited) @executable_path/Frameworks @loader_path/Frameworks";
				PRODUCT_BUNDLE_IDENTIFIER = "de.tobias-kraentzer.CoreXMPP";
				PRODUCT_NAME = CoreXMPP;
				SKIP_INSTALL = YES;
			};
			name = Release;
		};
		F6476A9C1BE40E3100B0DF82 /* Debug */ = {
			isa = XCBuildConfiguration;
			buildSettings = {
				EMBEDDED_CONTENT_CONTAINS_SWIFT = YES;
				FRAMEWORK_SEARCH_PATHS = "$(PROJECT_DIR)/../Carthage/Build/iOS/";
				INFOPLIST_FILE = CoreXMPPTests/Info.plist;
				LD_RUNPATH_SEARCH_PATHS = "$(inherited) @executable_path/Frameworks @loader_path/Frameworks";
				PRODUCT_BUNDLE_IDENTIFIER = "de.tobias-kraentzer.CoreXMPPTests";
				PRODUCT_NAME = "$(TARGET_NAME)";
			};
			name = Debug;
		};
		F6476A9D1BE40E3100B0DF82 /* Release */ = {
			isa = XCBuildConfiguration;
			buildSettings = {
				EMBEDDED_CONTENT_CONTAINS_SWIFT = YES;
				FRAMEWORK_SEARCH_PATHS = "$(PROJECT_DIR)/../Carthage/Build/iOS/";
				INFOPLIST_FILE = CoreXMPPTests/Info.plist;
				LD_RUNPATH_SEARCH_PATHS = "$(inherited) @executable_path/Frameworks @loader_path/Frameworks";
				PRODUCT_BUNDLE_IDENTIFIER = "de.tobias-kraentzer.CoreXMPPTests";
				PRODUCT_NAME = "$(TARGET_NAME)";
			};
			name = Release;
		};
		F6476AB51BE40E8B00B0DF82 /* Debug */ = {
			isa = XCBuildConfiguration;
			buildSettings = {
				CODE_SIGN_IDENTITY = "-";
				COMBINE_HIDPI_IMAGES = YES;
				DYLIB_COMPATIBILITY_VERSION = 1;
				DYLIB_CURRENT_VERSION = 1;
				DYLIB_INSTALL_NAME_BASE = "@rpath";
				FRAMEWORK_SEARCH_PATHS = "$(PROJECT_DIR)/../Carthage/Build/Mac";
				FRAMEWORK_VERSION = A;
				INFOPLIST_FILE = CoreXMPP/Info.plist;
				INSTALL_PATH = "$(LOCAL_LIBRARY_DIR)/Frameworks";
				LD_RUNPATH_SEARCH_PATHS = "$(inherited) @executable_path/../Frameworks @loader_path/Frameworks";
				MACOSX_DEPLOYMENT_TARGET = 10.10;
				PRODUCT_BUNDLE_IDENTIFIER = "de.tobias-kraentzer.CoreXMPP";
				PRODUCT_NAME = CoreXMPP;
				SDKROOT = macosx;
				SKIP_INSTALL = YES;
			};
			name = Debug;
		};
		F6476AB61BE40E8B00B0DF82 /* Release */ = {
			isa = XCBuildConfiguration;
			buildSettings = {
				CODE_SIGN_IDENTITY = "-";
				COMBINE_HIDPI_IMAGES = YES;
				DYLIB_COMPATIBILITY_VERSION = 1;
				DYLIB_CURRENT_VERSION = 1;
				DYLIB_INSTALL_NAME_BASE = "@rpath";
				FRAMEWORK_SEARCH_PATHS = "$(PROJECT_DIR)/../Carthage/Build/Mac";
				FRAMEWORK_VERSION = A;
				INFOPLIST_FILE = CoreXMPP/Info.plist;
				INSTALL_PATH = "$(LOCAL_LIBRARY_DIR)/Frameworks";
				LD_RUNPATH_SEARCH_PATHS = "$(inherited) @executable_path/../Frameworks @loader_path/Frameworks";
				MACOSX_DEPLOYMENT_TARGET = 10.10;
				PRODUCT_BUNDLE_IDENTIFIER = "de.tobias-kraentzer.CoreXMPP";
				PRODUCT_NAME = CoreXMPP;
				SDKROOT = macosx;
				SKIP_INSTALL = YES;
			};
			name = Release;
		};
		F6476AB81BE40E8B00B0DF82 /* Debug */ = {
			isa = XCBuildConfiguration;
			buildSettings = {
				COMBINE_HIDPI_IMAGES = YES;
				FRAMEWORK_SEARCH_PATHS = "$(PROJECT_DIR)/../Carthage/Build/Mac";
				INFOPLIST_FILE = CoreXMPPTests/Info.plist;
				LD_RUNPATH_SEARCH_PATHS = "$(inherited) @executable_path/../Frameworks @loader_path/../Frameworks";
				MACOSX_DEPLOYMENT_TARGET = 10.11;
				PRODUCT_BUNDLE_IDENTIFIER = "de.tobias-kraentzer.CoreXMPPTests";
				PRODUCT_NAME = "$(TARGET_NAME)";
				SDKROOT = macosx;
			};
			name = Debug;
		};
		F6476AB91BE40E8B00B0DF82 /* Release */ = {
			isa = XCBuildConfiguration;
			buildSettings = {
				COMBINE_HIDPI_IMAGES = YES;
				FRAMEWORK_SEARCH_PATHS = "$(PROJECT_DIR)/../Carthage/Build/Mac";
				INFOPLIST_FILE = CoreXMPPTests/Info.plist;
				LD_RUNPATH_SEARCH_PATHS = "$(inherited) @executable_path/../Frameworks @loader_path/../Frameworks";
				MACOSX_DEPLOYMENT_TARGET = 10.11;
				PRODUCT_BUNDLE_IDENTIFIER = "de.tobias-kraentzer.CoreXMPPTests";
				PRODUCT_NAME = "$(TARGET_NAME)";
				SDKROOT = macosx;
			};
			name = Release;
		};
/* End XCBuildConfiguration section */

/* Begin XCConfigurationList section */
		F6476A7E1BE40E3100B0DF82 /* Build configuration list for PBXProject "CoreXMPP" */ = {
			isa = XCConfigurationList;
			buildConfigurations = (
				F6476A961BE40E3100B0DF82 /* Debug */,
				F6476A971BE40E3100B0DF82 /* Release */,
			);
			defaultConfigurationIsVisible = 0;
			defaultConfigurationName = Release;
		};
		F6476A981BE40E3100B0DF82 /* Build configuration list for PBXNativeTarget "CoreXMPPiOS" */ = {
			isa = XCConfigurationList;
			buildConfigurations = (
				F6476A991BE40E3100B0DF82 /* Debug */,
				F6476A9A1BE40E3100B0DF82 /* Release */,
			);
			defaultConfigurationIsVisible = 0;
			defaultConfigurationName = Release;
		};
		F6476A9B1BE40E3100B0DF82 /* Build configuration list for PBXNativeTarget "CoreXMPPiOSTests" */ = {
			isa = XCConfigurationList;
			buildConfigurations = (
				F6476A9C1BE40E3100B0DF82 /* Debug */,
				F6476A9D1BE40E3100B0DF82 /* Release */,
			);
			defaultConfigurationIsVisible = 0;
			defaultConfigurationName = Release;
		};
		F6476AB41BE40E8B00B0DF82 /* Build configuration list for PBXNativeTarget "CoreXMPPOSX" */ = {
			isa = XCConfigurationList;
			buildConfigurations = (
				F6476AB51BE40E8B00B0DF82 /* Debug */,
				F6476AB61BE40E8B00B0DF82 /* Release */,
			);
			defaultConfigurationIsVisible = 0;
			defaultConfigurationName = Release;
		};
		F6476AB71BE40E8B00B0DF82 /* Build configuration list for PBXNativeTarget "CoreXMPPOSXTests" */ = {
			isa = XCConfigurationList;
			buildConfigurations = (
				F6476AB81BE40E8B00B0DF82 /* Debug */,
				F6476AB91BE40E8B00B0DF82 /* Release */,
			);
			defaultConfigurationIsVisible = 0;
			defaultConfigurationName = Release;
		};
/* End XCConfigurationList section */
	};
	rootObject = F6476A7B1BE40E3100B0DF82 /* Project object */;
}
