// !$*UTF8*$!
{
	archiveVersion = 1;
	classes = {
	};
	objectVersion = 46;
	objects = {

/* Begin PBXBuildFile section */
		F60425CD1D211CCF0086822E /* XMPPDataFormOption.h in Headers */ = {isa = PBXBuildFile; fileRef = F60425CB1D211CCF0086822E /* XMPPDataFormOption.h */; settings = {ATTRIBUTES = (Public, ); }; };
		F60425CE1D211CCF0086822E /* XMPPDataFormOption.h in Headers */ = {isa = PBXBuildFile; fileRef = F60425CB1D211CCF0086822E /* XMPPDataFormOption.h */; settings = {ATTRIBUTES = (Public, ); }; };
		F60425CF1D211CCF0086822E /* XMPPDataFormOption.m in Sources */ = {isa = PBXBuildFile; fileRef = F60425CC1D211CCF0086822E /* XMPPDataFormOption.m */; };
		F60425D01D211CCF0086822E /* XMPPDataFormOption.m in Sources */ = {isa = PBXBuildFile; fileRef = F60425CC1D211CCF0086822E /* XMPPDataFormOption.m */; };
		F60425D21D211DA80086822E /* XMPPDataFormOptionTests.m in Sources */ = {isa = PBXBuildFile; fileRef = F60425D11D211DA80086822E /* XMPPDataFormOptionTests.m */; };
		F60425D31D211DA80086822E /* XMPPDataFormOptionTests.m in Sources */ = {isa = PBXBuildFile; fileRef = F60425D11D211DA80086822E /* XMPPDataFormOptionTests.m */; };
		F60703731CEB204300FBEE02 /* SASLKit.framework in Frameworks */ = {isa = PBXBuildFile; fileRef = F60703721CEB204300FBEE02 /* SASLKit.framework */; };
		F60703741CEB205C00FBEE02 /* SASLKit.framework in Frameworks */ = {isa = PBXBuildFile; fileRef = F60703721CEB204300FBEE02 /* SASLKit.framework */; };
		F60703761CEB207700FBEE02 /* SASLKit.framework in Frameworks */ = {isa = PBXBuildFile; fileRef = F60703751CEB207700FBEE02 /* SASLKit.framework */; };
		F60703771CEB208500FBEE02 /* SASLKit.framework in Frameworks */ = {isa = PBXBuildFile; fileRef = F60703751CEB207700FBEE02 /* SASLKit.framework */; };
		F60703781CEB209100FBEE02 /* SASLKit.framework in CopyFiles */ = {isa = PBXBuildFile; fileRef = F60703751CEB207700FBEE02 /* SASLKit.framework */; settings = {ATTRIBUTES = (CodeSignOnCopy, RemoveHeadersOnCopy, ); }; };
		F619BDA91C4CE78100F87F50 /* XMPPTestCase.m in Sources */ = {isa = PBXBuildFile; fileRef = F619BDA81C4CE78100F87F50 /* XMPPTestCase.m */; };
		F619BDAA1C4CE78100F87F50 /* XMPPTestCase.m in Sources */ = {isa = PBXBuildFile; fileRef = F619BDA81C4CE78100F87F50 /* XMPPTestCase.m */; };
		F619BDAC1C4CF28000F87F50 /* XMPPJIDTests.m in Sources */ = {isa = PBXBuildFile; fileRef = F619BDAB1C4CF28000F87F50 /* XMPPJIDTests.m */; };
		F619BDAD1C4CF28000F87F50 /* XMPPJIDTests.m in Sources */ = {isa = PBXBuildFile; fileRef = F619BDAB1C4CF28000F87F50 /* XMPPJIDTests.m */; };
		F619BDB01C4CF2B900F87F50 /* XMPPJID.h in Headers */ = {isa = PBXBuildFile; fileRef = F619BDAE1C4CF2B900F87F50 /* XMPPJID.h */; settings = {ATTRIBUTES = (Public, ); }; };
		F619BDB11C4CF2B900F87F50 /* XMPPJID.h in Headers */ = {isa = PBXBuildFile; fileRef = F619BDAE1C4CF2B900F87F50 /* XMPPJID.h */; settings = {ATTRIBUTES = (Public, ); }; };
		F619BDB21C4CF2B900F87F50 /* XMPPJID.m in Sources */ = {isa = PBXBuildFile; fileRef = F619BDAF1C4CF2B900F87F50 /* XMPPJID.m */; };
		F619BDB31C4CF2B900F87F50 /* XMPPJID.m in Sources */ = {isa = PBXBuildFile; fileRef = F619BDAF1C4CF2B900F87F50 /* XMPPJID.m */; };
		F619BE0F1C4D323600F87F50 /* CocoaLumberjack.framework in Frameworks */ = {isa = PBXBuildFile; fileRef = F619BE031C4D322600F87F50 /* CocoaLumberjack.framework */; settings = {ATTRIBUTES = (Required, ); }; };
		F619BE101C4D323A00F87F50 /* PureXML.framework in Frameworks */ = {isa = PBXBuildFile; fileRef = F619BE071C4D322600F87F50 /* PureXML.framework */; settings = {ATTRIBUTES = (Required, ); }; };
		F619BE121C4D34C800F87F50 /* OCHamcrest.framework in Frameworks */ = {isa = PBXBuildFile; fileRef = F619BE041C4D322600F87F50 /* OCHamcrest.framework */; };
		F619BE131C4D34C800F87F50 /* OCMockito.framework in Frameworks */ = {isa = PBXBuildFile; fileRef = F619BE051C4D322600F87F50 /* OCMockito.framework */; };
		F619BE141C4D34C800F87F50 /* OHHTTPStubs.framework in Frameworks */ = {isa = PBXBuildFile; fileRef = F619BE061C4D322600F87F50 /* OHHTTPStubs.framework */; };
		F63977EA1D1FCF0300613FE8 /* XMPPDataForm.h in Headers */ = {isa = PBXBuildFile; fileRef = F63977E81D1FCF0300613FE8 /* XMPPDataForm.h */; settings = {ATTRIBUTES = (Public, ); }; };
		F63977EB1D1FCF0300613FE8 /* XMPPDataForm.h in Headers */ = {isa = PBXBuildFile; fileRef = F63977E81D1FCF0300613FE8 /* XMPPDataForm.h */; settings = {ATTRIBUTES = (Public, ); }; };
		F63977EC1D1FCF0300613FE8 /* XMPPDataForm.m in Sources */ = {isa = PBXBuildFile; fileRef = F63977E91D1FCF0300613FE8 /* XMPPDataForm.m */; };
		F63977ED1D1FCF0300613FE8 /* XMPPDataForm.m in Sources */ = {isa = PBXBuildFile; fileRef = F63977E91D1FCF0300613FE8 /* XMPPDataForm.m */; };
		F63977F01D1FCF5800613FE8 /* XMPPDataFormTests.m in Sources */ = {isa = PBXBuildFile; fileRef = F63977EF1D1FCF5800613FE8 /* XMPPDataFormTests.m */; };
		F63977F11D1FCF5800613FE8 /* XMPPDataFormTests.m in Sources */ = {isa = PBXBuildFile; fileRef = F63977EF1D1FCF5800613FE8 /* XMPPDataFormTests.m */; };
		F63977F41D210F7600613FE8 /* XMPPDataFormField.h in Headers */ = {isa = PBXBuildFile; fileRef = F63977F21D210F7600613FE8 /* XMPPDataFormField.h */; settings = {ATTRIBUTES = (Public, ); }; };
		F63977F51D210F7600613FE8 /* XMPPDataFormField.h in Headers */ = {isa = PBXBuildFile; fileRef = F63977F21D210F7600613FE8 /* XMPPDataFormField.h */; settings = {ATTRIBUTES = (Public, ); }; };
		F63977F61D210F7600613FE8 /* XMPPDataFormField.m in Sources */ = {isa = PBXBuildFile; fileRef = F63977F31D210F7600613FE8 /* XMPPDataFormField.m */; };
		F63977F71D210F7600613FE8 /* XMPPDataFormField.m in Sources */ = {isa = PBXBuildFile; fileRef = F63977F31D210F7600613FE8 /* XMPPDataFormField.m */; };
		F63977F91D210F9F00613FE8 /* XMPPDataFormFieldTests.m in Sources */ = {isa = PBXBuildFile; fileRef = F63977F81D210F9F00613FE8 /* XMPPDataFormFieldTests.m */; };
		F63977FA1D210F9F00613FE8 /* XMPPDataFormFieldTests.m in Sources */ = {isa = PBXBuildFile; fileRef = F63977F81D210F9F00613FE8 /* XMPPDataFormFieldTests.m */; };
		F6476A881BE40E3100B0DF82 /* CoreXMPP.h in Headers */ = {isa = PBXBuildFile; fileRef = F6476A871BE40E3100B0DF82 /* CoreXMPP.h */; settings = {ATTRIBUTES = (Public, ); }; };
		F6476A8F1BE40E3100B0DF82 /* CoreXMPP.framework in Frameworks */ = {isa = PBXBuildFile; fileRef = F6476A841BE40E3100B0DF82 /* CoreXMPP.framework */; };
		F6476AAD1BE40E8B00B0DF82 /* CoreXMPP.framework in Frameworks */ = {isa = PBXBuildFile; fileRef = F6476AA31BE40E8B00B0DF82 /* CoreXMPP.framework */; };
		F6476ABA1BE40EAF00B0DF82 /* CoreXMPP.h in Headers */ = {isa = PBXBuildFile; fileRef = F6476A871BE40E3100B0DF82 /* CoreXMPP.h */; settings = {ATTRIBUTES = (Public, ); }; };
		F6476AC11BEA586000B0DF82 /* XMPPStream.h in Headers */ = {isa = PBXBuildFile; fileRef = F6476ABF1BEA586000B0DF82 /* XMPPStream.h */; settings = {ATTRIBUTES = (Public, ); }; };
		F6476AC21BEA586000B0DF82 /* XMPPStream.h in Headers */ = {isa = PBXBuildFile; fileRef = F6476ABF1BEA586000B0DF82 /* XMPPStream.h */; settings = {ATTRIBUTES = (Public, ); }; };
		F6476AC31BEA586000B0DF82 /* XMPPStream.m in Sources */ = {isa = PBXBuildFile; fileRef = F6476AC01BEA586000B0DF82 /* XMPPStream.m */; };
		F6476AC41BEA586000B0DF82 /* XMPPStream.m in Sources */ = {isa = PBXBuildFile; fileRef = F6476AC01BEA586000B0DF82 /* XMPPStream.m */; };
		F6476AC71BEA61C700B0DF82 /* XMPPWebsocketStream.h in Headers */ = {isa = PBXBuildFile; fileRef = F6476AC51BEA61C700B0DF82 /* XMPPWebsocketStream.h */; settings = {ATTRIBUTES = (Public, ); }; };
		F6476AC81BEA61C700B0DF82 /* XMPPWebsocketStream.h in Headers */ = {isa = PBXBuildFile; fileRef = F6476AC51BEA61C700B0DF82 /* XMPPWebsocketStream.h */; settings = {ATTRIBUTES = (Public, ); }; };
		F6476AC91BEA61C700B0DF82 /* XMPPWebsocketStream.m in Sources */ = {isa = PBXBuildFile; fileRef = F6476AC61BEA61C700B0DF82 /* XMPPWebsocketStream.m */; };
		F6476ACA1BEA61C700B0DF82 /* XMPPWebsocketStream.m in Sources */ = {isa = PBXBuildFile; fileRef = F6476AC61BEA61C700B0DF82 /* XMPPWebsocketStream.m */; };
		F6476ACC1BECB31A00B0DF82 /* XMPPWebsocketStreamTests.m in Sources */ = {isa = PBXBuildFile; fileRef = F6476ACB1BECB31A00B0DF82 /* XMPPWebsocketStreamTests.m */; };
		F6476ACD1BECB31A00B0DF82 /* XMPPWebsocketStreamTests.m in Sources */ = {isa = PBXBuildFile; fileRef = F6476ACB1BECB31A00B0DF82 /* XMPPWebsocketStreamTests.m */; };
		F6564EA01D1D5E810082CCD0 /* XMPPInBandRegistration.h in Headers */ = {isa = PBXBuildFile; fileRef = F6564E9E1D1D5E810082CCD0 /* XMPPInBandRegistration.h */; };
		F6564EA11D1D5E810082CCD0 /* XMPPInBandRegistration.h in Headers */ = {isa = PBXBuildFile; fileRef = F6564E9E1D1D5E810082CCD0 /* XMPPInBandRegistration.h */; };
		F6564EA21D1D5E810082CCD0 /* XMPPInBandRegistration.m in Sources */ = {isa = PBXBuildFile; fileRef = F6564E9F1D1D5E810082CCD0 /* XMPPInBandRegistration.m */; };
		F6564EA31D1D5E810082CCD0 /* XMPPInBandRegistration.m in Sources */ = {isa = PBXBuildFile; fileRef = F6564E9F1D1D5E810082CCD0 /* XMPPInBandRegistration.m */; };
		F6564EA71D1D63810082CCD0 /* XMPPInBandRegistrationTests.m in Sources */ = {isa = PBXBuildFile; fileRef = F6564EA41D1D5FDB0082CCD0 /* XMPPInBandRegistrationTests.m */; };
		F6564EA81D1D63810082CCD0 /* XMPPInBandRegistrationTests.m in Sources */ = {isa = PBXBuildFile; fileRef = F6564EA41D1D5FDB0082CCD0 /* XMPPInBandRegistrationTests.m */; };
		F676EF841CD7A762003047EC /* XMPPModuleStub.m in Sources */ = {isa = PBXBuildFile; fileRef = F676EF801CD7A754003047EC /* XMPPModuleStub.m */; };
		F676EF851CD7A763003047EC /* XMPPModuleStub.m in Sources */ = {isa = PBXBuildFile; fileRef = F676EF801CD7A754003047EC /* XMPPModuleStub.m */; };
		F68413D31C4D4A63009B37BE /* CocoaLumberjack.framework in CopyFiles */ = {isa = PBXBuildFile; fileRef = F619BE031C4D322600F87F50 /* CocoaLumberjack.framework */; settings = {ATTRIBUTES = (CodeSignOnCopy, RemoveHeadersOnCopy, ); }; };
		F68413D41C4D4A63009B37BE /* OCHamcrest.framework in CopyFiles */ = {isa = PBXBuildFile; fileRef = F619BE041C4D322600F87F50 /* OCHamcrest.framework */; settings = {ATTRIBUTES = (CodeSignOnCopy, RemoveHeadersOnCopy, ); }; };
		F68413D51C4D4A63009B37BE /* OCMockito.framework in CopyFiles */ = {isa = PBXBuildFile; fileRef = F619BE051C4D322600F87F50 /* OCMockito.framework */; settings = {ATTRIBUTES = (CodeSignOnCopy, RemoveHeadersOnCopy, ); }; };
		F68413D61C4D4A63009B37BE /* OHHTTPStubs.framework in CopyFiles */ = {isa = PBXBuildFile; fileRef = F619BE061C4D322600F87F50 /* OHHTTPStubs.framework */; settings = {ATTRIBUTES = (CodeSignOnCopy, RemoveHeadersOnCopy, ); }; };
		F68413DA1C4D5115009B37BE /* SocketRocket.framework in Frameworks */ = {isa = PBXBuildFile; fileRef = F68413D91C4D510F009B37BE /* SocketRocket.framework */; settings = {ATTRIBUTES = (Required, ); }; };
		F68413DB1C4D5123009B37BE /* SocketRocket.framework in CopyFiles */ = {isa = PBXBuildFile; fileRef = F68413D91C4D510F009B37BE /* SocketRocket.framework */; settings = {ATTRIBUTES = (CodeSignOnCopy, RemoveHeadersOnCopy, ); }; };
		F68413EE1C4D7FDA009B37BE /* OCHamcrest.framework in Frameworks */ = {isa = PBXBuildFile; fileRef = F68413EB1C4D7FDA009B37BE /* OCHamcrest.framework */; };
		F68413EF1C4D7FDA009B37BE /* OCMockito.framework in Frameworks */ = {isa = PBXBuildFile; fileRef = F68413EC1C4D7FDA009B37BE /* OCMockito.framework */; };
		F68413F01C4D7FDA009B37BE /* OHHTTPStubs.framework in Frameworks */ = {isa = PBXBuildFile; fileRef = F68413ED1C4D7FDA009B37BE /* OHHTTPStubs.framework */; };
		F68413F31C4D80E6009B37BE /* PureXML.framework in CopyFiles */ = {isa = PBXBuildFile; fileRef = F619BE071C4D322600F87F50 /* PureXML.framework */; settings = {ATTRIBUTES = (CodeSignOnCopy, RemoveHeadersOnCopy, ); }; };
		F68413F41C4D826D009B37BE /* PureXML.framework in Frameworks */ = {isa = PBXBuildFile; fileRef = F68413E51C4D7FB8009B37BE /* PureXML.framework */; };
		F68413F51C4D826D009B37BE /* SocketRocket.framework in Frameworks */ = {isa = PBXBuildFile; fileRef = F68413E61C4D7FB8009B37BE /* SocketRocket.framework */; };
		F68413F61C4D826D009B37BE /* CocoaLumberjack.framework in Frameworks */ = {isa = PBXBuildFile; fileRef = F68413E41C4D7FB8009B37BE /* CocoaLumberjack.framework */; };
		F68414201C4ED835009B37BE /* XMPPDispatcher.h in Headers */ = {isa = PBXBuildFile; fileRef = F684141E1C4ED835009B37BE /* XMPPDispatcher.h */; settings = {ATTRIBUTES = (Public, ); }; };
		F68414211C4ED835009B37BE /* XMPPDispatcher.h in Headers */ = {isa = PBXBuildFile; fileRef = F684141E1C4ED835009B37BE /* XMPPDispatcher.h */; settings = {ATTRIBUTES = (Public, ); }; };
		F68414221C4ED835009B37BE /* XMPPDispatcher.m in Sources */ = {isa = PBXBuildFile; fileRef = F684141F1C4ED835009B37BE /* XMPPDispatcher.m */; };
		F68414231C4ED835009B37BE /* XMPPDispatcher.m in Sources */ = {isa = PBXBuildFile; fileRef = F684141F1C4ED835009B37BE /* XMPPDispatcher.m */; };
		F68414261C4F837C009B37BE /* XMPPDispatcherTests.m in Sources */ = {isa = PBXBuildFile; fileRef = F68414251C4F837C009B37BE /* XMPPDispatcherTests.m */; };
		F68414271C4F837C009B37BE /* XMPPDispatcherTests.m in Sources */ = {isa = PBXBuildFile; fileRef = F68414251C4F837C009B37BE /* XMPPDispatcherTests.m */; };
		F684142E1C4F9F9D009B37BE /* XMPPConnectionStub.m in Sources */ = {isa = PBXBuildFile; fileRef = F684142D1C4F9F9D009B37BE /* XMPPConnectionStub.m */; };
		F684142F1C4F9F9D009B37BE /* XMPPConnectionStub.m in Sources */ = {isa = PBXBuildFile; fileRef = F684142D1C4F9F9D009B37BE /* XMPPConnectionStub.m */; };
		F6867C6F1C3C2DDD009617B5 /* XMPPStreamFeature.h in Headers */ = {isa = PBXBuildFile; fileRef = F6867C6D1C3C2DDD009617B5 /* XMPPStreamFeature.h */; settings = {ATTRIBUTES = (Public, ); }; };
		F6867C701C3C2DDD009617B5 /* XMPPStreamFeature.h in Headers */ = {isa = PBXBuildFile; fileRef = F6867C6D1C3C2DDD009617B5 /* XMPPStreamFeature.h */; settings = {ATTRIBUTES = (Public, ); }; };
		F6867C711C3C2DDD009617B5 /* XMPPStreamFeature.m in Sources */ = {isa = PBXBuildFile; fileRef = F6867C6E1C3C2DDD009617B5 /* XMPPStreamFeature.m */; };
		F6867C721C3C2DDD009617B5 /* XMPPStreamFeature.m in Sources */ = {isa = PBXBuildFile; fileRef = F6867C6E1C3C2DDD009617B5 /* XMPPStreamFeature.m */; };
		F6867C751C3D0C27009617B5 /* XMPPStreamFeatureSASL.h in Headers */ = {isa = PBXBuildFile; fileRef = F6867C731C3D0C27009617B5 /* XMPPStreamFeatureSASL.h */; settings = {ATTRIBUTES = (Public, ); }; };
		F6867C761C3D0C27009617B5 /* XMPPStreamFeatureSASL.h in Headers */ = {isa = PBXBuildFile; fileRef = F6867C731C3D0C27009617B5 /* XMPPStreamFeatureSASL.h */; settings = {ATTRIBUTES = (Public, ); }; };
		F6867C771C3D0C27009617B5 /* XMPPStreamFeatureSASL.m in Sources */ = {isa = PBXBuildFile; fileRef = F6867C741C3D0C27009617B5 /* XMPPStreamFeatureSASL.m */; };
		F6867C781C3D0C27009617B5 /* XMPPStreamFeatureSASL.m in Sources */ = {isa = PBXBuildFile; fileRef = F6867C741C3D0C27009617B5 /* XMPPStreamFeatureSASL.m */; };
		F6867C7A1C3D0E45009617B5 /* XMPPStreamFeatureSASLTests.m in Sources */ = {isa = PBXBuildFile; fileRef = F6867C791C3D0E45009617B5 /* XMPPStreamFeatureSASLTests.m */; };
		F6867C7B1C3D0E45009617B5 /* XMPPStreamFeatureSASLTests.m in Sources */ = {isa = PBXBuildFile; fileRef = F6867C791C3D0E45009617B5 /* XMPPStreamFeatureSASLTests.m */; };
		F6867C7F1C3D7E8E009617B5 /* XMPPClient.h in Headers */ = {isa = PBXBuildFile; fileRef = F6867C7D1C3D7E8E009617B5 /* XMPPClient.h */; settings = {ATTRIBUTES = (Public, ); }; };
		F6867C801C3D7E8E009617B5 /* XMPPClient.h in Headers */ = {isa = PBXBuildFile; fileRef = F6867C7D1C3D7E8E009617B5 /* XMPPClient.h */; settings = {ATTRIBUTES = (Public, ); }; };
		F6867C811C3D7E8E009617B5 /* XMPPClient.m in Sources */ = {isa = PBXBuildFile; fileRef = F6867C7E1C3D7E8E009617B5 /* XMPPClient.m */; };
		F6867C821C3D7E8E009617B5 /* XMPPClient.m in Sources */ = {isa = PBXBuildFile; fileRef = F6867C7E1C3D7E8E009617B5 /* XMPPClient.m */; };
		F6867C841C3E76B3009617B5 /* XMPPClientTests.m in Sources */ = {isa = PBXBuildFile; fileRef = F6867C831C3E76B3009617B5 /* XMPPClientTests.m */; };
		F6867C851C3E76B3009617B5 /* XMPPClientTests.m in Sources */ = {isa = PBXBuildFile; fileRef = F6867C831C3E76B3009617B5 /* XMPPClientTests.m */; };
		F6867C881C3E7CF1009617B5 /* XMPPStreamStub.m in Sources */ = {isa = PBXBuildFile; fileRef = F6867C871C3E7CF1009617B5 /* XMPPStreamStub.m */; };
		F6867C891C3E7CF1009617B5 /* XMPPStreamStub.m in Sources */ = {isa = PBXBuildFile; fileRef = F6867C871C3E7CF1009617B5 /* XMPPStreamStub.m */; };
		F69076C71D2288E400A765AA /* XMPPQueryRegister.h in Headers */ = {isa = PBXBuildFile; fileRef = F69076C51D2288E400A765AA /* XMPPQueryRegister.h */; };
		F69076C81D2288E400A765AA /* XMPPQueryRegister.h in Headers */ = {isa = PBXBuildFile; fileRef = F69076C51D2288E400A765AA /* XMPPQueryRegister.h */; };
		F69076C91D2288E400A765AA /* XMPPQueryRegister.m in Sources */ = {isa = PBXBuildFile; fileRef = F69076C61D2288E400A765AA /* XMPPQueryRegister.m */; };
		F69076CA1D2288E400A765AA /* XMPPQueryRegister.m in Sources */ = {isa = PBXBuildFile; fileRef = F69076C61D2288E400A765AA /* XMPPQueryRegister.m */; };
		F69076CF1D229A5300A765AA /* XMPPRegistrationChallenge.h in Headers */ = {isa = PBXBuildFile; fileRef = F69076CE1D229A5300A765AA /* XMPPRegistrationChallenge.h */; settings = {ATTRIBUTES = (Public, ); }; };
		F69076D01D229A5300A765AA /* XMPPRegistrationChallenge.h in Headers */ = {isa = PBXBuildFile; fileRef = F69076CE1D229A5300A765AA /* XMPPRegistrationChallenge.h */; settings = {ATTRIBUTES = (Public, ); }; };
		F6A696AD1CF330E400E0A0D2 /* XMPPClientFactory.h in Headers */ = {isa = PBXBuildFile; fileRef = F6A696AB1CF330E400E0A0D2 /* XMPPClientFactory.h */; settings = {ATTRIBUTES = (Public, ); }; };
		F6A696AE1CF330E400E0A0D2 /* XMPPClientFactory.h in Headers */ = {isa = PBXBuildFile; fileRef = F6A696AB1CF330E400E0A0D2 /* XMPPClientFactory.h */; settings = {ATTRIBUTES = (Public, ); }; };
		F6A696AF1CF330E400E0A0D2 /* XMPPClientFactory.m in Sources */ = {isa = PBXBuildFile; fileRef = F6A696AC1CF330E400E0A0D2 /* XMPPClientFactory.m */; };
		F6A696B01CF330E400E0A0D2 /* XMPPClientFactory.m in Sources */ = {isa = PBXBuildFile; fileRef = F6A696AC1CF330E400E0A0D2 /* XMPPClientFactory.m */; };
		F6A696B91CF33D5B00E0A0D2 /* XMPPAccountManager.h in Headers */ = {isa = PBXBuildFile; fileRef = F6A696B71CF33D5B00E0A0D2 /* XMPPAccountManager.h */; settings = {ATTRIBUTES = (Public, ); }; };
		F6A696BA1CF33D5B00E0A0D2 /* XMPPAccountManager.h in Headers */ = {isa = PBXBuildFile; fileRef = F6A696B71CF33D5B00E0A0D2 /* XMPPAccountManager.h */; settings = {ATTRIBUTES = (Public, ); }; };
		F6A696BB1CF33D5B00E0A0D2 /* XMPPAccountManager.m in Sources */ = {isa = PBXBuildFile; fileRef = F6A696B81CF33D5B00E0A0D2 /* XMPPAccountManager.m */; };
		F6A696BC1CF33D5B00E0A0D2 /* XMPPAccountManager.m in Sources */ = {isa = PBXBuildFile; fileRef = F6A696B81CF33D5B00E0A0D2 /* XMPPAccountManager.m */; };
		F6A696BE1CF3488D00E0A0D2 /* XMPPAccountManagerTests.m in Sources */ = {isa = PBXBuildFile; fileRef = F6A696BD1CF3488D00E0A0D2 /* XMPPAccountManagerTests.m */; };
		F6A696BF1CF3488D00E0A0D2 /* XMPPAccountManagerTests.m in Sources */ = {isa = PBXBuildFile; fileRef = F6A696BD1CF3488D00E0A0D2 /* XMPPAccountManagerTests.m */; };
		F6A696C21CF4421A00E0A0D2 /* XMPPAccountConnectivityImpl.h in Headers */ = {isa = PBXBuildFile; fileRef = F6A696C01CF4421A00E0A0D2 /* XMPPAccountConnectivityImpl.h */; };
		F6A696C31CF4421A00E0A0D2 /* XMPPAccountConnectivityImpl.h in Headers */ = {isa = PBXBuildFile; fileRef = F6A696C01CF4421A00E0A0D2 /* XMPPAccountConnectivityImpl.h */; };
		F6A696C41CF4421A00E0A0D2 /* XMPPAccountConnectivityImpl.m in Sources */ = {isa = PBXBuildFile; fileRef = F6A696C11CF4421A00E0A0D2 /* XMPPAccountConnectivityImpl.m */; };
		F6A696C51CF4421A00E0A0D2 /* XMPPAccountConnectivityImpl.m in Sources */ = {isa = PBXBuildFile; fileRef = F6A696C11CF4421A00E0A0D2 /* XMPPAccountConnectivityImpl.m */; };
		F6A696C71CF4452C00E0A0D2 /* XMPPAccountConnectivityImplTests.m in Sources */ = {isa = PBXBuildFile; fileRef = F6A696C61CF4452C00E0A0D2 /* XMPPAccountConnectivityImplTests.m */; };
		F6A696C81CF4452C00E0A0D2 /* XMPPAccountConnectivityImplTests.m in Sources */ = {isa = PBXBuildFile; fileRef = F6A696C61CF4452C00E0A0D2 /* XMPPAccountConnectivityImplTests.m */; };
		F6A696CA1CF449C700E0A0D2 /* XMPPConnectivityErrorTypeTests.m in Sources */ = {isa = PBXBuildFile; fileRef = F6A696C91CF449C700E0A0D2 /* XMPPConnectivityErrorTypeTests.m */; };
		F6A696CB1CF449C700E0A0D2 /* XMPPConnectivityErrorTypeTests.m in Sources */ = {isa = PBXBuildFile; fileRef = F6A696C91CF449C700E0A0D2 /* XMPPConnectivityErrorTypeTests.m */; };
		F6A696CE1CF44A1600E0A0D2 /* NSError+ConnectivityErrorType.h in Headers */ = {isa = PBXBuildFile; fileRef = F6A696CC1CF44A1600E0A0D2 /* NSError+ConnectivityErrorType.h */; };
		F6A696CF1CF44A1600E0A0D2 /* NSError+ConnectivityErrorType.h in Headers */ = {isa = PBXBuildFile; fileRef = F6A696CC1CF44A1600E0A0D2 /* NSError+ConnectivityErrorType.h */; };
		F6A696D01CF44A1600E0A0D2 /* NSError+ConnectivityErrorType.m in Sources */ = {isa = PBXBuildFile; fileRef = F6A696CD1CF44A1600E0A0D2 /* NSError+ConnectivityErrorType.m */; };
		F6A696D11CF44A1600E0A0D2 /* NSError+ConnectivityErrorType.m in Sources */ = {isa = PBXBuildFile; fileRef = F6A696CD1CF44A1600E0A0D2 /* NSError+ConnectivityErrorType.m */; };
		F6A696D31CF4519A00E0A0D2 /* XMPPReconnectStrategy.h in Headers */ = {isa = PBXBuildFile; fileRef = F6A696D21CF4519A00E0A0D2 /* XMPPReconnectStrategy.h */; settings = {ATTRIBUTES = (Public, ); }; };
		F6A696D41CF4519A00E0A0D2 /* XMPPReconnectStrategy.h in Headers */ = {isa = PBXBuildFile; fileRef = F6A696D21CF4519A00E0A0D2 /* XMPPReconnectStrategy.h */; settings = {ATTRIBUTES = (Public, ); }; };
		F6A696D71CF45FE800E0A0D2 /* XMPPImmediatelyReconnectStrategy.h in Headers */ = {isa = PBXBuildFile; fileRef = F6A696D51CF45FE800E0A0D2 /* XMPPImmediatelyReconnectStrategy.h */; };
		F6A696D81CF45FE800E0A0D2 /* XMPPImmediatelyReconnectStrategy.h in Headers */ = {isa = PBXBuildFile; fileRef = F6A696D51CF45FE800E0A0D2 /* XMPPImmediatelyReconnectStrategy.h */; };
		F6A696D91CF45FE800E0A0D2 /* XMPPImmediatelyReconnectStrategy.m in Sources */ = {isa = PBXBuildFile; fileRef = F6A696D61CF45FE800E0A0D2 /* XMPPImmediatelyReconnectStrategy.m */; };
		F6A696DA1CF45FE800E0A0D2 /* XMPPImmediatelyReconnectStrategy.m in Sources */ = {isa = PBXBuildFile; fileRef = F6A696D61CF45FE800E0A0D2 /* XMPPImmediatelyReconnectStrategy.m */; };
		F6A696DD1CF460A700E0A0D2 /* XMPPTemporalReconnectStrategy.h in Headers */ = {isa = PBXBuildFile; fileRef = F6A696DB1CF460A700E0A0D2 /* XMPPTemporalReconnectStrategy.h */; };
		F6A696DE1CF460A700E0A0D2 /* XMPPTemporalReconnectStrategy.h in Headers */ = {isa = PBXBuildFile; fileRef = F6A696DB1CF460A700E0A0D2 /* XMPPTemporalReconnectStrategy.h */; };
		F6A696DF1CF460A700E0A0D2 /* XMPPTemporalReconnectStrategy.m in Sources */ = {isa = PBXBuildFile; fileRef = F6A696DC1CF460A700E0A0D2 /* XMPPTemporalReconnectStrategy.m */; };
		F6A696E01CF460A700E0A0D2 /* XMPPTemporalReconnectStrategy.m in Sources */ = {isa = PBXBuildFile; fileRef = F6A696DC1CF460A700E0A0D2 /* XMPPTemporalReconnectStrategy.m */; };
		F6A696E31CF4623B00E0A0D2 /* XMPPNetworkReachabilityReconnectStrategy.h in Headers */ = {isa = PBXBuildFile; fileRef = F6A696E11CF4623B00E0A0D2 /* XMPPNetworkReachabilityReconnectStrategy.h */; };
		F6A696E41CF4623B00E0A0D2 /* XMPPNetworkReachabilityReconnectStrategy.h in Headers */ = {isa = PBXBuildFile; fileRef = F6A696E11CF4623B00E0A0D2 /* XMPPNetworkReachabilityReconnectStrategy.h */; };
		F6A696E51CF4623B00E0A0D2 /* XMPPNetworkReachabilityReconnectStrategy.m in Sources */ = {isa = PBXBuildFile; fileRef = F6A696E21CF4623B00E0A0D2 /* XMPPNetworkReachabilityReconnectStrategy.m */; };
		F6A696E61CF4623B00E0A0D2 /* XMPPNetworkReachabilityReconnectStrategy.m in Sources */ = {isa = PBXBuildFile; fileRef = F6A696E21CF4623B00E0A0D2 /* XMPPNetworkReachabilityReconnectStrategy.m */; };
		F6A696E91CF462DC00E0A0D2 /* NSError+ConnectivityHostname.h in Headers */ = {isa = PBXBuildFile; fileRef = F6A696E71CF462DC00E0A0D2 /* NSError+ConnectivityHostname.h */; };
		F6A696EA1CF462DC00E0A0D2 /* NSError+ConnectivityHostname.h in Headers */ = {isa = PBXBuildFile; fileRef = F6A696E71CF462DC00E0A0D2 /* NSError+ConnectivityHostname.h */; };
		F6A696EB1CF462DC00E0A0D2 /* NSError+ConnectivityHostname.m in Sources */ = {isa = PBXBuildFile; fileRef = F6A696E81CF462DC00E0A0D2 /* NSError+ConnectivityHostname.m */; };
		F6A696EC1CF462DC00E0A0D2 /* NSError+ConnectivityHostname.m in Sources */ = {isa = PBXBuildFile; fileRef = F6A696E81CF462DC00E0A0D2 /* NSError+ConnectivityHostname.m */; };
		F6A696EE1CF4641700E0A0D2 /* XMPPTemporalReconnectStrategyTests.m in Sources */ = {isa = PBXBuildFile; fileRef = F6A696ED1CF4641700E0A0D2 /* XMPPTemporalReconnectStrategyTests.m */; };
		F6A696EF1CF4641700E0A0D2 /* XMPPTemporalReconnectStrategyTests.m in Sources */ = {isa = PBXBuildFile; fileRef = F6A696ED1CF4641700E0A0D2 /* XMPPTemporalReconnectStrategyTests.m */; };
		F6A696F11CF4646C00E0A0D2 /* XMPPNetworkReachabilityReconnectStrategyTests.m in Sources */ = {isa = PBXBuildFile; fileRef = F6A696F01CF4646C00E0A0D2 /* XMPPNetworkReachabilityReconnectStrategyTests.m */; };
		F6A696F21CF4646C00E0A0D2 /* XMPPNetworkReachabilityReconnectStrategyTests.m in Sources */ = {isa = PBXBuildFile; fileRef = F6A696F01CF4646C00E0A0D2 /* XMPPNetworkReachabilityReconnectStrategyTests.m */; };
		F6A696F41CF48FCA00E0A0D2 /* XMPPImmediatelyReconnectStrategyTests.m in Sources */ = {isa = PBXBuildFile; fileRef = F6A696F31CF48FCA00E0A0D2 /* XMPPImmediatelyReconnectStrategyTests.m */; };
		F6A696F51CF48FCA00E0A0D2 /* XMPPImmediatelyReconnectStrategyTests.m in Sources */ = {isa = PBXBuildFile; fileRef = F6A696F31CF48FCA00E0A0D2 /* XMPPImmediatelyReconnectStrategyTests.m */; };
		F6A696F81CF4943000E0A0D2 /* XMPPClientFactoryStub.m in Sources */ = {isa = PBXBuildFile; fileRef = F6A696B21CF3332000E0A0D2 /* XMPPClientFactoryStub.m */; };
		F6A696F91CF4943100E0A0D2 /* XMPPClientFactoryStub.m in Sources */ = {isa = PBXBuildFile; fileRef = F6A696B21CF3332000E0A0D2 /* XMPPClientFactoryStub.m */; };
		F6B470481C5815D100D414F2 /* XMPPConnection.h in Headers */ = {isa = PBXBuildFile; fileRef = F6B470471C5815D100D414F2 /* XMPPConnection.h */; settings = {ATTRIBUTES = (Public, ); }; };
		F6B470491C5815D100D414F2 /* XMPPConnection.h in Headers */ = {isa = PBXBuildFile; fileRef = F6B470471C5815D100D414F2 /* XMPPConnection.h */; settings = {ATTRIBUTES = (Public, ); }; };
		F6CD445B1C5653F70084757A /* XMPPDocumentHandler.h in Headers */ = {isa = PBXBuildFile; fileRef = F6CD445A1C5653F70084757A /* XMPPDocumentHandler.h */; settings = {ATTRIBUTES = (Public, ); }; };
		F6CD445C1C5653F70084757A /* XMPPDocumentHandler.h in Headers */ = {isa = PBXBuildFile; fileRef = F6CD445A1C5653F70084757A /* XMPPDocumentHandler.h */; settings = {ATTRIBUTES = (Public, ); }; };
		F6CD44641C565FE80084757A /* XMPPStreamFeatureStreamManagementTests.m in Sources */ = {isa = PBXBuildFile; fileRef = F6CD44631C565FE80084757A /* XMPPStreamFeatureStreamManagementTests.m */; };
		F6CD44651C565FE80084757A /* XMPPStreamFeatureStreamManagementTests.m in Sources */ = {isa = PBXBuildFile; fileRef = F6CD44631C565FE80084757A /* XMPPStreamFeatureStreamManagementTests.m */; };
		F6CD44681C5661FE0084757A /* XMPPStreamFeatureStreamManagement.h in Headers */ = {isa = PBXBuildFile; fileRef = F6CD44661C5661FE0084757A /* XMPPStreamFeatureStreamManagement.h */; settings = {ATTRIBUTES = (Public, ); }; };
		F6CD44691C5661FE0084757A /* XMPPStreamFeatureStreamManagement.h in Headers */ = {isa = PBXBuildFile; fileRef = F6CD44661C5661FE0084757A /* XMPPStreamFeatureStreamManagement.h */; settings = {ATTRIBUTES = (Public, ); }; };
		F6CD446A1C5661FE0084757A /* XMPPStreamFeatureStreamManagement.m in Sources */ = {isa = PBXBuildFile; fileRef = F6CD44671C5661FE0084757A /* XMPPStreamFeatureStreamManagement.m */; };
		F6CD446B1C5661FE0084757A /* XMPPStreamFeatureStreamManagement.m in Sources */ = {isa = PBXBuildFile; fileRef = F6CD44671C5661FE0084757A /* XMPPStreamFeatureStreamManagement.m */; };
		F6CD446D1C56A5300084757A /* XMPPClientStreamManagement.h in Headers */ = {isa = PBXBuildFile; fileRef = F6CD446C1C56A5300084757A /* XMPPClientStreamManagement.h */; settings = {ATTRIBUTES = (Public, ); }; };
		F6CD446E1C56A5300084757A /* XMPPClientStreamManagement.h in Headers */ = {isa = PBXBuildFile; fileRef = F6CD446C1C56A5300084757A /* XMPPClientStreamManagement.h */; settings = {ATTRIBUTES = (Public, ); }; };
		F6DC3C261C43C44D007C0F48 /* XMPPStreamFeatureStub.m in Sources */ = {isa = PBXBuildFile; fileRef = F6DC3C251C43C44D007C0F48 /* XMPPStreamFeatureStub.m */; };
		F6DC3C271C43C44E007C0F48 /* XMPPStreamFeatureStub.m in Sources */ = {isa = PBXBuildFile; fileRef = F6DC3C251C43C44D007C0F48 /* XMPPStreamFeatureStub.m */; };
		F6DC3C2A1C43FC97007C0F48 /* XMPPStreamFeatureBind.h in Headers */ = {isa = PBXBuildFile; fileRef = F6DC3C281C43FC97007C0F48 /* XMPPStreamFeatureBind.h */; settings = {ATTRIBUTES = (Public, ); }; };
		F6DC3C2B1C43FC97007C0F48 /* XMPPStreamFeatureBind.h in Headers */ = {isa = PBXBuildFile; fileRef = F6DC3C281C43FC97007C0F48 /* XMPPStreamFeatureBind.h */; settings = {ATTRIBUTES = (Public, ); }; };
		F6DC3C2C1C43FC97007C0F48 /* XMPPStreamFeatureBind.m in Sources */ = {isa = PBXBuildFile; fileRef = F6DC3C291C43FC97007C0F48 /* XMPPStreamFeatureBind.m */; };
		F6DC3C2D1C43FC97007C0F48 /* XMPPStreamFeatureBind.m in Sources */ = {isa = PBXBuildFile; fileRef = F6DC3C291C43FC97007C0F48 /* XMPPStreamFeatureBind.m */; };
		F6DC3C2F1C440035007C0F48 /* XMPPStreamFeatureBindTests.m in Sources */ = {isa = PBXBuildFile; fileRef = F6DC3C2E1C440035007C0F48 /* XMPPStreamFeatureBindTests.m */; };
		F6DC3C301C440035007C0F48 /* XMPPStreamFeatureBindTests.m in Sources */ = {isa = PBXBuildFile; fileRef = F6DC3C2E1C440035007C0F48 /* XMPPStreamFeatureBindTests.m */; };
		F6DC3C3C1C45322C007C0F48 /* XMPPStreamFeatureSession.h in Headers */ = {isa = PBXBuildFile; fileRef = F6DC3C3A1C45322C007C0F48 /* XMPPStreamFeatureSession.h */; settings = {ATTRIBUTES = (Public, ); }; };
		F6DC3C3D1C45322C007C0F48 /* XMPPStreamFeatureSession.h in Headers */ = {isa = PBXBuildFile; fileRef = F6DC3C3A1C45322C007C0F48 /* XMPPStreamFeatureSession.h */; settings = {ATTRIBUTES = (Public, ); }; };
		F6DC3C3E1C45322C007C0F48 /* XMPPStreamFeatureSession.m in Sources */ = {isa = PBXBuildFile; fileRef = F6DC3C3B1C45322C007C0F48 /* XMPPStreamFeatureSession.m */; };
		F6DC3C3F1C45322C007C0F48 /* XMPPStreamFeatureSession.m in Sources */ = {isa = PBXBuildFile; fileRef = F6DC3C3B1C45322C007C0F48 /* XMPPStreamFeatureSession.m */; };
		F6DC3C411C45326F007C0F48 /* XMPPStreamFeatureSessionTests.m in Sources */ = {isa = PBXBuildFile; fileRef = F6DC3C401C45326F007C0F48 /* XMPPStreamFeatureSessionTests.m */; };
		F6DC3C421C45326F007C0F48 /* XMPPStreamFeatureSessionTests.m in Sources */ = {isa = PBXBuildFile; fileRef = F6DC3C401C45326F007C0F48 /* XMPPStreamFeatureSessionTests.m */; };
		F6EA5A7C1C54484D00807550 /* XMPPError.h in Headers */ = {isa = PBXBuildFile; fileRef = F6EA5A7A1C54484D00807550 /* XMPPError.h */; settings = {ATTRIBUTES = (Public, ); }; };
		F6EA5A7D1C54484D00807550 /* XMPPError.h in Headers */ = {isa = PBXBuildFile; fileRef = F6EA5A7A1C54484D00807550 /* XMPPError.h */; settings = {ATTRIBUTES = (Public, ); }; };
		F6EA5A7E1C54484D00807550 /* XMPPError.m in Sources */ = {isa = PBXBuildFile; fileRef = F6EA5A7B1C54484D00807550 /* XMPPError.m */; };
		F6EA5A7F1C54484D00807550 /* XMPPError.m in Sources */ = {isa = PBXBuildFile; fileRef = F6EA5A7B1C54484D00807550 /* XMPPError.m */; };
		F6F56B0F1C539CE900C34CC8 /* SystemConfiguration.framework in Frameworks */ = {isa = PBXBuildFile; fileRef = F6F56B0E1C539CE900C34CC8 /* SystemConfiguration.framework */; };
		F6F56B111C539CFB00C34CC8 /* SystemConfiguration.framework in Frameworks */ = {isa = PBXBuildFile; fileRef = F6F56B101C539CFB00C34CC8 /* SystemConfiguration.framework */; };
/* End PBXBuildFile section */

/* Begin PBXContainerItemProxy section */
		F6476A901BE40E3100B0DF82 /* PBXContainerItemProxy */ = {
			isa = PBXContainerItemProxy;
			containerPortal = F6476A7B1BE40E3100B0DF82 /* Project object */;
			proxyType = 1;
			remoteGlobalIDString = F6476A831BE40E3100B0DF82;
			remoteInfo = CoreXMPP;
		};
		F6476AAE1BE40E8B00B0DF82 /* PBXContainerItemProxy */ = {
			isa = PBXContainerItemProxy;
			containerPortal = F6476A7B1BE40E3100B0DF82 /* Project object */;
			proxyType = 1;
			remoteGlobalIDString = F6476AA21BE40E8B00B0DF82;
			remoteInfo = CoreXMPP;
		};
/* End PBXContainerItemProxy section */

/* Begin PBXCopyFilesBuildPhase section */
		F65946991C4D403D00951151 /* CopyFiles */ = {
			isa = PBXCopyFilesBuildPhase;
			buildActionMask = 2147483647;
			dstPath = "";
			dstSubfolderSpec = 10;
			files = (
				F68413F31C4D80E6009B37BE /* PureXML.framework in CopyFiles */,
				F68413D31C4D4A63009B37BE /* CocoaLumberjack.framework in CopyFiles */,
				F68413D41C4D4A63009B37BE /* OCHamcrest.framework in CopyFiles */,
				F68413D51C4D4A63009B37BE /* OCMockito.framework in CopyFiles */,
				F68413D61C4D4A63009B37BE /* OHHTTPStubs.framework in CopyFiles */,
				F68413DB1C4D5123009B37BE /* SocketRocket.framework in CopyFiles */,
				F60703781CEB209100FBEE02 /* SASLKit.framework in CopyFiles */,
			);
			runOnlyForDeploymentPostprocessing = 0;
		};
/* End PBXCopyFilesBuildPhase section */

/* Begin PBXFileReference section */
		F60425CB1D211CCF0086822E /* XMPPDataFormOption.h */ = {isa = PBXFileReference; fileEncoding = 4; lastKnownFileType = sourcecode.c.h; path = XMPPDataFormOption.h; sourceTree = "<group>"; };
		F60425CC1D211CCF0086822E /* XMPPDataFormOption.m */ = {isa = PBXFileReference; fileEncoding = 4; lastKnownFileType = sourcecode.c.objc; path = XMPPDataFormOption.m; sourceTree = "<group>"; };
		F60425D11D211DA80086822E /* XMPPDataFormOptionTests.m */ = {isa = PBXFileReference; fileEncoding = 4; lastKnownFileType = sourcecode.c.objc; path = XMPPDataFormOptionTests.m; sourceTree = "<group>"; };
		F60703721CEB204300FBEE02 /* SASLKit.framework */ = {isa = PBXFileReference; lastKnownFileType = wrapper.framework; path = SASLKit.framework; sourceTree = "<group>"; };
		F60703751CEB207700FBEE02 /* SASLKit.framework */ = {isa = PBXFileReference; lastKnownFileType = wrapper.framework; path = SASLKit.framework; sourceTree = "<group>"; };
		F619BDA71C4CE78100F87F50 /* XMPPTestCase.h */ = {isa = PBXFileReference; fileEncoding = 4; lastKnownFileType = sourcecode.c.h; path = XMPPTestCase.h; sourceTree = "<group>"; };
		F619BDA81C4CE78100F87F50 /* XMPPTestCase.m */ = {isa = PBXFileReference; fileEncoding = 4; lastKnownFileType = sourcecode.c.objc; path = XMPPTestCase.m; sourceTree = "<group>"; };
		F619BDAB1C4CF28000F87F50 /* XMPPJIDTests.m */ = {isa = PBXFileReference; fileEncoding = 4; lastKnownFileType = sourcecode.c.objc; path = XMPPJIDTests.m; sourceTree = "<group>"; };
		F619BDAE1C4CF2B900F87F50 /* XMPPJID.h */ = {isa = PBXFileReference; fileEncoding = 4; lastKnownFileType = sourcecode.c.h; path = XMPPJID.h; sourceTree = "<group>"; };
		F619BDAF1C4CF2B900F87F50 /* XMPPJID.m */ = {isa = PBXFileReference; fileEncoding = 4; lastKnownFileType = sourcecode.c.objc; path = XMPPJID.m; sourceTree = "<group>"; };
		F619BE031C4D322600F87F50 /* CocoaLumberjack.framework */ = {isa = PBXFileReference; lastKnownFileType = wrapper.framework; path = CocoaLumberjack.framework; sourceTree = "<group>"; };
		F619BE041C4D322600F87F50 /* OCHamcrest.framework */ = {isa = PBXFileReference; lastKnownFileType = wrapper.framework; path = OCHamcrest.framework; sourceTree = "<group>"; };
		F619BE051C4D322600F87F50 /* OCMockito.framework */ = {isa = PBXFileReference; lastKnownFileType = wrapper.framework; path = OCMockito.framework; sourceTree = "<group>"; };
		F619BE061C4D322600F87F50 /* OHHTTPStubs.framework */ = {isa = PBXFileReference; lastKnownFileType = wrapper.framework; path = OHHTTPStubs.framework; sourceTree = "<group>"; };
		F619BE071C4D322600F87F50 /* PureXML.framework */ = {isa = PBXFileReference; lastKnownFileType = wrapper.framework; path = PureXML.framework; sourceTree = "<group>"; };
		F63977E81D1FCF0300613FE8 /* XMPPDataForm.h */ = {isa = PBXFileReference; fileEncoding = 4; lastKnownFileType = sourcecode.c.h; path = XMPPDataForm.h; sourceTree = "<group>"; };
		F63977E91D1FCF0300613FE8 /* XMPPDataForm.m */ = {isa = PBXFileReference; fileEncoding = 4; lastKnownFileType = sourcecode.c.objc; path = XMPPDataForm.m; sourceTree = "<group>"; };
		F63977EF1D1FCF5800613FE8 /* XMPPDataFormTests.m */ = {isa = PBXFileReference; fileEncoding = 4; lastKnownFileType = sourcecode.c.objc; path = XMPPDataFormTests.m; sourceTree = "<group>"; };
		F63977F21D210F7600613FE8 /* XMPPDataFormField.h */ = {isa = PBXFileReference; fileEncoding = 4; lastKnownFileType = sourcecode.c.h; path = XMPPDataFormField.h; sourceTree = "<group>"; };
		F63977F31D210F7600613FE8 /* XMPPDataFormField.m */ = {isa = PBXFileReference; fileEncoding = 4; lastKnownFileType = sourcecode.c.objc; path = XMPPDataFormField.m; sourceTree = "<group>"; };
		F63977F81D210F9F00613FE8 /* XMPPDataFormFieldTests.m */ = {isa = PBXFileReference; fileEncoding = 4; lastKnownFileType = sourcecode.c.objc; path = XMPPDataFormFieldTests.m; sourceTree = "<group>"; };
		F6476A841BE40E3100B0DF82 /* CoreXMPP.framework */ = {isa = PBXFileReference; explicitFileType = wrapper.framework; includeInIndex = 0; path = CoreXMPP.framework; sourceTree = BUILT_PRODUCTS_DIR; };
		F6476A871BE40E3100B0DF82 /* CoreXMPP.h */ = {isa = PBXFileReference; lastKnownFileType = sourcecode.c.h; lineEnding = 0; path = CoreXMPP.h; sourceTree = "<group>"; xcLanguageSpecificationIdentifier = xcode.lang.objcpp; };
		F6476A891BE40E3100B0DF82 /* Info.plist */ = {isa = PBXFileReference; lastKnownFileType = text.plist.xml; path = Info.plist; sourceTree = "<group>"; };
		F6476A8E1BE40E3100B0DF82 /* CoreXMPPiOSTests.xctest */ = {isa = PBXFileReference; explicitFileType = wrapper.cfbundle; includeInIndex = 0; path = CoreXMPPiOSTests.xctest; sourceTree = BUILT_PRODUCTS_DIR; };
		F6476A951BE40E3100B0DF82 /* Info.plist */ = {isa = PBXFileReference; lastKnownFileType = text.plist.xml; path = Info.plist; sourceTree = "<group>"; };
		F6476AA31BE40E8B00B0DF82 /* CoreXMPP.framework */ = {isa = PBXFileReference; explicitFileType = wrapper.framework; includeInIndex = 0; path = CoreXMPP.framework; sourceTree = BUILT_PRODUCTS_DIR; };
		F6476AAC1BE40E8B00B0DF82 /* CoreXMPPOSXTests.xctest */ = {isa = PBXFileReference; explicitFileType = wrapper.cfbundle; includeInIndex = 0; path = CoreXMPPOSXTests.xctest; sourceTree = BUILT_PRODUCTS_DIR; };
		F6476ABF1BEA586000B0DF82 /* XMPPStream.h */ = {isa = PBXFileReference; fileEncoding = 4; lastKnownFileType = sourcecode.c.h; path = XMPPStream.h; sourceTree = "<group>"; };
		F6476AC01BEA586000B0DF82 /* XMPPStream.m */ = {isa = PBXFileReference; fileEncoding = 4; lastKnownFileType = sourcecode.c.objc; path = XMPPStream.m; sourceTree = "<group>"; };
		F6476AC51BEA61C700B0DF82 /* XMPPWebsocketStream.h */ = {isa = PBXFileReference; fileEncoding = 4; lastKnownFileType = sourcecode.c.h; path = XMPPWebsocketStream.h; sourceTree = "<group>"; };
		F6476AC61BEA61C700B0DF82 /* XMPPWebsocketStream.m */ = {isa = PBXFileReference; fileEncoding = 4; lastKnownFileType = sourcecode.c.objc; lineEnding = 0; path = XMPPWebsocketStream.m; sourceTree = "<group>"; xcLanguageSpecificationIdentifier = xcode.lang.objc; };
		F6476ACB1BECB31A00B0DF82 /* XMPPWebsocketStreamTests.m */ = {isa = PBXFileReference; fileEncoding = 4; lastKnownFileType = sourcecode.c.objc; path = XMPPWebsocketStreamTests.m; sourceTree = "<group>"; };
		F6564E9E1D1D5E810082CCD0 /* XMPPInBandRegistration.h */ = {isa = PBXFileReference; fileEncoding = 4; lastKnownFileType = sourcecode.c.h; path = XMPPInBandRegistration.h; sourceTree = "<group>"; };
		F6564E9F1D1D5E810082CCD0 /* XMPPInBandRegistration.m */ = {isa = PBXFileReference; fileEncoding = 4; lastKnownFileType = sourcecode.c.objc; path = XMPPInBandRegistration.m; sourceTree = "<group>"; };
		F6564EA41D1D5FDB0082CCD0 /* XMPPInBandRegistrationTests.m */ = {isa = PBXFileReference; fileEncoding = 4; lastKnownFileType = sourcecode.c.objc; path = XMPPInBandRegistrationTests.m; sourceTree = "<group>"; };
		F676EF7F1CD7A754003047EC /* XMPPModuleStub.h */ = {isa = PBXFileReference; fileEncoding = 4; lastKnownFileType = sourcecode.c.h; path = XMPPModuleStub.h; sourceTree = "<group>"; };
		F676EF801CD7A754003047EC /* XMPPModuleStub.m */ = {isa = PBXFileReference; fileEncoding = 4; lastKnownFileType = sourcecode.c.objc; path = XMPPModuleStub.m; sourceTree = "<group>"; };
		F68413D91C4D510F009B37BE /* SocketRocket.framework */ = {isa = PBXFileReference; lastKnownFileType = wrapper.framework; path = SocketRocket.framework; sourceTree = "<group>"; };
		F68413E41C4D7FB8009B37BE /* CocoaLumberjack.framework */ = {isa = PBXFileReference; lastKnownFileType = wrapper.framework; path = CocoaLumberjack.framework; sourceTree = "<group>"; };
		F68413E51C4D7FB8009B37BE /* PureXML.framework */ = {isa = PBXFileReference; lastKnownFileType = wrapper.framework; path = PureXML.framework; sourceTree = "<group>"; };
		F68413E61C4D7FB8009B37BE /* SocketRocket.framework */ = {isa = PBXFileReference; lastKnownFileType = wrapper.framework; path = SocketRocket.framework; sourceTree = "<group>"; };
		F68413EB1C4D7FDA009B37BE /* OCHamcrest.framework */ = {isa = PBXFileReference; lastKnownFileType = wrapper.framework; path = OCHamcrest.framework; sourceTree = "<group>"; };
		F68413EC1C4D7FDA009B37BE /* OCMockito.framework */ = {isa = PBXFileReference; lastKnownFileType = wrapper.framework; path = OCMockito.framework; sourceTree = "<group>"; };
		F68413ED1C4D7FDA009B37BE /* OHHTTPStubs.framework */ = {isa = PBXFileReference; lastKnownFileType = wrapper.framework; path = OHHTTPStubs.framework; sourceTree = "<group>"; };
		F684141E1C4ED835009B37BE /* XMPPDispatcher.h */ = {isa = PBXFileReference; fileEncoding = 4; lastKnownFileType = sourcecode.c.h; path = XMPPDispatcher.h; sourceTree = "<group>"; };
		F684141F1C4ED835009B37BE /* XMPPDispatcher.m */ = {isa = PBXFileReference; fileEncoding = 4; lastKnownFileType = sourcecode.c.objc; path = XMPPDispatcher.m; sourceTree = "<group>"; };
		F68414251C4F837C009B37BE /* XMPPDispatcherTests.m */ = {isa = PBXFileReference; fileEncoding = 4; lastKnownFileType = sourcecode.c.objc; path = XMPPDispatcherTests.m; sourceTree = "<group>"; };
		F684142C1C4F9F9D009B37BE /* XMPPConnectionStub.h */ = {isa = PBXFileReference; fileEncoding = 4; lastKnownFileType = sourcecode.c.h; path = XMPPConnectionStub.h; sourceTree = "<group>"; };
		F684142D1C4F9F9D009B37BE /* XMPPConnectionStub.m */ = {isa = PBXFileReference; fileEncoding = 4; lastKnownFileType = sourcecode.c.objc; path = XMPPConnectionStub.m; sourceTree = "<group>"; };
		F6867C6D1C3C2DDD009617B5 /* XMPPStreamFeature.h */ = {isa = PBXFileReference; fileEncoding = 4; lastKnownFileType = sourcecode.c.h; path = XMPPStreamFeature.h; sourceTree = "<group>"; };
		F6867C6E1C3C2DDD009617B5 /* XMPPStreamFeature.m */ = {isa = PBXFileReference; fileEncoding = 4; lastKnownFileType = sourcecode.c.objc; path = XMPPStreamFeature.m; sourceTree = "<group>"; };
		F6867C731C3D0C27009617B5 /* XMPPStreamFeatureSASL.h */ = {isa = PBXFileReference; fileEncoding = 4; lastKnownFileType = sourcecode.c.h; path = XMPPStreamFeatureSASL.h; sourceTree = "<group>"; };
		F6867C741C3D0C27009617B5 /* XMPPStreamFeatureSASL.m */ = {isa = PBXFileReference; fileEncoding = 4; lastKnownFileType = sourcecode.c.objc; lineEnding = 0; path = XMPPStreamFeatureSASL.m; sourceTree = "<group>"; xcLanguageSpecificationIdentifier = xcode.lang.objc; };
		F6867C791C3D0E45009617B5 /* XMPPStreamFeatureSASLTests.m */ = {isa = PBXFileReference; fileEncoding = 4; lastKnownFileType = sourcecode.c.objc; lineEnding = 0; path = XMPPStreamFeatureSASLTests.m; sourceTree = "<group>"; xcLanguageSpecificationIdentifier = xcode.lang.objc; };
		F6867C7D1C3D7E8E009617B5 /* XMPPClient.h */ = {isa = PBXFileReference; fileEncoding = 4; lastKnownFileType = sourcecode.c.h; path = XMPPClient.h; sourceTree = "<group>"; };
		F6867C7E1C3D7E8E009617B5 /* XMPPClient.m */ = {isa = PBXFileReference; fileEncoding = 4; lastKnownFileType = sourcecode.c.objc; path = XMPPClient.m; sourceTree = "<group>"; };
		F6867C831C3E76B3009617B5 /* XMPPClientTests.m */ = {isa = PBXFileReference; fileEncoding = 4; lastKnownFileType = sourcecode.c.objc; path = XMPPClientTests.m; sourceTree = "<group>"; };
		F6867C861C3E7CF1009617B5 /* XMPPStreamStub.h */ = {isa = PBXFileReference; fileEncoding = 4; lastKnownFileType = sourcecode.c.h; path = XMPPStreamStub.h; sourceTree = "<group>"; };
		F6867C871C3E7CF1009617B5 /* XMPPStreamStub.m */ = {isa = PBXFileReference; fileEncoding = 4; lastKnownFileType = sourcecode.c.objc; path = XMPPStreamStub.m; sourceTree = "<group>"; };
		F69076C51D2288E400A765AA /* XMPPQueryRegister.h */ = {isa = PBXFileReference; fileEncoding = 4; lastKnownFileType = sourcecode.c.h; path = XMPPQueryRegister.h; sourceTree = "<group>"; };
		F69076C61D2288E400A765AA /* XMPPQueryRegister.m */ = {isa = PBXFileReference; fileEncoding = 4; lastKnownFileType = sourcecode.c.objc; path = XMPPQueryRegister.m; sourceTree = "<group>"; };
		F69076CE1D229A5300A765AA /* XMPPRegistrationChallenge.h */ = {isa = PBXFileReference; fileEncoding = 4; lastKnownFileType = sourcecode.c.h; path = XMPPRegistrationChallenge.h; sourceTree = "<group>"; };
		F6A696AB1CF330E400E0A0D2 /* XMPPClientFactory.h */ = {isa = PBXFileReference; fileEncoding = 4; lastKnownFileType = sourcecode.c.h; path = XMPPClientFactory.h; sourceTree = "<group>"; };
		F6A696AC1CF330E400E0A0D2 /* XMPPClientFactory.m */ = {isa = PBXFileReference; fileEncoding = 4; lastKnownFileType = sourcecode.c.objc; lineEnding = 0; path = XMPPClientFactory.m; sourceTree = "<group>"; xcLanguageSpecificationIdentifier = xcode.lang.objc; };
		F6A696B11CF3332000E0A0D2 /* XMPPClientFactoryStub.h */ = {isa = PBXFileReference; fileEncoding = 4; lastKnownFileType = sourcecode.c.h; path = XMPPClientFactoryStub.h; sourceTree = "<group>"; };
		F6A696B21CF3332000E0A0D2 /* XMPPClientFactoryStub.m */ = {isa = PBXFileReference; fileEncoding = 4; lastKnownFileType = sourcecode.c.objc; path = XMPPClientFactoryStub.m; sourceTree = "<group>"; };
		F6A696B71CF33D5B00E0A0D2 /* XMPPAccountManager.h */ = {isa = PBXFileReference; fileEncoding = 4; lastKnownFileType = sourcecode.c.h; lineEnding = 0; path = XMPPAccountManager.h; sourceTree = "<group>"; xcLanguageSpecificationIdentifier = xcode.lang.objcpp; };
		F6A696B81CF33D5B00E0A0D2 /* XMPPAccountManager.m */ = {isa = PBXFileReference; fileEncoding = 4; lastKnownFileType = sourcecode.c.objc; lineEnding = 0; path = XMPPAccountManager.m; sourceTree = "<group>"; xcLanguageSpecificationIdentifier = xcode.lang.objc; };
		F6A696BD1CF3488D00E0A0D2 /* XMPPAccountManagerTests.m */ = {isa = PBXFileReference; fileEncoding = 4; lastKnownFileType = sourcecode.c.objc; lineEnding = 0; path = XMPPAccountManagerTests.m; sourceTree = "<group>"; xcLanguageSpecificationIdentifier = xcode.lang.objc; };
		F6A696C01CF4421A00E0A0D2 /* XMPPAccountConnectivityImpl.h */ = {isa = PBXFileReference; fileEncoding = 4; lastKnownFileType = sourcecode.c.h; lineEnding = 0; path = XMPPAccountConnectivityImpl.h; sourceTree = "<group>"; xcLanguageSpecificationIdentifier = xcode.lang.objcpp; };
		F6A696C11CF4421A00E0A0D2 /* XMPPAccountConnectivityImpl.m */ = {isa = PBXFileReference; fileEncoding = 4; lastKnownFileType = sourcecode.c.objc; path = XMPPAccountConnectivityImpl.m; sourceTree = "<group>"; };
		F6A696C61CF4452C00E0A0D2 /* XMPPAccountConnectivityImplTests.m */ = {isa = PBXFileReference; fileEncoding = 4; lastKnownFileType = sourcecode.c.objc; path = XMPPAccountConnectivityImplTests.m; sourceTree = "<group>"; };
		F6A696C91CF449C700E0A0D2 /* XMPPConnectivityErrorTypeTests.m */ = {isa = PBXFileReference; fileEncoding = 4; lastKnownFileType = sourcecode.c.objc; lineEnding = 0; path = XMPPConnectivityErrorTypeTests.m; sourceTree = "<group>"; xcLanguageSpecificationIdentifier = xcode.lang.objc; };
		F6A696CC1CF44A1600E0A0D2 /* NSError+ConnectivityErrorType.h */ = {isa = PBXFileReference; fileEncoding = 4; lastKnownFileType = sourcecode.c.h; lineEnding = 0; path = "NSError+ConnectivityErrorType.h"; sourceTree = "<group>"; xcLanguageSpecificationIdentifier = xcode.lang.objcpp; };
		F6A696CD1CF44A1600E0A0D2 /* NSError+ConnectivityErrorType.m */ = {isa = PBXFileReference; fileEncoding = 4; lastKnownFileType = sourcecode.c.objc; lineEnding = 0; path = "NSError+ConnectivityErrorType.m"; sourceTree = "<group>"; xcLanguageSpecificationIdentifier = xcode.lang.objc; };
		F6A696D21CF4519A00E0A0D2 /* XMPPReconnectStrategy.h */ = {isa = PBXFileReference; fileEncoding = 4; lastKnownFileType = sourcecode.c.h; path = XMPPReconnectStrategy.h; sourceTree = "<group>"; };
		F6A696D51CF45FE800E0A0D2 /* XMPPImmediatelyReconnectStrategy.h */ = {isa = PBXFileReference; fileEncoding = 4; lastKnownFileType = sourcecode.c.h; path = XMPPImmediatelyReconnectStrategy.h; sourceTree = "<group>"; };
		F6A696D61CF45FE800E0A0D2 /* XMPPImmediatelyReconnectStrategy.m */ = {isa = PBXFileReference; fileEncoding = 4; lastKnownFileType = sourcecode.c.objc; path = XMPPImmediatelyReconnectStrategy.m; sourceTree = "<group>"; };
		F6A696DB1CF460A700E0A0D2 /* XMPPTemporalReconnectStrategy.h */ = {isa = PBXFileReference; fileEncoding = 4; lastKnownFileType = sourcecode.c.h; path = XMPPTemporalReconnectStrategy.h; sourceTree = "<group>"; };
		F6A696DC1CF460A700E0A0D2 /* XMPPTemporalReconnectStrategy.m */ = {isa = PBXFileReference; fileEncoding = 4; lastKnownFileType = sourcecode.c.objc; path = XMPPTemporalReconnectStrategy.m; sourceTree = "<group>"; };
		F6A696E11CF4623B00E0A0D2 /* XMPPNetworkReachabilityReconnectStrategy.h */ = {isa = PBXFileReference; fileEncoding = 4; lastKnownFileType = sourcecode.c.h; path = XMPPNetworkReachabilityReconnectStrategy.h; sourceTree = "<group>"; };
		F6A696E21CF4623B00E0A0D2 /* XMPPNetworkReachabilityReconnectStrategy.m */ = {isa = PBXFileReference; fileEncoding = 4; lastKnownFileType = sourcecode.c.objc; path = XMPPNetworkReachabilityReconnectStrategy.m; sourceTree = "<group>"; };
		F6A696E71CF462DC00E0A0D2 /* NSError+ConnectivityHostname.h */ = {isa = PBXFileReference; fileEncoding = 4; lastKnownFileType = sourcecode.c.h; path = "NSError+ConnectivityHostname.h"; sourceTree = "<group>"; };
		F6A696E81CF462DC00E0A0D2 /* NSError+ConnectivityHostname.m */ = {isa = PBXFileReference; fileEncoding = 4; lastKnownFileType = sourcecode.c.objc; path = "NSError+ConnectivityHostname.m"; sourceTree = "<group>"; };
		F6A696ED1CF4641700E0A0D2 /* XMPPTemporalReconnectStrategyTests.m */ = {isa = PBXFileReference; fileEncoding = 4; lastKnownFileType = sourcecode.c.objc; path = XMPPTemporalReconnectStrategyTests.m; sourceTree = "<group>"; };
		F6A696F01CF4646C00E0A0D2 /* XMPPNetworkReachabilityReconnectStrategyTests.m */ = {isa = PBXFileReference; fileEncoding = 4; lastKnownFileType = sourcecode.c.objc; path = XMPPNetworkReachabilityReconnectStrategyTests.m; sourceTree = "<group>"; };
		F6A696F31CF48FCA00E0A0D2 /* XMPPImmediatelyReconnectStrategyTests.m */ = {isa = PBXFileReference; fileEncoding = 4; lastKnownFileType = sourcecode.c.objc; path = XMPPImmediatelyReconnectStrategyTests.m; sourceTree = "<group>"; };
		F6B470471C5815D100D414F2 /* XMPPConnection.h */ = {isa = PBXFileReference; fileEncoding = 4; lastKnownFileType = sourcecode.c.h; path = XMPPConnection.h; sourceTree = "<group>"; };
		F6CD445A1C5653F70084757A /* XMPPDocumentHandler.h */ = {isa = PBXFileReference; fileEncoding = 4; lastKnownFileType = sourcecode.c.h; path = XMPPDocumentHandler.h; sourceTree = "<group>"; };
		F6CD44631C565FE80084757A /* XMPPStreamFeatureStreamManagementTests.m */ = {isa = PBXFileReference; fileEncoding = 4; lastKnownFileType = sourcecode.c.objc; path = XMPPStreamFeatureStreamManagementTests.m; sourceTree = "<group>"; };
		F6CD44661C5661FE0084757A /* XMPPStreamFeatureStreamManagement.h */ = {isa = PBXFileReference; fileEncoding = 4; lastKnownFileType = sourcecode.c.h; path = XMPPStreamFeatureStreamManagement.h; sourceTree = "<group>"; };
		F6CD44671C5661FE0084757A /* XMPPStreamFeatureStreamManagement.m */ = {isa = PBXFileReference; fileEncoding = 4; lastKnownFileType = sourcecode.c.objc; path = XMPPStreamFeatureStreamManagement.m; sourceTree = "<group>"; };
		F6CD446C1C56A5300084757A /* XMPPClientStreamManagement.h */ = {isa = PBXFileReference; fileEncoding = 4; lastKnownFileType = sourcecode.c.h; path = XMPPClientStreamManagement.h; sourceTree = "<group>"; };
		F6DC3C241C43C44D007C0F48 /* XMPPStreamFeatureStub.h */ = {isa = PBXFileReference; fileEncoding = 4; lastKnownFileType = sourcecode.c.h; path = XMPPStreamFeatureStub.h; sourceTree = "<group>"; };
		F6DC3C251C43C44D007C0F48 /* XMPPStreamFeatureStub.m */ = {isa = PBXFileReference; fileEncoding = 4; lastKnownFileType = sourcecode.c.objc; path = XMPPStreamFeatureStub.m; sourceTree = "<group>"; };
		F6DC3C281C43FC97007C0F48 /* XMPPStreamFeatureBind.h */ = {isa = PBXFileReference; fileEncoding = 4; lastKnownFileType = sourcecode.c.h; path = XMPPStreamFeatureBind.h; sourceTree = "<group>"; };
		F6DC3C291C43FC97007C0F48 /* XMPPStreamFeatureBind.m */ = {isa = PBXFileReference; fileEncoding = 4; lastKnownFileType = sourcecode.c.objc; path = XMPPStreamFeatureBind.m; sourceTree = "<group>"; };
		F6DC3C2E1C440035007C0F48 /* XMPPStreamFeatureBindTests.m */ = {isa = PBXFileReference; fileEncoding = 4; lastKnownFileType = sourcecode.c.objc; path = XMPPStreamFeatureBindTests.m; sourceTree = "<group>"; };
		F6DC3C3A1C45322C007C0F48 /* XMPPStreamFeatureSession.h */ = {isa = PBXFileReference; fileEncoding = 4; lastKnownFileType = sourcecode.c.h; path = XMPPStreamFeatureSession.h; sourceTree = "<group>"; };
		F6DC3C3B1C45322C007C0F48 /* XMPPStreamFeatureSession.m */ = {isa = PBXFileReference; fileEncoding = 4; lastKnownFileType = sourcecode.c.objc; path = XMPPStreamFeatureSession.m; sourceTree = "<group>"; };
		F6DC3C401C45326F007C0F48 /* XMPPStreamFeatureSessionTests.m */ = {isa = PBXFileReference; fileEncoding = 4; lastKnownFileType = sourcecode.c.objc; path = XMPPStreamFeatureSessionTests.m; sourceTree = "<group>"; };
		F6EA5A7A1C54484D00807550 /* XMPPError.h */ = {isa = PBXFileReference; fileEncoding = 4; lastKnownFileType = sourcecode.c.h; lineEnding = 0; path = XMPPError.h; sourceTree = "<group>"; xcLanguageSpecificationIdentifier = xcode.lang.objcpp; };
		F6EA5A7B1C54484D00807550 /* XMPPError.m */ = {isa = PBXFileReference; fileEncoding = 4; lastKnownFileType = sourcecode.c.objc; path = XMPPError.m; sourceTree = "<group>"; };
		F6F56B0E1C539CE900C34CC8 /* SystemConfiguration.framework */ = {isa = PBXFileReference; lastKnownFileType = wrapper.framework; name = SystemConfiguration.framework; path = System/Library/Frameworks/SystemConfiguration.framework; sourceTree = SDKROOT; };
		F6F56B101C539CFB00C34CC8 /* SystemConfiguration.framework */ = {isa = PBXFileReference; lastKnownFileType = wrapper.framework; name = SystemConfiguration.framework; path = Platforms/MacOSX.platform/Developer/SDKs/MacOSX10.11.sdk/System/Library/Frameworks/SystemConfiguration.framework; sourceTree = DEVELOPER_DIR; };
/* End PBXFileReference section */

/* Begin PBXFrameworksBuildPhase section */
		F6476A801BE40E3100B0DF82 /* Frameworks */ = {
			isa = PBXFrameworksBuildPhase;
			buildActionMask = 2147483647;
			files = (
				F60703731CEB204300FBEE02 /* SASLKit.framework in Frameworks */,
				F68413F41C4D826D009B37BE /* PureXML.framework in Frameworks */,
				F68413F51C4D826D009B37BE /* SocketRocket.framework in Frameworks */,
				F68413F61C4D826D009B37BE /* CocoaLumberjack.framework in Frameworks */,
				F6F56B0F1C539CE900C34CC8 /* SystemConfiguration.framework in Frameworks */,
			);
			runOnlyForDeploymentPostprocessing = 0;
		};
		F6476A8B1BE40E3100B0DF82 /* Frameworks */ = {
			isa = PBXFrameworksBuildPhase;
			buildActionMask = 2147483647;
			files = (
				F6476A8F1BE40E3100B0DF82 /* CoreXMPP.framework in Frameworks */,
				F68413EE1C4D7FDA009B37BE /* OCHamcrest.framework in Frameworks */,
				F68413EF1C4D7FDA009B37BE /* OCMockito.framework in Frameworks */,
				F68413F01C4D7FDA009B37BE /* OHHTTPStubs.framework in Frameworks */,
				F60703741CEB205C00FBEE02 /* SASLKit.framework in Frameworks */,
			);
			runOnlyForDeploymentPostprocessing = 0;
		};
		F6476A9F1BE40E8B00B0DF82 /* Frameworks */ = {
			isa = PBXFrameworksBuildPhase;
			buildActionMask = 2147483647;
			files = (
				F60703761CEB207700FBEE02 /* SASLKit.framework in Frameworks */,
				F619BE101C4D323A00F87F50 /* PureXML.framework in Frameworks */,
				F68413DA1C4D5115009B37BE /* SocketRocket.framework in Frameworks */,
				F619BE0F1C4D323600F87F50 /* CocoaLumberjack.framework in Frameworks */,
				F6F56B111C539CFB00C34CC8 /* SystemConfiguration.framework in Frameworks */,
			);
			runOnlyForDeploymentPostprocessing = 0;
		};
		F6476AA91BE40E8B00B0DF82 /* Frameworks */ = {
			isa = PBXFrameworksBuildPhase;
			buildActionMask = 2147483647;
			files = (
				F6476AAD1BE40E8B00B0DF82 /* CoreXMPP.framework in Frameworks */,
				F619BE121C4D34C800F87F50 /* OCHamcrest.framework in Frameworks */,
				F619BE131C4D34C800F87F50 /* OCMockito.framework in Frameworks */,
				F619BE141C4D34C800F87F50 /* OHHTTPStubs.framework in Frameworks */,
				F60703771CEB208500FBEE02 /* SASLKit.framework in Frameworks */,
			);
			runOnlyForDeploymentPostprocessing = 0;
		};
/* End PBXFrameworksBuildPhase section */

/* Begin PBXGroup section */
		C79B557DD41BAAB5736E0111 /* Frameworks */ = {
			isa = PBXGroup;
			children = (
				F68413EA1C4D7FBE009B37BE /* iOS */,
				F619BDFF1C4D2FC500F87F50 /* OS X */,
			);
			name = Frameworks;
			sourceTree = "<group>";
		};
		F619BDFF1C4D2FC500F87F50 /* OS X */ = {
			isa = PBXGroup;
			children = (
				F6F56B101C539CFB00C34CC8 /* SystemConfiguration.framework */,
				F60703751CEB207700FBEE02 /* SASLKit.framework */,
				F619BE071C4D322600F87F50 /* PureXML.framework */,
				F68413D91C4D510F009B37BE /* SocketRocket.framework */,
				F619BE031C4D322600F87F50 /* CocoaLumberjack.framework */,
				F619BE041C4D322600F87F50 /* OCHamcrest.framework */,
				F619BE051C4D322600F87F50 /* OCMockito.framework */,
				F619BE061C4D322600F87F50 /* OHHTTPStubs.framework */,
			);
			name = "OS X";
			path = ../Carthage/Build/Mac;
			sourceTree = "<group>";
		};
		F63977E71D1FCEDF00613FE8 /* Data Forms */ = {
			isa = PBXGroup;
			children = (
				F63977E81D1FCF0300613FE8 /* XMPPDataForm.h */,
				F63977E91D1FCF0300613FE8 /* XMPPDataForm.m */,
				F63977F21D210F7600613FE8 /* XMPPDataFormField.h */,
				F63977F31D210F7600613FE8 /* XMPPDataFormField.m */,
				F60425CB1D211CCF0086822E /* XMPPDataFormOption.h */,
				F60425CC1D211CCF0086822E /* XMPPDataFormOption.m */,
			);
			name = "Data Forms";
			sourceTree = "<group>";
		};
		F63977EE1D1FCF3B00613FE8 /* Data Forms */ = {
			isa = PBXGroup;
			children = (
				F63977EF1D1FCF5800613FE8 /* XMPPDataFormTests.m */,
				F63977F81D210F9F00613FE8 /* XMPPDataFormFieldTests.m */,
				F60425D11D211DA80086822E /* XMPPDataFormOptionTests.m */,
			);
			name = "Data Forms";
			sourceTree = "<group>";
		};
		F6476A7A1BE40E3100B0DF82 = {
			isa = PBXGroup;
			children = (
				F6476A861BE40E3100B0DF82 /* CoreXMPP */,
				F6476A921BE40E3100B0DF82 /* CoreXMPPTests */,
				F6476A851BE40E3100B0DF82 /* Products */,
				C79B557DD41BAAB5736E0111 /* Frameworks */,
			);
			sourceTree = "<group>";
		};
		F6476A851BE40E3100B0DF82 /* Products */ = {
			isa = PBXGroup;
			children = (
				F6476A841BE40E3100B0DF82 /* CoreXMPP.framework */,
				F6476A8E1BE40E3100B0DF82 /* CoreXMPPiOSTests.xctest */,
				F6476AA31BE40E8B00B0DF82 /* CoreXMPP.framework */,
				F6476AAC1BE40E8B00B0DF82 /* CoreXMPPOSXTests.xctest */,
			);
			name = Products;
			sourceTree = "<group>";
		};
		F6476A861BE40E3100B0DF82 /* CoreXMPP */ = {
			isa = PBXGroup;
			children = (
				F6476A871BE40E3100B0DF82 /* CoreXMPP.h */,
				F619BDAE1C4CF2B900F87F50 /* XMPPJID.h */,
				F619BDAF1C4CF2B900F87F50 /* XMPPJID.m */,
				F6EA5A7A1C54484D00807550 /* XMPPError.h */,
				F6EA5A7B1C54484D00807550 /* XMPPError.m */,
				F6CD44591C5653DD0084757A /* Protocols */,
				F6DC3C501C45767C007C0F48 /* Account Manager */,
				F666F9751CEC6A6C00F9F458 /* Reconnect Strategy */,
				F68414141C4EA528009B37BE /* Dispatcher */,
				F6867C7C1C3D7E78009617B5 /* Client */,
				F6476ABE1BEA584700B0DF82 /* Stream */,
				F6867C6C1C3C2DB4009617B5 /* Stream Feature */,
				F63977E71D1FCEDF00613FE8 /* Data Forms */,
				F6A696FA1CF4956C00E0A0D2 /* Additions */,
				F6476ABC1BE411B900B0DF82 /* Supporting Files */,
			);
			path = CoreXMPP;
			sourceTree = "<group>";
		};
		F6476A921BE40E3100B0DF82 /* CoreXMPPTests */ = {
			isa = PBXGroup;
			children = (
				F619BDA71C4CE78100F87F50 /* XMPPTestCase.h */,
				F619BDA81C4CE78100F87F50 /* XMPPTestCase.m */,
				F619BDAB1C4CF28000F87F50 /* XMPPJIDTests.m */,
				F6A696C91CF449C700E0A0D2 /* XMPPConnectivityErrorTypeTests.m */,
				F68414131C4EA507009B37BE /* Account Manager */,
				F666F97C1CEC804500F9F458 /* Reconnect Strategy */,
				F68414241C4F8357009B37BE /* Dispatcher */,
				F68414121C4EA4FB009B37BE /* Client */,
				F68414111C4EA4F4009B37BE /* Stream */,
				F684140F1C4EA4DB009B37BE /* Stream Features */,
				F63977EE1D1FCF3B00613FE8 /* Data Forms */,
				F684140E1C4EA4D4009B37BE /* Stubs */,
				F6476ABD1BE411C100B0DF82 /* Supporting Files */,
			);
			path = CoreXMPPTests;
			sourceTree = "<group>";
		};
		F6476ABC1BE411B900B0DF82 /* Supporting Files */ = {
			isa = PBXGroup;
			children = (
				F6476A891BE40E3100B0DF82 /* Info.plist */,
			);
			name = "Supporting Files";
			sourceTree = "<group>";
		};
		F6476ABD1BE411C100B0DF82 /* Supporting Files */ = {
			isa = PBXGroup;
			children = (
				F6476A951BE40E3100B0DF82 /* Info.plist */,
			);
			name = "Supporting Files";
			sourceTree = "<group>";
		};
		F6476ABE1BEA584700B0DF82 /* Stream */ = {
			isa = PBXGroup;
			children = (
				F6476ABF1BEA586000B0DF82 /* XMPPStream.h */,
				F6476AC01BEA586000B0DF82 /* XMPPStream.m */,
				F6476AC51BEA61C700B0DF82 /* XMPPWebsocketStream.h */,
				F6476AC61BEA61C700B0DF82 /* XMPPWebsocketStream.m */,
			);
			name = Stream;
			sourceTree = "<group>";
		};
		F666F9751CEC6A6C00F9F458 /* Reconnect Strategy */ = {
			isa = PBXGroup;
			children = (
				F6A696D21CF4519A00E0A0D2 /* XMPPReconnectStrategy.h */,
				F6A696D51CF45FE800E0A0D2 /* XMPPImmediatelyReconnectStrategy.h */,
				F6A696D61CF45FE800E0A0D2 /* XMPPImmediatelyReconnectStrategy.m */,
				F6A696DB1CF460A700E0A0D2 /* XMPPTemporalReconnectStrategy.h */,
				F6A696DC1CF460A700E0A0D2 /* XMPPTemporalReconnectStrategy.m */,
				F6A696E11CF4623B00E0A0D2 /* XMPPNetworkReachabilityReconnectStrategy.h */,
				F6A696E21CF4623B00E0A0D2 /* XMPPNetworkReachabilityReconnectStrategy.m */,
			);
			name = "Reconnect Strategy";
			sourceTree = "<group>";
		};
		F666F97C1CEC804500F9F458 /* Reconnect Strategy */ = {
			isa = PBXGroup;
			children = (
				F6A696F31CF48FCA00E0A0D2 /* XMPPImmediatelyReconnectStrategyTests.m */,
				F6A696ED1CF4641700E0A0D2 /* XMPPTemporalReconnectStrategyTests.m */,
				F6A696F01CF4646C00E0A0D2 /* XMPPNetworkReachabilityReconnectStrategyTests.m */,
			);
			name = "Reconnect Strategy";
			sourceTree = "<group>";
		};
		F68413EA1C4D7FBE009B37BE /* iOS */ = {
			isa = PBXGroup;
			children = (
				F6F56B0E1C539CE900C34CC8 /* SystemConfiguration.framework */,
				F60703721CEB204300FBEE02 /* SASLKit.framework */,
				F68413E51C4D7FB8009B37BE /* PureXML.framework */,
				F68413E61C4D7FB8009B37BE /* SocketRocket.framework */,
				F68413E41C4D7FB8009B37BE /* CocoaLumberjack.framework */,
				F68413EB1C4D7FDA009B37BE /* OCHamcrest.framework */,
				F68413EC1C4D7FDA009B37BE /* OCMockito.framework */,
				F68413ED1C4D7FDA009B37BE /* OHHTTPStubs.framework */,
			);
			name = iOS;
			path = ../Carthage/Build/iOS;
			sourceTree = "<group>";
		};
		F684140E1C4EA4D4009B37BE /* Stubs */ = {
			isa = PBXGroup;
			children = (
				F676EF7F1CD7A754003047EC /* XMPPModuleStub.h */,
				F676EF801CD7A754003047EC /* XMPPModuleStub.m */,
				F684142C1C4F9F9D009B37BE /* XMPPConnectionStub.h */,
				F684142D1C4F9F9D009B37BE /* XMPPConnectionStub.m */,
				F6867C861C3E7CF1009617B5 /* XMPPStreamStub.h */,
				F6867C871C3E7CF1009617B5 /* XMPPStreamStub.m */,
				F6DC3C241C43C44D007C0F48 /* XMPPStreamFeatureStub.h */,
				F6DC3C251C43C44D007C0F48 /* XMPPStreamFeatureStub.m */,
				F6A696B11CF3332000E0A0D2 /* XMPPClientFactoryStub.h */,
				F6A696B21CF3332000E0A0D2 /* XMPPClientFactoryStub.m */,
			);
			name = Stubs;
			sourceTree = "<group>";
		};
		F684140F1C4EA4DB009B37BE /* Stream Features */ = {
			isa = PBXGroup;
			children = (
				F6867C791C3D0E45009617B5 /* XMPPStreamFeatureSASLTests.m */,
				F6DC3C2E1C440035007C0F48 /* XMPPStreamFeatureBindTests.m */,
				F6DC3C401C45326F007C0F48 /* XMPPStreamFeatureSessionTests.m */,
				F6CD44631C565FE80084757A /* XMPPStreamFeatureStreamManagementTests.m */,
				F6564EA41D1D5FDB0082CCD0 /* XMPPInBandRegistrationTests.m */,
			);
			name = "Stream Features";
			sourceTree = "<group>";
		};
		F68414111C4EA4F4009B37BE /* Stream */ = {
			isa = PBXGroup;
			children = (
				F6476ACB1BECB31A00B0DF82 /* XMPPWebsocketStreamTests.m */,
			);
			name = Stream;
			sourceTree = "<group>";
		};
		F68414121C4EA4FB009B37BE /* Client */ = {
			isa = PBXGroup;
			children = (
				F6867C831C3E76B3009617B5 /* XMPPClientTests.m */,
			);
			name = Client;
			sourceTree = "<group>";
		};
		F68414131C4EA507009B37BE /* Account Manager */ = {
			isa = PBXGroup;
			children = (
				F6A696BD1CF3488D00E0A0D2 /* XMPPAccountManagerTests.m */,
				F6A696C61CF4452C00E0A0D2 /* XMPPAccountConnectivityImplTests.m */,
			);
			name = "Account Manager";
			sourceTree = "<group>";
		};
		F68414141C4EA528009B37BE /* Dispatcher */ = {
			isa = PBXGroup;
			children = (
				F684141E1C4ED835009B37BE /* XMPPDispatcher.h */,
				F684141F1C4ED835009B37BE /* XMPPDispatcher.m */,
			);
			name = Dispatcher;
			sourceTree = "<group>";
		};
		F68414241C4F8357009B37BE /* Dispatcher */ = {
			isa = PBXGroup;
			children = (
				F68414251C4F837C009B37BE /* XMPPDispatcherTests.m */,
			);
			name = Dispatcher;
			sourceTree = "<group>";
		};
		F6867C6C1C3C2DB4009617B5 /* Stream Feature */ = {
			isa = PBXGroup;
			children = (
				F6867C6D1C3C2DDD009617B5 /* XMPPStreamFeature.h */,
				F6867C6E1C3C2DDD009617B5 /* XMPPStreamFeature.m */,
				F6867C731C3D0C27009617B5 /* XMPPStreamFeatureSASL.h */,
				F6867C741C3D0C27009617B5 /* XMPPStreamFeatureSASL.m */,
				F6DC3C281C43FC97007C0F48 /* XMPPStreamFeatureBind.h */,
				F6DC3C291C43FC97007C0F48 /* XMPPStreamFeatureBind.m */,
				F6DC3C3A1C45322C007C0F48 /* XMPPStreamFeatureSession.h */,
				F6DC3C3B1C45322C007C0F48 /* XMPPStreamFeatureSession.m */,
				F6CD44661C5661FE0084757A /* XMPPStreamFeatureStreamManagement.h */,
				F6CD44671C5661FE0084757A /* XMPPStreamFeatureStreamManagement.m */,
				F69076D11D22A6C300A765AA /* In-Band Registration */,
			);
			name = "Stream Feature";
			sourceTree = "<group>";
		};
		F6867C7C1C3D7E78009617B5 /* Client */ = {
			isa = PBXGroup;
			children = (
				F6867C7D1C3D7E8E009617B5 /* XMPPClient.h */,
				F6867C7E1C3D7E8E009617B5 /* XMPPClient.m */,
				F6CD446C1C56A5300084757A /* XMPPClientStreamManagement.h */,
			);
			name = Client;
			sourceTree = "<group>";
		};
		F69076D11D22A6C300A765AA /* In-Band Registration */ = {
			isa = PBXGroup;
			children = (
				F6564E9E1D1D5E810082CCD0 /* XMPPInBandRegistration.h */,
				F6564E9F1D1D5E810082CCD0 /* XMPPInBandRegistration.m */,
				F69076C51D2288E400A765AA /* XMPPQueryRegister.h */,
				F69076C61D2288E400A765AA /* XMPPQueryRegister.m */,
			);
			name = "In-Band Registration";
			sourceTree = "<group>";
		};
		F6A696FA1CF4956C00E0A0D2 /* Additions */ = {
			isa = PBXGroup;
			children = (
				F6A696CC1CF44A1600E0A0D2 /* NSError+ConnectivityErrorType.h */,
				F6A696CD1CF44A1600E0A0D2 /* NSError+ConnectivityErrorType.m */,
				F6A696E71CF462DC00E0A0D2 /* NSError+ConnectivityHostname.h */,
				F6A696E81CF462DC00E0A0D2 /* NSError+ConnectivityHostname.m */,
			);
			name = Additions;
			sourceTree = "<group>";
		};
		F6CD44591C5653DD0084757A /* Protocols */ = {
			isa = PBXGroup;
			children = (
				F6CD445A1C5653F70084757A /* XMPPDocumentHandler.h */,
				F6B470471C5815D100D414F2 /* XMPPConnection.h */,
				F69076CE1D229A5300A765AA /* XMPPRegistrationChallenge.h */,
			);
			name = Protocols;
			sourceTree = "<group>";
		};
		F6DC3C501C45767C007C0F48 /* Account Manager */ = {
			isa = PBXGroup;
			children = (
				F6A696B71CF33D5B00E0A0D2 /* XMPPAccountManager.h */,
				F6A696B81CF33D5B00E0A0D2 /* XMPPAccountManager.m */,
				F6A696C01CF4421A00E0A0D2 /* XMPPAccountConnectivityImpl.h */,
				F6A696C11CF4421A00E0A0D2 /* XMPPAccountConnectivityImpl.m */,
				F6A696AB1CF330E400E0A0D2 /* XMPPClientFactory.h */,
				F6A696AC1CF330E400E0A0D2 /* XMPPClientFactory.m */,
			);
			name = "Account Manager";
			sourceTree = "<group>";
		};
/* End PBXGroup section */

/* Begin PBXHeadersBuildPhase section */
		F6476A811BE40E3100B0DF82 /* Headers */ = {
			isa = PBXHeadersBuildPhase;
			buildActionMask = 2147483647;
			files = (
				F6A696DD1CF460A700E0A0D2 /* XMPPTemporalReconnectStrategy.h in Headers */,
				F6476A881BE40E3100B0DF82 /* CoreXMPP.h in Headers */,
				F6CD445B1C5653F70084757A /* XMPPDocumentHandler.h in Headers */,
				F6A696C21CF4421A00E0A0D2 /* XMPPAccountConnectivityImpl.h in Headers */,
				F6867C751C3D0C27009617B5 /* XMPPStreamFeatureSASL.h in Headers */,
				F6DC3C2A1C43FC97007C0F48 /* XMPPStreamFeatureBind.h in Headers */,
				F69076C71D2288E400A765AA /* XMPPQueryRegister.h in Headers */,
				F6564EA01D1D5E810082CCD0 /* XMPPInBandRegistration.h in Headers */,
				F6A696AD1CF330E400E0A0D2 /* XMPPClientFactory.h in Headers */,
				F6CD446D1C56A5300084757A /* XMPPClientStreamManagement.h in Headers */,
				F69076CF1D229A5300A765AA /* XMPPRegistrationChallenge.h in Headers */,
				F6DC3C3C1C45322C007C0F48 /* XMPPStreamFeatureSession.h in Headers */,
				F68414201C4ED835009B37BE /* XMPPDispatcher.h in Headers */,
				F6B470481C5815D100D414F2 /* XMPPConnection.h in Headers */,
				F619BDB01C4CF2B900F87F50 /* XMPPJID.h in Headers */,
				F6A696B91CF33D5B00E0A0D2 /* XMPPAccountManager.h in Headers */,
				F6EA5A7C1C54484D00807550 /* XMPPError.h in Headers */,
				F6A696E31CF4623B00E0A0D2 /* XMPPNetworkReachabilityReconnectStrategy.h in Headers */,
				F6CD44681C5661FE0084757A /* XMPPStreamFeatureStreamManagement.h in Headers */,
				F6476AC11BEA586000B0DF82 /* XMPPStream.h in Headers */,
				F6A696CE1CF44A1600E0A0D2 /* NSError+ConnectivityErrorType.h in Headers */,
				F6A696D71CF45FE800E0A0D2 /* XMPPImmediatelyReconnectStrategy.h in Headers */,
				F6A696E91CF462DC00E0A0D2 /* NSError+ConnectivityHostname.h in Headers */,
				F6867C6F1C3C2DDD009617B5 /* XMPPStreamFeature.h in Headers */,
				F6A696D31CF4519A00E0A0D2 /* XMPPReconnectStrategy.h in Headers */,
				F63977F41D210F7600613FE8 /* XMPPDataFormField.h in Headers */,
				F6867C7F1C3D7E8E009617B5 /* XMPPClient.h in Headers */,
				F60425CD1D211CCF0086822E /* XMPPDataFormOption.h in Headers */,
				F63977EA1D1FCF0300613FE8 /* XMPPDataForm.h in Headers */,
				F6476AC71BEA61C700B0DF82 /* XMPPWebsocketStream.h in Headers */,
			);
			runOnlyForDeploymentPostprocessing = 0;
		};
		F6476AA01BE40E8B00B0DF82 /* Headers */ = {
			isa = PBXHeadersBuildPhase;
			buildActionMask = 2147483647;
			files = (
				F6A696DE1CF460A700E0A0D2 /* XMPPTemporalReconnectStrategy.h in Headers */,
				F6476ABA1BE40EAF00B0DF82 /* CoreXMPP.h in Headers */,
				F6CD445C1C5653F70084757A /* XMPPDocumentHandler.h in Headers */,
				F6A696C31CF4421A00E0A0D2 /* XMPPAccountConnectivityImpl.h in Headers */,
				F6867C761C3D0C27009617B5 /* XMPPStreamFeatureSASL.h in Headers */,
				F6DC3C2B1C43FC97007C0F48 /* XMPPStreamFeatureBind.h in Headers */,
				F69076C81D2288E400A765AA /* XMPPQueryRegister.h in Headers */,
				F6564EA11D1D5E810082CCD0 /* XMPPInBandRegistration.h in Headers */,
				F6A696AE1CF330E400E0A0D2 /* XMPPClientFactory.h in Headers */,
				F6CD446E1C56A5300084757A /* XMPPClientStreamManagement.h in Headers */,
				F69076D01D229A5300A765AA /* XMPPRegistrationChallenge.h in Headers */,
				F6DC3C3D1C45322C007C0F48 /* XMPPStreamFeatureSession.h in Headers */,
				F68414211C4ED835009B37BE /* XMPPDispatcher.h in Headers */,
				F6B470491C5815D100D414F2 /* XMPPConnection.h in Headers */,
				F619BDB11C4CF2B900F87F50 /* XMPPJID.h in Headers */,
				F6A696BA1CF33D5B00E0A0D2 /* XMPPAccountManager.h in Headers */,
				F6EA5A7D1C54484D00807550 /* XMPPError.h in Headers */,
				F6A696E41CF4623B00E0A0D2 /* XMPPNetworkReachabilityReconnectStrategy.h in Headers */,
				F6CD44691C5661FE0084757A /* XMPPStreamFeatureStreamManagement.h in Headers */,
				F6476AC21BEA586000B0DF82 /* XMPPStream.h in Headers */,
				F6A696CF1CF44A1600E0A0D2 /* NSError+ConnectivityErrorType.h in Headers */,
				F6A696D81CF45FE800E0A0D2 /* XMPPImmediatelyReconnectStrategy.h in Headers */,
				F6A696EA1CF462DC00E0A0D2 /* NSError+ConnectivityHostname.h in Headers */,
				F6867C701C3C2DDD009617B5 /* XMPPStreamFeature.h in Headers */,
				F6A696D41CF4519A00E0A0D2 /* XMPPReconnectStrategy.h in Headers */,
				F63977F51D210F7600613FE8 /* XMPPDataFormField.h in Headers */,
				F6867C801C3D7E8E009617B5 /* XMPPClient.h in Headers */,
				F60425CE1D211CCF0086822E /* XMPPDataFormOption.h in Headers */,
				F63977EB1D1FCF0300613FE8 /* XMPPDataForm.h in Headers */,
				F6476AC81BEA61C700B0DF82 /* XMPPWebsocketStream.h in Headers */,
			);
			runOnlyForDeploymentPostprocessing = 0;
		};
/* End PBXHeadersBuildPhase section */

/* Begin PBXNativeTarget section */
		F6476A831BE40E3100B0DF82 /* CoreXMPPiOS */ = {
			isa = PBXNativeTarget;
			buildConfigurationList = F6476A981BE40E3100B0DF82 /* Build configuration list for PBXNativeTarget "CoreXMPPiOS" */;
			buildPhases = (
				F6476A7F1BE40E3100B0DF82 /* Sources */,
				F6476A801BE40E3100B0DF82 /* Frameworks */,
				F6476A811BE40E3100B0DF82 /* Headers */,
				F6476A821BE40E3100B0DF82 /* Resources */,
			);
			buildRules = (
			);
			dependencies = (
			);
			name = CoreXMPPiOS;
			productName = CoreXMPP;
			productReference = F6476A841BE40E3100B0DF82 /* CoreXMPP.framework */;
			productType = "com.apple.product-type.framework";
		};
		F6476A8D1BE40E3100B0DF82 /* CoreXMPPiOSTests */ = {
			isa = PBXNativeTarget;
			buildConfigurationList = F6476A9B1BE40E3100B0DF82 /* Build configuration list for PBXNativeTarget "CoreXMPPiOSTests" */;
			buildPhases = (
				F6476A8A1BE40E3100B0DF82 /* Sources */,
				F6476A8B1BE40E3100B0DF82 /* Frameworks */,
				F6476A8C1BE40E3100B0DF82 /* Resources */,
				F68413FE1C4D83E6009B37BE /* ShellScript */,
			);
			buildRules = (
			);
			dependencies = (
				F6476A911BE40E3100B0DF82 /* PBXTargetDependency */,
			);
			name = CoreXMPPiOSTests;
			productName = CoreXMPPTests;
			productReference = F6476A8E1BE40E3100B0DF82 /* CoreXMPPiOSTests.xctest */;
			productType = "com.apple.product-type.bundle.unit-test";
		};
		F6476AA21BE40E8B00B0DF82 /* CoreXMPPOSX */ = {
			isa = PBXNativeTarget;
			buildConfigurationList = F6476AB41BE40E8B00B0DF82 /* Build configuration list for PBXNativeTarget "CoreXMPPOSX" */;
			buildPhases = (
				F6476A9E1BE40E8B00B0DF82 /* Sources */,
				F6476A9F1BE40E8B00B0DF82 /* Frameworks */,
				F6476AA01BE40E8B00B0DF82 /* Headers */,
				F6476AA11BE40E8B00B0DF82 /* Resources */,
			);
			buildRules = (
			);
			dependencies = (
			);
			name = CoreXMPPOSX;
			productName = CoreXMPP;
			productReference = F6476AA31BE40E8B00B0DF82 /* CoreXMPP.framework */;
			productType = "com.apple.product-type.framework";
		};
		F6476AAB1BE40E8B00B0DF82 /* CoreXMPPOSXTests */ = {
			isa = PBXNativeTarget;
			buildConfigurationList = F6476AB71BE40E8B00B0DF82 /* Build configuration list for PBXNativeTarget "CoreXMPPOSXTests" */;
			buildPhases = (
				F6476AA81BE40E8B00B0DF82 /* Sources */,
				F6476AA91BE40E8B00B0DF82 /* Frameworks */,
				F6476AAA1BE40E8B00B0DF82 /* Resources */,
				F65946991C4D403D00951151 /* CopyFiles */,
			);
			buildRules = (
			);
			dependencies = (
				F6476AAF1BE40E8B00B0DF82 /* PBXTargetDependency */,
			);
			name = CoreXMPPOSXTests;
			productName = CoreXMPPTests;
			productReference = F6476AAC1BE40E8B00B0DF82 /* CoreXMPPOSXTests.xctest */;
			productType = "com.apple.product-type.bundle.unit-test";
		};
/* End PBXNativeTarget section */

/* Begin PBXProject section */
		F6476A7B1BE40E3100B0DF82 /* Project object */ = {
			isa = PBXProject;
			attributes = {
				LastUpgradeCheck = 0800;
				ORGANIZATIONNAME = "Tobias Kräntzer";
				TargetAttributes = {
					F6476A831BE40E3100B0DF82 = {
						CreatedOnToolsVersion = 7.1;
					};
					F6476A8D1BE40E3100B0DF82 = {
						CreatedOnToolsVersion = 7.1;
					};
					F6476AA21BE40E8B00B0DF82 = {
						CreatedOnToolsVersion = 7.1;
					};
					F6476AAB1BE40E8B00B0DF82 = {
						CreatedOnToolsVersion = 7.1;
					};
				};
			};
			buildConfigurationList = F6476A7E1BE40E3100B0DF82 /* Build configuration list for PBXProject "CoreXMPP" */;
			compatibilityVersion = "Xcode 3.2";
			developmentRegion = English;
			hasScannedForEncodings = 0;
			knownRegions = (
				en,
			);
			mainGroup = F6476A7A1BE40E3100B0DF82;
			productRefGroup = F6476A851BE40E3100B0DF82 /* Products */;
			projectDirPath = "";
			projectRoot = "";
			targets = (
				F6476A831BE40E3100B0DF82 /* CoreXMPPiOS */,
				F6476A8D1BE40E3100B0DF82 /* CoreXMPPiOSTests */,
				F6476AA21BE40E8B00B0DF82 /* CoreXMPPOSX */,
				F6476AAB1BE40E8B00B0DF82 /* CoreXMPPOSXTests */,
			);
		};
/* End PBXProject section */

/* Begin PBXResourcesBuildPhase section */
		F6476A821BE40E3100B0DF82 /* Resources */ = {
			isa = PBXResourcesBuildPhase;
			buildActionMask = 2147483647;
			files = (
			);
			runOnlyForDeploymentPostprocessing = 0;
		};
		F6476A8C1BE40E3100B0DF82 /* Resources */ = {
			isa = PBXResourcesBuildPhase;
			buildActionMask = 2147483647;
			files = (
			);
			runOnlyForDeploymentPostprocessing = 0;
		};
		F6476AA11BE40E8B00B0DF82 /* Resources */ = {
			isa = PBXResourcesBuildPhase;
			buildActionMask = 2147483647;
			files = (
			);
			runOnlyForDeploymentPostprocessing = 0;
		};
		F6476AAA1BE40E8B00B0DF82 /* Resources */ = {
			isa = PBXResourcesBuildPhase;
			buildActionMask = 2147483647;
			files = (
			);
			runOnlyForDeploymentPostprocessing = 0;
		};
/* End PBXResourcesBuildPhase section */

/* Begin PBXShellScriptBuildPhase section */
		F68413FE1C4D83E6009B37BE /* ShellScript */ = {
			isa = PBXShellScriptBuildPhase;
			buildActionMask = 2147483647;
			files = (
			);
			inputPaths = (
				"$(SRCROOT)/../Carthage/Build/iOS/PureXML.framework",
				"$(SRCROOT)/../Carthage/Build/iOS/SocketRocket.framework",
				"$(SRCROOT)/../Carthage/Build/iOS/CocoaLumberjack.framework",
				"$(SRCROOT)/../Carthage/Build/iOS/OCHamcrest.framework",
				"$(SRCROOT)/../Carthage/Build/iOS/OCMockito.framework",
				"$(SRCROOT)/../Carthage/Build/iOS/OHHTTPStubs.framework",
				"$(SRCROOT)/../Carthage/Build/iOS/SASLKit.framework",
			);
			outputPaths = (
			);
			runOnlyForDeploymentPostprocessing = 0;
			shellPath = /bin/sh;
			shellScript = "/usr/local/bin/carthage copy-frameworks";
		};
/* End PBXShellScriptBuildPhase section */

/* Begin PBXSourcesBuildPhase section */
		F6476A7F1BE40E3100B0DF82 /* Sources */ = {
			isa = PBXSourcesBuildPhase;
			buildActionMask = 2147483647;
			files = (
				F6867C771C3D0C27009617B5 /* XMPPStreamFeatureSASL.m in Sources */,
				F6A696DF1CF460A700E0A0D2 /* XMPPTemporalReconnectStrategy.m in Sources */,
				F6DC3C2C1C43FC97007C0F48 /* XMPPStreamFeatureBind.m in Sources */,
				F6A696AF1CF330E400E0A0D2 /* XMPPClientFactory.m in Sources */,
				F6867C811C3D7E8E009617B5 /* XMPPClient.m in Sources */,
				F60425CF1D211CCF0086822E /* XMPPDataFormOption.m in Sources */,
				F68414221C4ED835009B37BE /* XMPPDispatcher.m in Sources */,
				F6476AC91BEA61C700B0DF82 /* XMPPWebsocketStream.m in Sources */,
				F6476AC31BEA586000B0DF82 /* XMPPStream.m in Sources */,
				F63977EC1D1FCF0300613FE8 /* XMPPDataForm.m in Sources */,
				F63977F61D210F7600613FE8 /* XMPPDataFormField.m in Sources */,
				F6A696BB1CF33D5B00E0A0D2 /* XMPPAccountManager.m in Sources */,
				F6A696C41CF4421A00E0A0D2 /* XMPPAccountConnectivityImpl.m in Sources */,
				F6A696EB1CF462DC00E0A0D2 /* NSError+ConnectivityHostname.m in Sources */,
				F69076C91D2288E400A765AA /* XMPPQueryRegister.m in Sources */,
				F6564EA21D1D5E810082CCD0 /* XMPPInBandRegistration.m in Sources */,
				F6867C711C3C2DDD009617B5 /* XMPPStreamFeature.m in Sources */,
				F6A696E51CF4623B00E0A0D2 /* XMPPNetworkReachabilityReconnectStrategy.m in Sources */,
				F6CD446A1C5661FE0084757A /* XMPPStreamFeatureStreamManagement.m in Sources */,
				F619BDB21C4CF2B900F87F50 /* XMPPJID.m in Sources */,
				F6A696D91CF45FE800E0A0D2 /* XMPPImmediatelyReconnectStrategy.m in Sources */,
				F6DC3C3E1C45322C007C0F48 /* XMPPStreamFeatureSession.m in Sources */,
				F6A696D01CF44A1600E0A0D2 /* NSError+ConnectivityErrorType.m in Sources */,
				F6EA5A7E1C54484D00807550 /* XMPPError.m in Sources */,
			);
			runOnlyForDeploymentPostprocessing = 0;
		};
		F6476A8A1BE40E3100B0DF82 /* Sources */ = {
			isa = PBXSourcesBuildPhase;
			buildActionMask = 2147483647;
			files = (
				F6A696BE1CF3488D00E0A0D2 /* XMPPAccountManagerTests.m in Sources */,
				F6867C881C3E7CF1009617B5 /* XMPPStreamStub.m in Sources */,
				F684142E1C4F9F9D009B37BE /* XMPPConnectionStub.m in Sources */,
				F68414261C4F837C009B37BE /* XMPPDispatcherTests.m in Sources */,
				F6A696F91CF4943100E0A0D2 /* XMPPClientFactoryStub.m in Sources */,
				F6867C7A1C3D0E45009617B5 /* XMPPStreamFeatureSASLTests.m in Sources */,
				F63977F01D1FCF5800613FE8 /* XMPPDataFormTests.m in Sources */,
				F6A696F11CF4646C00E0A0D2 /* XMPPNetworkReachabilityReconnectStrategyTests.m in Sources */,
				F676EF841CD7A762003047EC /* XMPPModuleStub.m in Sources */,
				F6A696F41CF48FCA00E0A0D2 /* XMPPImmediatelyReconnectStrategyTests.m in Sources */,
				F6DC3C2F1C440035007C0F48 /* XMPPStreamFeatureBindTests.m in Sources */,
				F619BDA91C4CE78100F87F50 /* XMPPTestCase.m in Sources */,
				F6476ACC1BECB31A00B0DF82 /* XMPPWebsocketStreamTests.m in Sources */,
				F63977F91D210F9F00613FE8 /* XMPPDataFormFieldTests.m in Sources */,
				F6A696EE1CF4641700E0A0D2 /* XMPPTemporalReconnectStrategyTests.m in Sources */,
				F6DC3C261C43C44D007C0F48 /* XMPPStreamFeatureStub.m in Sources */,
				F6CD44641C565FE80084757A /* XMPPStreamFeatureStreamManagementTests.m in Sources */,
				F619BDAC1C4CF28000F87F50 /* XMPPJIDTests.m in Sources */,
				F6564EA71D1D63810082CCD0 /* XMPPInBandRegistrationTests.m in Sources */,
				F6DC3C411C45326F007C0F48 /* XMPPStreamFeatureSessionTests.m in Sources */,
				F6867C841C3E76B3009617B5 /* XMPPClientTests.m in Sources */,
				F6A696C71CF4452C00E0A0D2 /* XMPPAccountConnectivityImplTests.m in Sources */,
				F6A696CA1CF449C700E0A0D2 /* XMPPConnectivityErrorTypeTests.m in Sources */,
				F60425D21D211DA80086822E /* XMPPDataFormOptionTests.m in Sources */,
			);
			runOnlyForDeploymentPostprocessing = 0;
		};
		F6476A9E1BE40E8B00B0DF82 /* Sources */ = {
			isa = PBXSourcesBuildPhase;
			buildActionMask = 2147483647;
			files = (
				F6867C781C3D0C27009617B5 /* XMPPStreamFeatureSASL.m in Sources */,
				F6A696E01CF460A700E0A0D2 /* XMPPTemporalReconnectStrategy.m in Sources */,
				F6DC3C2D1C43FC97007C0F48 /* XMPPStreamFeatureBind.m in Sources */,
				F6A696B01CF330E400E0A0D2 /* XMPPClientFactory.m in Sources */,
				F6867C821C3D7E8E009617B5 /* XMPPClient.m in Sources */,
				F60425D01D211CCF0086822E /* XMPPDataFormOption.m in Sources */,
				F68414231C4ED835009B37BE /* XMPPDispatcher.m in Sources */,
				F6476ACA1BEA61C700B0DF82 /* XMPPWebsocketStream.m in Sources */,
				F6476AC41BEA586000B0DF82 /* XMPPStream.m in Sources */,
				F63977ED1D1FCF0300613FE8 /* XMPPDataForm.m in Sources */,
				F63977F71D210F7600613FE8 /* XMPPDataFormField.m in Sources */,
				F6A696BC1CF33D5B00E0A0D2 /* XMPPAccountManager.m in Sources */,
				F6A696C51CF4421A00E0A0D2 /* XMPPAccountConnectivityImpl.m in Sources */,
				F6A696EC1CF462DC00E0A0D2 /* NSError+ConnectivityHostname.m in Sources */,
				F69076CA1D2288E400A765AA /* XMPPQueryRegister.m in Sources */,
				F6564EA31D1D5E810082CCD0 /* XMPPInBandRegistration.m in Sources */,
				F6867C721C3C2DDD009617B5 /* XMPPStreamFeature.m in Sources */,
				F6A696E61CF4623B00E0A0D2 /* XMPPNetworkReachabilityReconnectStrategy.m in Sources */,
				F6CD446B1C5661FE0084757A /* XMPPStreamFeatureStreamManagement.m in Sources */,
				F619BDB31C4CF2B900F87F50 /* XMPPJID.m in Sources */,
				F6A696DA1CF45FE800E0A0D2 /* XMPPImmediatelyReconnectStrategy.m in Sources */,
				F6DC3C3F1C45322C007C0F48 /* XMPPStreamFeatureSession.m in Sources */,
				F6A696D11CF44A1600E0A0D2 /* NSError+ConnectivityErrorType.m in Sources */,
				F6EA5A7F1C54484D00807550 /* XMPPError.m in Sources */,
			);
			runOnlyForDeploymentPostprocessing = 0;
		};
		F6476AA81BE40E8B00B0DF82 /* Sources */ = {
			isa = PBXSourcesBuildPhase;
			buildActionMask = 2147483647;
			files = (
				F6A696BF1CF3488D00E0A0D2 /* XMPPAccountManagerTests.m in Sources */,
				F6867C891C3E7CF1009617B5 /* XMPPStreamStub.m in Sources */,
				F684142F1C4F9F9D009B37BE /* XMPPConnectionStub.m in Sources */,
				F68414271C4F837C009B37BE /* XMPPDispatcherTests.m in Sources */,
				F6A696F81CF4943000E0A0D2 /* XMPPClientFactoryStub.m in Sources */,
				F6867C7B1C3D0E45009617B5 /* XMPPStreamFeatureSASLTests.m in Sources */,
				F63977F11D1FCF5800613FE8 /* XMPPDataFormTests.m in Sources */,
				F6A696F21CF4646C00E0A0D2 /* XMPPNetworkReachabilityReconnectStrategyTests.m in Sources */,
				F676EF851CD7A763003047EC /* XMPPModuleStub.m in Sources */,
				F6A696F51CF48FCA00E0A0D2 /* XMPPImmediatelyReconnectStrategyTests.m in Sources */,
				F6DC3C301C440035007C0F48 /* XMPPStreamFeatureBindTests.m in Sources */,
				F619BDAA1C4CE78100F87F50 /* XMPPTestCase.m in Sources */,
				F6476ACD1BECB31A00B0DF82 /* XMPPWebsocketStreamTests.m in Sources */,
				F63977FA1D210F9F00613FE8 /* XMPPDataFormFieldTests.m in Sources */,
				F6A696EF1CF4641700E0A0D2 /* XMPPTemporalReconnectStrategyTests.m in Sources */,
				F6DC3C271C43C44E007C0F48 /* XMPPStreamFeatureStub.m in Sources */,
				F6CD44651C565FE80084757A /* XMPPStreamFeatureStreamManagementTests.m in Sources */,
				F619BDAD1C4CF28000F87F50 /* XMPPJIDTests.m in Sources */,
				F6564EA81D1D63810082CCD0 /* XMPPInBandRegistrationTests.m in Sources */,
				F6DC3C421C45326F007C0F48 /* XMPPStreamFeatureSessionTests.m in Sources */,
				F6867C851C3E76B3009617B5 /* XMPPClientTests.m in Sources */,
				F6A696C81CF4452C00E0A0D2 /* XMPPAccountConnectivityImplTests.m in Sources */,
				F6A696CB1CF449C700E0A0D2 /* XMPPConnectivityErrorTypeTests.m in Sources */,
				F60425D31D211DA80086822E /* XMPPDataFormOptionTests.m in Sources */,
			);
			runOnlyForDeploymentPostprocessing = 0;
		};
/* End PBXSourcesBuildPhase section */

/* Begin PBXTargetDependency section */
		F6476A911BE40E3100B0DF82 /* PBXTargetDependency */ = {
			isa = PBXTargetDependency;
			target = F6476A831BE40E3100B0DF82 /* CoreXMPPiOS */;
			targetProxy = F6476A901BE40E3100B0DF82 /* PBXContainerItemProxy */;
		};
		F6476AAF1BE40E8B00B0DF82 /* PBXTargetDependency */ = {
			isa = PBXTargetDependency;
			target = F6476AA21BE40E8B00B0DF82 /* CoreXMPPOSX */;
			targetProxy = F6476AAE1BE40E8B00B0DF82 /* PBXContainerItemProxy */;
		};
/* End PBXTargetDependency section */

/* Begin XCBuildConfiguration section */
		F6476A961BE40E3100B0DF82 /* Debug */ = {
			isa = XCBuildConfiguration;
			buildSettings = {
				ALWAYS_SEARCH_USER_PATHS = NO;
				CLANG_CXX_LANGUAGE_STANDARD = "gnu++0x";
				CLANG_CXX_LIBRARY = "libc++";
				CLANG_ENABLE_MODULES = YES;
				CLANG_ENABLE_OBJC_ARC = YES;
				CLANG_WARN_BOOL_CONVERSION = YES;
				CLANG_WARN_CONSTANT_CONVERSION = YES;
				CLANG_WARN_DIRECT_OBJC_ISA_USAGE = YES_ERROR;
				CLANG_WARN_EMPTY_BODY = YES;
				CLANG_WARN_ENUM_CONVERSION = YES;
				CLANG_WARN_INT_CONVERSION = YES;
				CLANG_WARN_OBJC_ROOT_CLASS = YES_ERROR;
				CLANG_WARN_UNREACHABLE_CODE = YES;
				CLANG_WARN__DUPLICATE_METHOD_MATCH = YES;
				"CODE_SIGN_IDENTITY[sdk=iphoneos*]" = "";
				COPY_PHASE_STRIP = NO;
				CURRENT_PROJECT_VERSION = 1;
				DEBUG_INFORMATION_FORMAT = dwarf;
				ENABLE_STRICT_OBJC_MSGSEND = YES;
				ENABLE_TESTABILITY = YES;
				FRAMEWORK_SEARCH_PATHS = "";
				GCC_C_LANGUAGE_STANDARD = gnu99;
				GCC_DYNAMIC_NO_PIC = NO;
				GCC_NO_COMMON_BLOCKS = YES;
				GCC_OPTIMIZATION_LEVEL = 0;
				GCC_PREPROCESSOR_DEFINITIONS = (
					"DEBUG=1",
					"$(inherited)",
				);
				GCC_WARN_64_TO_32_BIT_CONVERSION = YES;
				GCC_WARN_ABOUT_RETURN_TYPE = YES_ERROR;
				GCC_WARN_UNDECLARED_SELECTOR = YES;
				GCC_WARN_UNINITIALIZED_AUTOS = YES_AGGRESSIVE;
				GCC_WARN_UNUSED_FUNCTION = YES;
				GCC_WARN_UNUSED_VARIABLE = YES;
				HEADER_SEARCH_PATHS = "";
				IPHONEOS_DEPLOYMENT_TARGET = 8.0;
				MACOSX_DEPLOYMENT_TARGET = 10.10;
				MTL_ENABLE_DEBUG_INFO = YES;
				ONLY_ACTIVE_ARCH = YES;
				SDKROOT = iphoneos;
				TARGETED_DEVICE_FAMILY = "1,2";
				VERSIONING_SYSTEM = "apple-generic";
				VERSION_INFO_PREFIX = "";
			};
			name = Debug;
		};
		F6476A971BE40E3100B0DF82 /* Release */ = {
			isa = XCBuildConfiguration;
			buildSettings = {
				ALWAYS_SEARCH_USER_PATHS = NO;
				CLANG_CXX_LANGUAGE_STANDARD = "gnu++0x";
				CLANG_CXX_LIBRARY = "libc++";
				CLANG_ENABLE_MODULES = YES;
				CLANG_ENABLE_OBJC_ARC = YES;
				CLANG_WARN_BOOL_CONVERSION = YES;
				CLANG_WARN_CONSTANT_CONVERSION = YES;
				CLANG_WARN_DIRECT_OBJC_ISA_USAGE = YES_ERROR;
				CLANG_WARN_EMPTY_BODY = YES;
				CLANG_WARN_ENUM_CONVERSION = YES;
				CLANG_WARN_INT_CONVERSION = YES;
				CLANG_WARN_OBJC_ROOT_CLASS = YES_ERROR;
				CLANG_WARN_UNREACHABLE_CODE = YES;
				CLANG_WARN__DUPLICATE_METHOD_MATCH = YES;
				"CODE_SIGN_IDENTITY[sdk=iphoneos*]" = "";
				COPY_PHASE_STRIP = NO;
				CURRENT_PROJECT_VERSION = 1;
				DEBUG_INFORMATION_FORMAT = "dwarf-with-dsym";
				ENABLE_NS_ASSERTIONS = NO;
				ENABLE_STRICT_OBJC_MSGSEND = YES;
				FRAMEWORK_SEARCH_PATHS = "";
				GCC_C_LANGUAGE_STANDARD = gnu99;
				GCC_NO_COMMON_BLOCKS = YES;
				GCC_WARN_64_TO_32_BIT_CONVERSION = YES;
				GCC_WARN_ABOUT_RETURN_TYPE = YES_ERROR;
				GCC_WARN_UNDECLARED_SELECTOR = YES;
				GCC_WARN_UNINITIALIZED_AUTOS = YES_AGGRESSIVE;
				GCC_WARN_UNUSED_FUNCTION = YES;
				GCC_WARN_UNUSED_VARIABLE = YES;
				HEADER_SEARCH_PATHS = "";
				IPHONEOS_DEPLOYMENT_TARGET = 8.0;
				MACOSX_DEPLOYMENT_TARGET = 10.10;
				MTL_ENABLE_DEBUG_INFO = NO;
				SDKROOT = iphoneos;
				TARGETED_DEVICE_FAMILY = "1,2";
				VALIDATE_PRODUCT = YES;
				VERSIONING_SYSTEM = "apple-generic";
				VERSION_INFO_PREFIX = "";
			};
			name = Release;
		};
		F6476A991BE40E3100B0DF82 /* Debug */ = {
			isa = XCBuildConfiguration;
			buildSettings = {
				APPLICATION_EXTENSION_API_ONLY = YES;
				CODE_SIGN_IDENTITY = "iPhone Developer";
				DEFINES_MODULE = YES;
				DYLIB_COMPATIBILITY_VERSION = 1;
				DYLIB_CURRENT_VERSION = 1;
				DYLIB_INSTALL_NAME_BASE = "@rpath";
				FRAMEWORK_SEARCH_PATHS = "$(PROJECT_DIR)/../Carthage/Build/iOS/";
				HEADER_SEARCH_PATHS = "";
				INFOPLIST_FILE = CoreXMPP/Info.plist;
				INSTALL_PATH = "$(LOCAL_LIBRARY_DIR)/Frameworks";
				IPHONEOS_DEPLOYMENT_TARGET = 8.0;
				LD_RUNPATH_SEARCH_PATHS = "$(inherited) @executable_path/Frameworks @loader_path/Frameworks";
				PRODUCT_BUNDLE_IDENTIFIER = "de.tobias-kraentzer.CoreXMPP";
				PRODUCT_NAME = CoreXMPP;
				SKIP_INSTALL = YES;
			};
			name = Debug;
		};
		F6476A9A1BE40E3100B0DF82 /* Release */ = {
			isa = XCBuildConfiguration;
			buildSettings = {
				APPLICATION_EXTENSION_API_ONLY = YES;
				CODE_SIGN_IDENTITY = "iPhone Developer";
				DEFINES_MODULE = YES;
				DYLIB_COMPATIBILITY_VERSION = 1;
				DYLIB_CURRENT_VERSION = 1;
				DYLIB_INSTALL_NAME_BASE = "@rpath";
				FRAMEWORK_SEARCH_PATHS = "$(PROJECT_DIR)/../Carthage/Build/iOS/";
				HEADER_SEARCH_PATHS = "";
				INFOPLIST_FILE = CoreXMPP/Info.plist;
				INSTALL_PATH = "$(LOCAL_LIBRARY_DIR)/Frameworks";
				IPHONEOS_DEPLOYMENT_TARGET = 8.0;
				LD_RUNPATH_SEARCH_PATHS = "$(inherited) @executable_path/Frameworks @loader_path/Frameworks";
				PRODUCT_BUNDLE_IDENTIFIER = "de.tobias-kraentzer.CoreXMPP";
				PRODUCT_NAME = CoreXMPP;
				SKIP_INSTALL = YES;
			};
			name = Release;
		};
		F6476A9C1BE40E3100B0DF82 /* Debug */ = {
			isa = XCBuildConfiguration;
			buildSettings = {
				ALWAYS_EMBED_SWIFT_STANDARD_LIBRARIES = YES;
				FRAMEWORK_SEARCH_PATHS = "$(PROJECT_DIR)/../Carthage/Build/iOS/";
				INFOPLIST_FILE = CoreXMPPTests/Info.plist;
				LD_RUNPATH_SEARCH_PATHS = "$(inherited) @executable_path/Frameworks @loader_path/Frameworks";
				PRODUCT_BUNDLE_IDENTIFIER = "de.tobias-kraentzer.CoreXMPPTests";
				PRODUCT_NAME = "$(TARGET_NAME)";
			};
			name = Debug;
		};
		F6476A9D1BE40E3100B0DF82 /* Release */ = {
			isa = XCBuildConfiguration;
			buildSettings = {
				ALWAYS_EMBED_SWIFT_STANDARD_LIBRARIES = YES;
				FRAMEWORK_SEARCH_PATHS = "$(PROJECT_DIR)/../Carthage/Build/iOS/";
				INFOPLIST_FILE = CoreXMPPTests/Info.plist;
				LD_RUNPATH_SEARCH_PATHS = "$(inherited) @executable_path/Frameworks @loader_path/Frameworks";
				PRODUCT_BUNDLE_IDENTIFIER = "de.tobias-kraentzer.CoreXMPPTests";
				PRODUCT_NAME = "$(TARGET_NAME)";
			};
			name = Release;
		};
		F6476AB51BE40E8B00B0DF82 /* Debug */ = {
			isa = XCBuildConfiguration;
			buildSettings = {
				APPLICATION_EXTENSION_API_ONLY = YES;
				CODE_SIGN_IDENTITY = "-";
				COMBINE_HIDPI_IMAGES = YES;
				DEFINES_MODULE = YES;
				DYLIB_COMPATIBILITY_VERSION = 1;
				DYLIB_CURRENT_VERSION = 1;
				DYLIB_INSTALL_NAME_BASE = "@rpath";
				FRAMEWORK_SEARCH_PATHS = "$(PROJECT_DIR)/../Carthage/Build/Mac";
				FRAMEWORK_VERSION = A;
				INFOPLIST_FILE = CoreXMPP/Info.plist;
				INSTALL_PATH = "$(LOCAL_LIBRARY_DIR)/Frameworks";
				LD_RUNPATH_SEARCH_PATHS = "$(inherited) @executable_path/../Frameworks @loader_path/Frameworks";
				MACOSX_DEPLOYMENT_TARGET = 10.10;
				PRODUCT_BUNDLE_IDENTIFIER = "de.tobias-kraentzer.CoreXMPP";
				PRODUCT_NAME = CoreXMPP;
				SDKROOT = macosx;
				SKIP_INSTALL = YES;
			};
			name = Debug;
		};
		F6476AB61BE40E8B00B0DF82 /* Release */ = {
			isa = XCBuildConfiguration;
			buildSettings = {
				APPLICATION_EXTENSION_API_ONLY = YES;
				CODE_SIGN_IDENTITY = "-";
				COMBINE_HIDPI_IMAGES = YES;
				DEFINES_MODULE = YES;
				DYLIB_COMPATIBILITY_VERSION = 1;
				DYLIB_CURRENT_VERSION = 1;
				DYLIB_INSTALL_NAME_BASE = "@rpath";
				FRAMEWORK_SEARCH_PATHS = "$(PROJECT_DIR)/../Carthage/Build/Mac";
				FRAMEWORK_VERSION = A;
				INFOPLIST_FILE = CoreXMPP/Info.plist;
				INSTALL_PATH = "$(LOCAL_LIBRARY_DIR)/Frameworks";
				LD_RUNPATH_SEARCH_PATHS = "$(inherited) @executable_path/../Frameworks @loader_path/Frameworks";
				MACOSX_DEPLOYMENT_TARGET = 10.10;
				PRODUCT_BUNDLE_IDENTIFIER = "de.tobias-kraentzer.CoreXMPP";
				PRODUCT_NAME = CoreXMPP;
				SDKROOT = macosx;
				SKIP_INSTALL = YES;
			};
			name = Release;
		};
		F6476AB81BE40E8B00B0DF82 /* Debug */ = {
			isa = XCBuildConfiguration;
			buildSettings = {
				ALWAYS_EMBED_SWIFT_STANDARD_LIBRARIES = YES;
				COMBINE_HIDPI_IMAGES = YES;
				FRAMEWORK_SEARCH_PATHS = "$(PROJECT_DIR)/../Carthage/Build/Mac";
				INFOPLIST_FILE = CoreXMPPTests/Info.plist;
				LD_RUNPATH_SEARCH_PATHS = "$(inherited) @executable_path/../Frameworks @loader_path/../Frameworks";
				MACOSX_DEPLOYMENT_TARGET = 10.11;
				PRODUCT_BUNDLE_IDENTIFIER = "de.tobias-kraentzer.CoreXMPPTests";
				PRODUCT_NAME = "$(TARGET_NAME)";
				SDKROOT = macosx;
			};
			name = Debug;
		};
		F6476AB91BE40E8B00B0DF82 /* Release */ = {
			isa = XCBuildConfiguration;
			buildSettings = {
				ALWAYS_EMBED_SWIFT_STANDARD_LIBRARIES = YES;
				COMBINE_HIDPI_IMAGES = YES;
				FRAMEWORK_SEARCH_PATHS = "$(PROJECT_DIR)/../Carthage/Build/Mac";
				INFOPLIST_FILE = CoreXMPPTests/Info.plist;
				LD_RUNPATH_SEARCH_PATHS = "$(inherited) @executable_path/../Frameworks @loader_path/../Frameworks";
				MACOSX_DEPLOYMENT_TARGET = 10.11;
				PRODUCT_BUNDLE_IDENTIFIER = "de.tobias-kraentzer.CoreXMPPTests";
				PRODUCT_NAME = "$(TARGET_NAME)";
				SDKROOT = macosx;
			};
			name = Release;
		};
/* End XCBuildConfiguration section */

/* Begin XCConfigurationList section */
		F6476A7E1BE40E3100B0DF82 /* Build configuration list for PBXProject "CoreXMPP" */ = {
			isa = XCConfigurationList;
			buildConfigurations = (
				F6476A961BE40E3100B0DF82 /* Debug */,
				F6476A971BE40E3100B0DF82 /* Release */,
			);
			defaultConfigurationIsVisible = 0;
			defaultConfigurationName = Release;
		};
		F6476A981BE40E3100B0DF82 /* Build configuration list for PBXNativeTarget "CoreXMPPiOS" */ = {
			isa = XCConfigurationList;
			buildConfigurations = (
				F6476A991BE40E3100B0DF82 /* Debug */,
				F6476A9A1BE40E3100B0DF82 /* Release */,
			);
			defaultConfigurationIsVisible = 0;
			defaultConfigurationName = Release;
		};
		F6476A9B1BE40E3100B0DF82 /* Build configuration list for PBXNativeTarget "CoreXMPPiOSTests" */ = {
			isa = XCConfigurationList;
			buildConfigurations = (
				F6476A9C1BE40E3100B0DF82 /* Debug */,
				F6476A9D1BE40E3100B0DF82 /* Release */,
			);
			defaultConfigurationIsVisible = 0;
			defaultConfigurationName = Release;
		};
		F6476AB41BE40E8B00B0DF82 /* Build configuration list for PBXNativeTarget "CoreXMPPOSX" */ = {
			isa = XCConfigurationList;
			buildConfigurations = (
				F6476AB51BE40E8B00B0DF82 /* Debug */,
				F6476AB61BE40E8B00B0DF82 /* Release */,
			);
			defaultConfigurationIsVisible = 0;
			defaultConfigurationName = Release;
		};
		F6476AB71BE40E8B00B0DF82 /* Build configuration list for PBXNativeTarget "CoreXMPPOSXTests" */ = {
			isa = XCConfigurationList;
			buildConfigurations = (
				F6476AB81BE40E8B00B0DF82 /* Debug */,
				F6476AB91BE40E8B00B0DF82 /* Release */,
			);
			defaultConfigurationIsVisible = 0;
			defaultConfigurationName = Release;
		};
/* End XCConfigurationList section */
	};
	rootObject = F6476A7B1BE40E3100B0DF82 /* Project object */;
}
