%{"bbmustache": {:hex, :bbmustache, "1.0.3", "0fa96a57e0c7b53a5429d6d0be2c56699210dee97e63bc1c956726d99e7ea533", [:rebar], []},
  "cache_tab": {:hex, :cache_tab, "1.0.4", "3fd2b1ab40c36e7830a4e09e836c6b0fa89191cd4e5fd471873e4eb42f5cd37c", [:rebar3], [{:p1_utils, "1.0.5", [hex: :p1_utils, optional: false]}]},
  "conform": {:hex, :conform, "0.17.0", "e3610a337b7c44beb829f176cbb0795f78fe53a0183a524a04e0ebe0f76f9113", [:mix], [{:neotoma, "~> 1.7.3", [hex: :neotoma, optional: false]}]},
  "ejabberd": {:git, "https://github.com/processone/ejabberd.git", "405a0a21c1f2a7b7198c75faa207897d3666c90c", [tag: "16.09"]},
  "eredis": {:hex, :eredis, "1.0.8", "ab4fda1c4ba7fbe6c19c26c249dc13da916d762502c4b4fa2df401a8d51c5364", [:rebar], []},
  "erlware_commons": {:hex, :erlware_commons, "0.15.0", "99a7aa84b5fdf423c0f2c7907a8443288f991b676cf22abac6f9b5a526ccc189", [:rebar], []},
  "esip": {:hex, :esip, "1.0.8", "69885a6c07964aabc6c077fe1372aa810a848bd3d9a415b160dabdce9c7a79b5", [:rebar3], [{:fast_tls, "1.0.7", [hex: :fast_tls, optional: false]}, {:p1_utils, "1.0.5", [hex: :p1_utils, optional: false]}, {:stun, "1.0.7", [hex: :stun, optional: false]}]},
  "exrm": {:hex, :exrm, "0.19.9", "ff7b49bb7db816ca6e4616f1f81251f31b46f9cb72f306da52a77a5bbf88c03a", [:mix], [{:conform, "~> 0.17", [hex: :conform, optional: false]}, {:relx, "~> 3.5.0", [hex: :relx, optional: false]}]},
  "ezlib": {:hex, :ezlib, "1.0.1", "add8b2770a1a70c174aaea082b4a8668c0c7fdb03ee6cc81c6c68d3a6c3d767d", [:rebar3], []},
  "fast_tls": {:hex, :fast_tls, "1.0.7", "9b72ecfcdcad195ab072c196fab8334f49d8fea76bf1a51f536d69e7527d902a", [:rebar3], [{:p1_utils, "1.0.5", [hex: :p1_utils, optional: false]}]},
  "fast_xml": {:hex, :fast_xml, "1.1.15", "6d23eb7f874e1357cf80a48d75a7bd0c8f6318029dc4b70122e9f54911f57f83", [:rebar3], [{:p1_utils, "1.0.5", [hex: :p1_utils, optional: false]}]},
  "fast_yaml": {:hex, :fast_yaml, "1.0.6", "3fe6feb7935ae8028b337e53e1db29e73ad3bca8041108f6a8f73b7175ece75c", [:rebar3], [{:p1_utils, "1.0.5", [hex: :p1_utils, optional: false]}]},
  "getopt": {:hex, :getopt, "0.8.2", "b17556db683000ba50370b16c0619df1337e7af7ecbf7d64fbf8d1d6bce3109b", [:rebar], []},
  "goldrush": {:hex, :goldrush, "0.1.8", "2024ba375ceea47e27ea70e14d2c483b2d8610101b4e852ef7f89163cdb6e649", [:rebar3], []},
  "iconv": {:hex, :iconv, "1.0.2", "a0792f06ab4b5ea1b5bb49789405739f1281a91c44cf3879cb70e4d777666217", [:rebar3], [{:p1_utils, "1.0.5", [hex: :p1_utils, optional: false]}]},
  "jiffy": {:hex, :jiffy, "0.14.7", "9f33b893edd6041ceae03bc1e50b412e858cc80b46f3d7535a7a9940a79a1c37", [:rebar, :make], []},
  "lager": {:hex, :lager, "3.2.1", "eef4e18b39e4195d37606d9088ea05bf1b745986cf8ec84f01d332456fe88d17", [:rebar3], [{:goldrush, "0.1.8", [hex: :goldrush, optional: false]}]},
  "neotoma": {:hex, :neotoma, "1.7.3", "d8bd5404b73273989946e4f4f6d529e5c2088f5fa1ca790b4dbe81f4be408e61", [:rebar], []},
  "oauth2": {:git, "https://github.com/prefiks/oauth2.git", "e6da9912e5d8f658e7e868f41a102d085bdbef59", []},
  "p1_cache_tab": {:git, "https://github.com/processone/cache_tab", "f7ea12b0ba962a3d2f9a406d2954cf7de4e27230", []},
  "p1_iconv": {:git, "https://github.com/processone/eiconv", "8b7542b1aaf0a851f335e464956956985af6d9a2", []},
  "p1_logger": {:git, "https://github.com/processone/p1_logger", "3e19507fd5606a73694917158767ecb3f5704e3f", []},
  "p1_mysql": {:hex, :p1_mysql, "1.0.1", "d2be1cfc71bb4f1391090b62b74c3f5cb8e7a45b0076b8cb290cd6b2856c581b", [:rebar3], []},
  "p1_oauth2": {:hex, :p1_oauth2, "0.6.1", "4e021250cc198c538b097393671a41e7cebf463c248980320e038fe0316eb56b", [:rebar3], []},
  "p1_pgsql": {:hex, :p1_pgsql, "1.1.0", "ca525c42878eac095e5feb19563acc9915c845648f48fdec7ba6266c625d4ac7", [:rebar3], []},
  "p1_stringprep": {:git, "https://github.com/processone/stringprep", "3c640237a3a7831dc39de6a6d329d3a9af25c579", []},
  "p1_stun": {:git, "https://github.com/processone/stun", "061bdae484268cbf0457ad4797e74b8516df3ad1", []},
  "p1_tls": {:git, "https://github.com/processone/tls", "e56321afd974e9da33da913cd31beebc8e73e75f", []},
  "p1_utils": {:hex, :p1_utils, "1.0.5", "3e698354fdc1fea5491d991457b0cb986c0a00a47d224feb841dc3ec82b9f721", [:rebar3], []},
  "p1_xml": {:git, "https://github.com/processone/xml", "1c8b016b0ac7986efb823baf1682a43565449e65", []},
  "p1_yaml": {:git, "https://github.com/processone/p1_yaml", "79f756ba73a235c4d3836ec07b5f7f2b55f49638", []},
  "p1_zlib": {:git, "https://github.com/processone/zlib", "e3d4222b7aae616d7ef2e7e2fa0bbf451516c602", []},
  "providers": {:hex, :providers, "1.4.1", "e74176b29d4771544410af5022fe1306b100d0f57c9e0f3656bcff5962f87cd2", [:rebar], [{:getopt, "0.8.2", [hex: :getopt, optional: false]}]},
  "relx": {:hex, :relx, "3.5.0", "4f7461b8de9c000fd2fcc2f805b4454f50b6fb96339c506e26dc12f5a77c090f", [:rebar], [{:bbmustache, "1.0.3", [hex: :bbmustache, optional: false]}, {:erlware_commons, "0.15.0", [hex: :erlware_commons, optional: false]}, {:getopt, "0.8.2", [hex: :getopt, optional: false]}, {:providers, "1.4.1", [hex: :providers, optional: false]}]},
  "sqlite3": {:hex, :sqlite3, "1.1.5", "794738b6d07b6d36ec6d42492cb9d629bad9cf3761617b8b8d728e765db19840", [:rebar3], []},
  "stringprep": {:hex, :stringprep, "1.0.6", "1cf1c439eb038aa590da5456e019f86afbfbfeb5a2d37b6e5f873041624c6701", [:rebar3], [{:p1_utils, "1.0.5", [hex: :p1_utils, optional: false]}]},
  "stun": {:hex, :stun, "1.0.7", "904dc6f26a3c30c54881c4c3003699f2a4968067ee6b3aecdf9895aad02df75e", [:rebar3], [{:fast_tls, "1.0.7", [hex: :fast_tls, optional: false]}, {:p1_utils, "1.0.5", [hex: :p1_utils, optional: false]}]},
  "xmlrpc": {:git, "https://github.com/rds13/xmlrpc.git", "42e6e96a0fe7106830274feed915125feb1056f3", []}}
